// !$*UTF8*$!
{
	archiveVersion = 1;
	classes = {
	};
	objectVersion = 46;
	objects = {

/* Begin PBXBuildFile section */
		B3071BA7159DEC9700E70E3C /* NSData+Conversion.m in Sources */ = {isa = PBXBuildFile; fileRef = B3071BA6159DEC9700E70E3C /* NSData+Conversion.m */; };
		B314F9E7156E54410066DDBB /* ICMAggregatorEngine.mm in Sources */ = {isa = PBXBuildFile; fileRef = B314F9E6156E54410066DDBB /* ICMAggregatorEngine.mm */; };
		B314F9EB156E5A680066DDBB /* messages.pb.cc in Sources */ = {isa = PBXBuildFile; fileRef = B314F9E9156E5A680066DDBB /* messages.pb.cc */; };
		B314F9F3156E5F680066DDBB /* Base64Transcoder.c in Sources */ = {isa = PBXBuildFile; fileRef = B314F9ED156E5F680066DDBB /* Base64Transcoder.c */; };
		B314F9F4156E5F680066DDBB /* hmac.c in Sources */ = {isa = PBXBuildFile; fileRef = B314F9EF156E5F680066DDBB /* hmac.c */; };
		B314F9F5156E5F680066DDBB /* sha1.c in Sources */ = {isa = PBXBuildFile; fileRef = B314F9F1156E5F680066DDBB /* sha1.c */; };
		B314FA12156E73770066DDBB /* NSData+Base64.m in Sources */ = {isa = PBXBuildFile; fileRef = B314FA00156E73770066DDBB /* NSData+Base64.m */; };
		B314FA13156E73770066DDBB /* NSDate+RFC1123.m in Sources */ = {isa = PBXBuildFile; fileRef = B314FA02156E73770066DDBB /* NSDate+RFC1123.m */; };
		B314FA14156E73770066DDBB /* NSDictionary+RequestEncoding.m in Sources */ = {isa = PBXBuildFile; fileRef = B314FA04156E73770066DDBB /* NSDictionary+RequestEncoding.m */; };
		B314FA15156E73770066DDBB /* NSString+MKNetworkKitAdditions.m in Sources */ = {isa = PBXBuildFile; fileRef = B314FA06156E73770066DDBB /* NSString+MKNetworkKitAdditions.m */; };
		B314FA16156E73770066DDBB /* UIAlertView+MKNetworkKitAdditions.m in Sources */ = {isa = PBXBuildFile; fileRef = B314FA08156E73770066DDBB /* UIAlertView+MKNetworkKitAdditions.m */; };
		B314FA17156E73770066DDBB /* MKNetworkEngine.m in Sources */ = {isa = PBXBuildFile; fileRef = B314FA0A156E73770066DDBB /* MKNetworkEngine.m */; };
		B314FA18156E73770066DDBB /* MKNetworkOperation.m in Sources */ = {isa = PBXBuildFile; fileRef = B314FA0D156E73770066DDBB /* MKNetworkOperation.m */; };
		B314FA19156E73770066DDBB /* Reachability.m in Sources */ = {isa = PBXBuildFile; fileRef = B314FA10156E73770066DDBB /* Reachability.m */; };
		B314FA1B156E750E0066DDBB /* CFNetwork.framework in Frameworks */ = {isa = PBXBuildFile; fileRef = B314FA1A156E750D0066DDBB /* CFNetwork.framework */; };
		B314FA1D156E751D0066DDBB /* SystemConfiguration.framework in Frameworks */ = {isa = PBXBuildFile; fileRef = B314FA1C156E751D0066DDBB /* SystemConfiguration.framework */; };
		B314FA1F156E75290066DDBB /* Security.framework in Frameworks */ = {isa = PBXBuildFile; fileRef = B314FA1E156E75280066DDBB /* Security.framework */; };
		B319A32D15DB526700C3B927 /* ICMRootViewController.m in Sources */ = {isa = PBXBuildFile; fileRef = B319A32C15DB526700C3B927 /* ICMRootViewController.m */; };
		B32211BA15898C4E0054A059 /* descriptor.cc in Sources */ = {isa = PBXBuildFile; fileRef = B322117815898C4E0054A059 /* descriptor.cc */; };
		B32211BB15898C4E0054A059 /* descriptor.pb.cc in Sources */ = {isa = PBXBuildFile; fileRef = B322117A15898C4E0054A059 /* descriptor.pb.cc */; };
		B32211BC15898C4E0054A059 /* descriptor.proto in Resources */ = {isa = PBXBuildFile; fileRef = B322117C15898C4E0054A059 /* descriptor.proto */; };
		B32211BD15898C4E0054A059 /* descriptor_database.cc in Sources */ = {isa = PBXBuildFile; fileRef = B322117D15898C4E0054A059 /* descriptor_database.cc */; };
		B32211BE15898C4E0054A059 /* dynamic_message.cc in Sources */ = {isa = PBXBuildFile; fileRef = B322117F15898C4E0054A059 /* dynamic_message.cc */; };
		B32211BF15898C4E0054A059 /* extension_set.cc in Sources */ = {isa = PBXBuildFile; fileRef = B322118115898C4E0054A059 /* extension_set.cc */; };
		B32211C015898C4E0054A059 /* extension_set_heavy.cc in Sources */ = {isa = PBXBuildFile; fileRef = B322118315898C4E0054A059 /* extension_set_heavy.cc */; };
		B32211C115898C4E0054A059 /* generated_message_reflection.cc in Sources */ = {isa = PBXBuildFile; fileRef = B322118415898C4E0054A059 /* generated_message_reflection.cc */; };
		B32211C215898C4E0054A059 /* generated_message_util.cc in Sources */ = {isa = PBXBuildFile; fileRef = B322118615898C4E0054A059 /* generated_message_util.cc */; };
		B32211C315898C4E0054A059 /* coded_stream.cc in Sources */ = {isa = PBXBuildFile; fileRef = B322118915898C4E0054A059 /* coded_stream.cc */; };
		B32211C415898C4E0054A059 /* gzip_stream.cc in Sources */ = {isa = PBXBuildFile; fileRef = B322118C15898C4E0054A059 /* gzip_stream.cc */; };
		B32211C515898C4E0054A059 /* printer.cc in Sources */ = {isa = PBXBuildFile; fileRef = B322118F15898C4E0054A059 /* printer.cc */; };
		B32211C615898C4E0054A059 /* tokenizer.cc in Sources */ = {isa = PBXBuildFile; fileRef = B322119115898C4E0054A059 /* tokenizer.cc */; };
		B32211C715898C4E0054A059 /* zero_copy_stream.cc in Sources */ = {isa = PBXBuildFile; fileRef = B322119315898C4E0054A059 /* zero_copy_stream.cc */; };
		B32211C815898C4E0054A059 /* zero_copy_stream_impl.cc in Sources */ = {isa = PBXBuildFile; fileRef = B322119515898C4E0054A059 /* zero_copy_stream_impl.cc */; };
		B32211C915898C4E0054A059 /* zero_copy_stream_impl_lite.cc in Sources */ = {isa = PBXBuildFile; fileRef = B322119715898C4E0054A059 /* zero_copy_stream_impl_lite.cc */; };
		B32211CA15898C4E0054A059 /* message.cc in Sources */ = {isa = PBXBuildFile; fileRef = B322119915898C4E0054A059 /* message.cc */; };
		B32211CB15898C4E0054A059 /* message_lite.cc in Sources */ = {isa = PBXBuildFile; fileRef = B322119B15898C4E0054A059 /* message_lite.cc */; };
		B32211CC15898C4E0054A059 /* reflection_ops.cc in Sources */ = {isa = PBXBuildFile; fileRef = B322119E15898C4E0054A059 /* reflection_ops.cc */; };
		B32211CD15898C4E0054A059 /* repeated_field.cc in Sources */ = {isa = PBXBuildFile; fileRef = B32211A015898C4E0054A059 /* repeated_field.cc */; };
		B32211CE15898C4E0054A059 /* service.cc in Sources */ = {isa = PBXBuildFile; fileRef = B32211A215898C4E0054A059 /* service.cc */; };
		B32211CF15898C4E0054A059 /* common.cc in Sources */ = {isa = PBXBuildFile; fileRef = B32211A515898C4E0054A059 /* common.cc */; };
		B32211D015898C4E0054A059 /* once.cc in Sources */ = {isa = PBXBuildFile; fileRef = B32211A915898C4E0054A059 /* once.cc */; };
		B32211D115898C4E0054A059 /* structurally_valid.cc in Sources */ = {isa = PBXBuildFile; fileRef = B32211AC15898C4E0054A059 /* structurally_valid.cc */; };
		B32211D215898C4E0054A059 /* strutil.cc in Sources */ = {isa = PBXBuildFile; fileRef = B32211AD15898C4E0054A059 /* strutil.cc */; };
		B32211D315898C4E0054A059 /* substitute.cc in Sources */ = {isa = PBXBuildFile; fileRef = B32211AF15898C4E0054A059 /* substitute.cc */; };
		B32211D415898C4E0054A059 /* text_format.cc in Sources */ = {isa = PBXBuildFile; fileRef = B32211B115898C4E0054A059 /* text_format.cc */; };
		B32211D515898C4E0054A059 /* unknown_field_set.cc in Sources */ = {isa = PBXBuildFile; fileRef = B32211B315898C4E0054A059 /* unknown_field_set.cc */; };
		B32211D615898C4E0054A059 /* wire_format.cc in Sources */ = {isa = PBXBuildFile; fileRef = B32211B515898C4E0054A059 /* wire_format.cc */; };
		B32211D715898C4E0054A059 /* wire_format_lite.cc in Sources */ = {isa = PBXBuildFile; fileRef = B32211B715898C4E0054A059 /* wire_format_lite.cc */; };
		B32211DD15898E980054A059 /* libz.dylib in Frameworks */ = {isa = PBXBuildFile; fileRef = B32211DC15898E980054A059 /* libz.dylib */; };
		B3240773157CB99A0080CFF0 /* SecKeyWrapper.m in Sources */ = {isa = PBXBuildFile; fileRef = B3240772157CB99A0080CFF0 /* SecKeyWrapper.m */; settings = {COMPILER_FLAGS = "-fno-objc-arc"; }; };
		B33DFD561579DB89005CF9EE /* ICMAnnotation.m in Sources */ = {isa = PBXBuildFile; fileRef = B33DFD551579DB89005CF9EE /* ICMAnnotation.m */; };
		B3457410158C7CB000D70E6B /* ICMUpdater.m in Sources */ = {isa = PBXBuildFile; fileRef = B345740F158C7CB000D70E6B /* ICMUpdater.m */; };
		B35C4886157F418300F5045C /* Crypto.m in Sources */ = {isa = PBXBuildFile; fileRef = B35C4883157F418300F5045C /* Crypto.m */; settings = {COMPILER_FLAGS = "-fno-objc-arc"; }; };
		B35C488D157F421D00F5045C /* Exception.m in Sources */ = {isa = PBXBuildFile; fileRef = B35C488A157F421D00F5045C /* Exception.m */; settings = {COMPILER_FLAGS = "-fno-objc-arc"; }; };
		B35C488E157F421D00F5045C /* Global.m in Sources */ = {isa = PBXBuildFile; fileRef = B35C488C157F421D00F5045C /* Global.m */; settings = {COMPILER_FLAGS = "-fno-objc-arc"; }; };
		B35C4891157F456400F5045C /* privateKey.pem in Resources */ = {isa = PBXBuildFile; fileRef = B35C488F157F456400F5045C /* privateKey.pem */; };
		B35C4892157F456400F5045C /* publicKey.pem in Resources */ = {isa = PBXBuildFile; fileRef = B35C4890157F456400F5045C /* publicKey.pem */; };
		B3718EC51572424B00E6B2AE /* ICMServiceTableViewController.m in Sources */ = {isa = PBXBuildFile; fileRef = B3718EC41572424B00E6B2AE /* ICMServiceTableViewController.m */; };
		B3718ECD157258E200E6B2AE /* GCDAsyncSocket.m in Sources */ = {isa = PBXBuildFile; fileRef = B3718ECA157258E200E6B2AE /* GCDAsyncSocket.m */; };
		B3718ECE157258E200E6B2AE /* GCDAsyncUdpSocket.m in Sources */ = {isa = PBXBuildFile; fileRef = B3718ECC157258E200E6B2AE /* GCDAsyncUdpSocket.m */; };
		B37BEAD315C6A98B00729133 /* WebsiteSuggestionViewController.m in Sources */ = {isa = PBXBuildFile; fileRef = B37BEAD215C6A98B00729133 /* WebsiteSuggestionViewController.m */; };
		B37BEAD715C6AD2A00729133 /* ServiceSuggestionViewController.m in Sources */ = {isa = PBXBuildFile; fileRef = B37BEAD615C6AD2A00729133 /* ServiceSuggestionViewController.m */; };
		B381E6FA157121C10034BD46 /* pinhead-green.png in Resources */ = {isa = PBXBuildFile; fileRef = B381E6F6157121C10034BD46 /* pinhead-green.png */; };
		B381E6FB157121C10034BD46 /* pinhead-green@2x.png in Resources */ = {isa = PBXBuildFile; fileRef = B381E6F7157121C10034BD46 /* pinhead-green@2x.png */; };
		B381E6FC157121C10034BD46 /* pinhead-red.png in Resources */ = {isa = PBXBuildFile; fileRef = B381E6F8157121C10034BD46 /* pinhead-red.png */; };
		B381E6FD157121C10034BD46 /* pinhead-red@2x.png in Resources */ = {isa = PBXBuildFile; fileRef = B381E6F9157121C10034BD46 /* pinhead-red@2x.png */; };
		B3902D0D15DA887400EB1D83 /* Settings.bundle in Resources */ = {isa = PBXBuildFile; fileRef = B3902D0C15DA887400EB1D83 /* Settings.bundle */; };
		B391B2F515DA908E009D71A7 /* Icon@2x.png in Resources */ = {isa = PBXBuildFile; fileRef = B391B2F415DA908E009D71A7 /* Icon@2x.png */; };
		B391B2F715DA90A2009D71A7 /* Icon.png in Resources */ = {isa = PBXBuildFile; fileRef = B391B2F615DA90A1009D71A7 /* Icon.png */; };
		B391B2FA15DA90D8009D71A7 /* Icon-Small.png in Resources */ = {isa = PBXBuildFile; fileRef = B391B2F815DA90D8009D71A7 /* Icon-Small.png */; };
		B391B2FB15DA90D8009D71A7 /* Icon-Small@2x.png in Resources */ = {isa = PBXBuildFile; fileRef = B391B2F915DA90D8009D71A7 /* Icon-Small@2x.png */; };
		B3965A0215DFD1BD00966123 /* model.xcdatamodeld in Sources */ = {isa = PBXBuildFile; fileRef = B3965A0015DFD1BD00966123 /* model.xcdatamodeld */; };
		B3965A0515DFD4A400966123 /* ICMService.m in Sources */ = {isa = PBXBuildFile; fileRef = B3965A0415DFD4A400966123 /* ICMService.m */; };
		B3965A0815DFD4A500966123 /* ICMWebsite.m in Sources */ = {isa = PBXBuildFile; fileRef = B3965A0715DFD4A500966123 /* ICMWebsite.m */; };
		B399882C15BD6CD200C3FF97 /* LoginFormViewController.m in Sources */ = {isa = PBXBuildFile; fileRef = B399882B15BD6CD200C3FF97 /* LoginFormViewController.m */; };
		B3B0FAA8156F706B005FD285 /* CoreData.framework in Frameworks */ = {isa = PBXBuildFile; fileRef = B3B0FAA7156F706B005FD285 /* CoreData.framework */; };
		B3B0FAAD156F848F005FD285 /* CoreDataTableViewController.m in Sources */ = {isa = PBXBuildFile; fileRef = B3B0FAAA156F848E005FD285 /* CoreDataTableViewController.m */; };
		B3B0FAAE156F848F005FD285 /* ICMWebsiteTableViewController.m in Sources */ = {isa = PBXBuildFile; fileRef = B3B0FAAC156F848F005FD285 /* ICMWebsiteTableViewController.m */; };
		B3B0FAB4156F8922005FD285 /* NSStringHelper.m in Sources */ = {isa = PBXBuildFile; fileRef = B3B0FAB3156F8921005FD285 /* NSStringHelper.m */; };
		B3C98A8515D4B8C800D231D9 /* messages.proto in Resources */ = {isa = PBXBuildFile; fileRef = B3C98A8415D4B8C800D231D9 /* messages.proto */; };
		B3C98A8C15D4CA7A00D231D9 /* service.png in Resources */ = {isa = PBXBuildFile; fileRef = B3C98A8615D4CA7A00D231D9 /* service.png */; };
		B3C98A8E15D4CA7A00D231D9 /* settings.png in Resources */ = {isa = PBXBuildFile; fileRef = B3C98A8815D4CA7A00D231D9 /* settings.png */; };
		B3C98A9015D4CA7A00D231D9 /* website.png in Resources */ = {isa = PBXBuildFile; fileRef = B3C98A8A15D4CA7A00D231D9 /* website.png */; };
		B3C98A9715D4DA3F00D231D9 /* map.png in Resources */ = {isa = PBXBuildFile; fileRef = B3C98A9215D4DA3F00D231D9 /* map.png */; };
		B3C98A9815D4DA3F00D231D9 /* map@2x.png in Resources */ = {isa = PBXBuildFile; fileRef = B3C98A9315D4DA3F00D231D9 /* map@2x.png */; };
		B3C98A9915D4DA3F00D231D9 /* service@2x.png in Resources */ = {isa = PBXBuildFile; fileRef = B3C98A9415D4DA3F00D231D9 /* service@2x.png */; };
		B3C98A9A15D4DA3F00D231D9 /* settings@2x.png in Resources */ = {isa = PBXBuildFile; fileRef = B3C98A9515D4DA3F00D231D9 /* settings@2x.png */; };
		B3C98A9B15D4DA3F00D231D9 /* website@2x.png in Resources */ = {isa = PBXBuildFile; fileRef = B3C98A9615D4DA3F00D231D9 /* website@2x.png */; };
		B3CF44291578FFF200B954FA /* MapKit.framework in Frameworks */ = {isa = PBXBuildFile; fileRef = B3CF44281578FFF200B954FA /* MapKit.framework */; };
		B3CF442B1578FFFC00B954FA /* CoreLocation.framework in Frameworks */ = {isa = PBXBuildFile; fileRef = B3CF442A1578FFFB00B954FA /* CoreLocation.framework */; };
		B3CF44311579043200B954FA /* ICMMapViewController.m in Sources */ = {isa = PBXBuildFile; fileRef = B3CF44301579043200B954FA /* ICMMapViewController.m */; };
		B3D00BEC15D8F349002B205C /* NSData+CDBase64.m in Sources */ = {isa = PBXBuildFile; fileRef = B3D00BEA15D8F349002B205C /* NSData+CDBase64.m */; };
		B3D00BED15D8F349002B205C /* NSString+CDBase64.m in Sources */ = {isa = PBXBuildFile; fileRef = B3D00BEB15D8F349002B205C /* NSString+CDBase64.m */; };
		B3D1AD3515DF366A006A63C1 /* open_monitor_200.png in Resources */ = {isa = PBXBuildFile; fileRef = B3D1AD3415DF366A006A63C1 /* open_monitor_200.png */; };
		B3EF613D1552B4A300D24661 /* UIKit.framework in Frameworks */ = {isa = PBXBuildFile; fileRef = B3EF613C1552B4A300D24661 /* UIKit.framework */; };
		B3EF613F1552B4A300D24661 /* Foundation.framework in Frameworks */ = {isa = PBXBuildFile; fileRef = B3EF613E1552B4A300D24661 /* Foundation.framework */; };
		B3EF61411552B4A300D24661 /* CoreGraphics.framework in Frameworks */ = {isa = PBXBuildFile; fileRef = B3EF61401552B4A300D24661 /* CoreGraphics.framework */; };
		B3EF61471552B4A300D24661 /* InfoPlist.strings in Resources */ = {isa = PBXBuildFile; fileRef = B3EF61451552B4A300D24661 /* InfoPlist.strings */; };
		B3EF61491552B4A300D24661 /* main.m in Sources */ = {isa = PBXBuildFile; fileRef = B3EF61481552B4A300D24661 /* main.m */; };
		B3EF614D1552B4A300D24661 /* ICMAppDelegate.m in Sources */ = {isa = PBXBuildFile; fileRef = B3EF614C1552B4A300D24661 /* ICMAppDelegate.m */; };
		B3EF61501552B4A300D24661 /* MainStoryboard_iPhone.storyboard in Resources */ = {isa = PBXBuildFile; fileRef = B3EF614E1552B4A300D24661 /* MainStoryboard_iPhone.storyboard */; };
		B3EF61531552B4A300D24661 /* MainStoryboard_iPad.storyboard in Resources */ = {isa = PBXBuildFile; fileRef = B3EF61511552B4A300D24661 /* MainStoryboard_iPad.storyboard */; };
		B3EF61561552B4A300D24661 /* ICMSettingsViewController.m in Sources */ = {isa = PBXBuildFile; fileRef = B3EF61551552B4A300D24661 /* ICMSettingsViewController.m */; };
		B3EF61581552B4A300D24661 /* first.png in Resources */ = {isa = PBXBuildFile; fileRef = B3EF61571552B4A300D24661 /* first.png */; };
		B3EF615A1552B4A300D24661 /* first@2x.png in Resources */ = {isa = PBXBuildFile; fileRef = B3EF61591552B4A300D24661 /* first@2x.png */; };
		B3EF615D1552B4A300D24661 /* ICMSecondViewController.m in Sources */ = {isa = PBXBuildFile; fileRef = B3EF615C1552B4A300D24661 /* ICMSecondViewController.m */; };
		B3EF615F1552B4A300D24661 /* second.png in Resources */ = {isa = PBXBuildFile; fileRef = B3EF615E1552B4A300D24661 /* second.png */; };
		B3EF61611552B4A300D24661 /* second@2x.png in Resources */ = {isa = PBXBuildFile; fileRef = B3EF61601552B4A300D24661 /* second@2x.png */; };
		B3EF61691552B4A300D24661 /* SenTestingKit.framework in Frameworks */ = {isa = PBXBuildFile; fileRef = B3EF61681552B4A300D24661 /* SenTestingKit.framework */; };
		B3EF616A1552B4A300D24661 /* UIKit.framework in Frameworks */ = {isa = PBXBuildFile; fileRef = B3EF613C1552B4A300D24661 /* UIKit.framework */; };
		B3EF616B1552B4A300D24661 /* Foundation.framework in Frameworks */ = {isa = PBXBuildFile; fileRef = B3EF613E1552B4A300D24661 /* Foundation.framework */; };
		B3EF61731552B4A300D24661 /* InfoPlist.strings in Resources */ = {isa = PBXBuildFile; fileRef = B3EF61711552B4A300D24661 /* InfoPlist.strings */; };
		B3EF61761552B4A300D24661 /* icm_ios_agentTests.m in Sources */ = {isa = PBXBuildFile; fileRef = B3EF61751552B4A300D24661 /* icm_ios_agentTests.m */; };
/* End PBXBuildFile section */

/* Begin PBXContainerItemProxy section */
		B3EF616C1552B4A300D24661 /* PBXContainerItemProxy */ = {
			isa = PBXContainerItemProxy;
			containerPortal = B3EF612F1552B4A300D24661 /* Project object */;
			proxyType = 1;
			remoteGlobalIDString = B3EF61371552B4A300D24661;
			remoteInfo = "icm-ios-agent";
		};
/* End PBXContainerItemProxy section */

/* Begin PBXFileReference section */
		B3071BA5159DEC9700E70E3C /* NSData+Conversion.h */ = {isa = PBXFileReference; fileEncoding = 4; lastKnownFileType = sourcecode.c.h; path = "NSData+Conversion.h"; sourceTree = "<group>"; };
		B3071BA6159DEC9700E70E3C /* NSData+Conversion.m */ = {isa = PBXFileReference; fileEncoding = 4; lastKnownFileType = sourcecode.c.objc; path = "NSData+Conversion.m"; sourceTree = "<group>"; };
		B314F9E5156E54410066DDBB /* ICMAggregatorEngine.h */ = {isa = PBXFileReference; fileEncoding = 4; lastKnownFileType = sourcecode.c.h; path = ICMAggregatorEngine.h; sourceTree = "<group>"; };
		B314F9E6156E54410066DDBB /* ICMAggregatorEngine.mm */ = {isa = PBXFileReference; fileEncoding = 4; lastKnownFileType = sourcecode.cpp.objcpp; path = ICMAggregatorEngine.mm; sourceTree = "<group>"; };
		B314F9E9156E5A680066DDBB /* messages.pb.cc */ = {isa = PBXFileReference; fileEncoding = 4; lastKnownFileType = sourcecode.cpp.cpp; path = messages.pb.cc; sourceTree = "<group>"; };
		B314F9EA156E5A680066DDBB /* messages.pb.h */ = {isa = PBXFileReference; fileEncoding = 4; lastKnownFileType = sourcecode.c.h; path = messages.pb.h; sourceTree = "<group>"; };
		B314F9ED156E5F680066DDBB /* Base64Transcoder.c */ = {isa = PBXFileReference; fileEncoding = 4; lastKnownFileType = sourcecode.c.c; path = Base64Transcoder.c; sourceTree = "<group>"; };
		B314F9EE156E5F680066DDBB /* Base64Transcoder.h */ = {isa = PBXFileReference; fileEncoding = 4; lastKnownFileType = sourcecode.c.h; path = Base64Transcoder.h; sourceTree = "<group>"; };
		B314F9EF156E5F680066DDBB /* hmac.c */ = {isa = PBXFileReference; fileEncoding = 4; lastKnownFileType = sourcecode.c.c; path = hmac.c; sourceTree = "<group>"; };
		B314F9F0156E5F680066DDBB /* hmac.h */ = {isa = PBXFileReference; fileEncoding = 4; lastKnownFileType = sourcecode.c.h; path = hmac.h; sourceTree = "<group>"; };
		B314F9F1156E5F680066DDBB /* sha1.c */ = {isa = PBXFileReference; fileEncoding = 4; lastKnownFileType = sourcecode.c.c; path = sha1.c; sourceTree = "<group>"; };
		B314F9F2156E5F680066DDBB /* sha1.h */ = {isa = PBXFileReference; fileEncoding = 4; lastKnownFileType = sourcecode.c.h; path = sha1.h; sourceTree = "<group>"; };
		B314F9FF156E73770066DDBB /* NSData+Base64.h */ = {isa = PBXFileReference; fileEncoding = 4; lastKnownFileType = sourcecode.c.h; path = "NSData+Base64.h"; sourceTree = "<group>"; };
		B314FA00156E73770066DDBB /* NSData+Base64.m */ = {isa = PBXFileReference; fileEncoding = 4; lastKnownFileType = sourcecode.c.objc; path = "NSData+Base64.m"; sourceTree = "<group>"; };
		B314FA01156E73770066DDBB /* NSDate+RFC1123.h */ = {isa = PBXFileReference; fileEncoding = 4; lastKnownFileType = sourcecode.c.h; path = "NSDate+RFC1123.h"; sourceTree = "<group>"; };
		B314FA02156E73770066DDBB /* NSDate+RFC1123.m */ = {isa = PBXFileReference; fileEncoding = 4; lastKnownFileType = sourcecode.c.objc; path = "NSDate+RFC1123.m"; sourceTree = "<group>"; };
		B314FA03156E73770066DDBB /* NSDictionary+RequestEncoding.h */ = {isa = PBXFileReference; fileEncoding = 4; lastKnownFileType = sourcecode.c.h; path = "NSDictionary+RequestEncoding.h"; sourceTree = "<group>"; };
		B314FA04156E73770066DDBB /* NSDictionary+RequestEncoding.m */ = {isa = PBXFileReference; fileEncoding = 4; lastKnownFileType = sourcecode.c.objc; path = "NSDictionary+RequestEncoding.m"; sourceTree = "<group>"; };
		B314FA05156E73770066DDBB /* NSString+MKNetworkKitAdditions.h */ = {isa = PBXFileReference; fileEncoding = 4; lastKnownFileType = sourcecode.c.h; path = "NSString+MKNetworkKitAdditions.h"; sourceTree = "<group>"; };
		B314FA06156E73770066DDBB /* NSString+MKNetworkKitAdditions.m */ = {isa = PBXFileReference; fileEncoding = 4; lastKnownFileType = sourcecode.c.objc; path = "NSString+MKNetworkKitAdditions.m"; sourceTree = "<group>"; };
		B314FA07156E73770066DDBB /* UIAlertView+MKNetworkKitAdditions.h */ = {isa = PBXFileReference; fileEncoding = 4; lastKnownFileType = sourcecode.c.h; path = "UIAlertView+MKNetworkKitAdditions.h"; sourceTree = "<group>"; };
		B314FA08156E73770066DDBB /* UIAlertView+MKNetworkKitAdditions.m */ = {isa = PBXFileReference; fileEncoding = 4; lastKnownFileType = sourcecode.c.objc; path = "UIAlertView+MKNetworkKitAdditions.m"; sourceTree = "<group>"; };
		B314FA09156E73770066DDBB /* MKNetworkEngine.h */ = {isa = PBXFileReference; fileEncoding = 4; lastKnownFileType = sourcecode.c.h; path = MKNetworkEngine.h; sourceTree = "<group>"; };
		B314FA0A156E73770066DDBB /* MKNetworkEngine.m */ = {isa = PBXFileReference; fileEncoding = 4; lastKnownFileType = sourcecode.c.objc; path = MKNetworkEngine.m; sourceTree = "<group>"; };
		B314FA0B156E73770066DDBB /* MKNetworkKit.h */ = {isa = PBXFileReference; fileEncoding = 4; lastKnownFileType = sourcecode.c.h; path = MKNetworkKit.h; sourceTree = "<group>"; };
		B314FA0C156E73770066DDBB /* MKNetworkOperation.h */ = {isa = PBXFileReference; fileEncoding = 4; lastKnownFileType = sourcecode.c.h; path = MKNetworkOperation.h; sourceTree = "<group>"; };
		B314FA0D156E73770066DDBB /* MKNetworkOperation.m */ = {isa = PBXFileReference; fileEncoding = 4; lastKnownFileType = sourcecode.c.objc; path = MKNetworkOperation.m; sourceTree = "<group>"; };
		B314FA0F156E73770066DDBB /* Reachability.h */ = {isa = PBXFileReference; fileEncoding = 4; lastKnownFileType = sourcecode.c.h; path = Reachability.h; sourceTree = "<group>"; };
		B314FA10156E73770066DDBB /* Reachability.m */ = {isa = PBXFileReference; fileEncoding = 4; lastKnownFileType = sourcecode.c.objc; path = Reachability.m; sourceTree = "<group>"; };
		B314FA1A156E750D0066DDBB /* CFNetwork.framework */ = {isa = PBXFileReference; lastKnownFileType = wrapper.framework; name = CFNetwork.framework; path = System/Library/Frameworks/CFNetwork.framework; sourceTree = SDKROOT; };
		B314FA1C156E751D0066DDBB /* SystemConfiguration.framework */ = {isa = PBXFileReference; lastKnownFileType = wrapper.framework; name = SystemConfiguration.framework; path = System/Library/Frameworks/SystemConfiguration.framework; sourceTree = SDKROOT; };
		B314FA1E156E75280066DDBB /* Security.framework */ = {isa = PBXFileReference; lastKnownFileType = wrapper.framework; name = Security.framework; path = System/Library/Frameworks/Security.framework; sourceTree = SDKROOT; };
		B319A32B15DB526700C3B927 /* ICMRootViewController.h */ = {isa = PBXFileReference; fileEncoding = 4; lastKnownFileType = sourcecode.c.h; path = ICMRootViewController.h; sourceTree = "<group>"; };
		B319A32C15DB526700C3B927 /* ICMRootViewController.m */ = {isa = PBXFileReference; fileEncoding = 4; lastKnownFileType = sourcecode.c.objc; path = ICMRootViewController.m; sourceTree = "<group>"; };
		B322117815898C4E0054A059 /* descriptor.cc */ = {isa = PBXFileReference; fileEncoding = 4; lastKnownFileType = sourcecode.cpp.cpp; path = descriptor.cc; sourceTree = "<group>"; };
		B322117915898C4E0054A059 /* descriptor.h */ = {isa = PBXFileReference; fileEncoding = 4; lastKnownFileType = sourcecode.c.h; path = descriptor.h; sourceTree = "<group>"; };
		B322117A15898C4E0054A059 /* descriptor.pb.cc */ = {isa = PBXFileReference; fileEncoding = 4; lastKnownFileType = sourcecode.cpp.cpp; path = descriptor.pb.cc; sourceTree = "<group>"; };
		B322117B15898C4E0054A059 /* descriptor.pb.h */ = {isa = PBXFileReference; fileEncoding = 4; lastKnownFileType = sourcecode.c.h; path = descriptor.pb.h; sourceTree = "<group>"; };
		B322117C15898C4E0054A059 /* descriptor.proto */ = {isa = PBXFileReference; fileEncoding = 4; lastKnownFileType = text; path = descriptor.proto; sourceTree = "<group>"; };
		B322117D15898C4E0054A059 /* descriptor_database.cc */ = {isa = PBXFileReference; fileEncoding = 4; lastKnownFileType = sourcecode.cpp.cpp; path = descriptor_database.cc; sourceTree = "<group>"; };
		B322117E15898C4E0054A059 /* descriptor_database.h */ = {isa = PBXFileReference; fileEncoding = 4; lastKnownFileType = sourcecode.c.h; path = descriptor_database.h; sourceTree = "<group>"; };
		B322117F15898C4E0054A059 /* dynamic_message.cc */ = {isa = PBXFileReference; fileEncoding = 4; lastKnownFileType = sourcecode.cpp.cpp; path = dynamic_message.cc; sourceTree = "<group>"; };
		B322118015898C4E0054A059 /* dynamic_message.h */ = {isa = PBXFileReference; fileEncoding = 4; lastKnownFileType = sourcecode.c.h; path = dynamic_message.h; sourceTree = "<group>"; };
		B322118115898C4E0054A059 /* extension_set.cc */ = {isa = PBXFileReference; fileEncoding = 4; lastKnownFileType = sourcecode.cpp.cpp; path = extension_set.cc; sourceTree = "<group>"; };
		B322118215898C4E0054A059 /* extension_set.h */ = {isa = PBXFileReference; fileEncoding = 4; lastKnownFileType = sourcecode.c.h; path = extension_set.h; sourceTree = "<group>"; };
		B322118315898C4E0054A059 /* extension_set_heavy.cc */ = {isa = PBXFileReference; fileEncoding = 4; lastKnownFileType = sourcecode.cpp.cpp; path = extension_set_heavy.cc; sourceTree = "<group>"; };
		B322118415898C4E0054A059 /* generated_message_reflection.cc */ = {isa = PBXFileReference; fileEncoding = 4; lastKnownFileType = sourcecode.cpp.cpp; path = generated_message_reflection.cc; sourceTree = "<group>"; };
		B322118515898C4E0054A059 /* generated_message_reflection.h */ = {isa = PBXFileReference; fileEncoding = 4; lastKnownFileType = sourcecode.c.h; path = generated_message_reflection.h; sourceTree = "<group>"; };
		B322118615898C4E0054A059 /* generated_message_util.cc */ = {isa = PBXFileReference; fileEncoding = 4; lastKnownFileType = sourcecode.cpp.cpp; path = generated_message_util.cc; sourceTree = "<group>"; };
		B322118715898C4E0054A059 /* generated_message_util.h */ = {isa = PBXFileReference; fileEncoding = 4; lastKnownFileType = sourcecode.c.h; path = generated_message_util.h; sourceTree = "<group>"; };
		B322118915898C4E0054A059 /* coded_stream.cc */ = {isa = PBXFileReference; fileEncoding = 4; lastKnownFileType = sourcecode.cpp.cpp; path = coded_stream.cc; sourceTree = "<group>"; };
		B322118A15898C4E0054A059 /* coded_stream.h */ = {isa = PBXFileReference; fileEncoding = 4; lastKnownFileType = sourcecode.c.h; path = coded_stream.h; sourceTree = "<group>"; };
		B322118B15898C4E0054A059 /* coded_stream_inl.h */ = {isa = PBXFileReference; fileEncoding = 4; lastKnownFileType = sourcecode.c.h; path = coded_stream_inl.h; sourceTree = "<group>"; };
		B322118C15898C4E0054A059 /* gzip_stream.cc */ = {isa = PBXFileReference; fileEncoding = 4; lastKnownFileType = sourcecode.cpp.cpp; path = gzip_stream.cc; sourceTree = "<group>"; };
		B322118D15898C4E0054A059 /* gzip_stream.h */ = {isa = PBXFileReference; fileEncoding = 4; lastKnownFileType = sourcecode.c.h; path = gzip_stream.h; sourceTree = "<group>"; };
		B322118E15898C4E0054A059 /* package_info.h */ = {isa = PBXFileReference; fileEncoding = 4; lastKnownFileType = sourcecode.c.h; path = package_info.h; sourceTree = "<group>"; };
		B322118F15898C4E0054A059 /* printer.cc */ = {isa = PBXFileReference; fileEncoding = 4; lastKnownFileType = sourcecode.cpp.cpp; path = printer.cc; sourceTree = "<group>"; };
		B322119015898C4E0054A059 /* printer.h */ = {isa = PBXFileReference; fileEncoding = 4; lastKnownFileType = sourcecode.c.h; path = printer.h; sourceTree = "<group>"; };
		B322119115898C4E0054A059 /* tokenizer.cc */ = {isa = PBXFileReference; fileEncoding = 4; lastKnownFileType = sourcecode.cpp.cpp; path = tokenizer.cc; sourceTree = "<group>"; };
		B322119215898C4E0054A059 /* tokenizer.h */ = {isa = PBXFileReference; fileEncoding = 4; lastKnownFileType = sourcecode.c.h; path = tokenizer.h; sourceTree = "<group>"; };
		B322119315898C4E0054A059 /* zero_copy_stream.cc */ = {isa = PBXFileReference; fileEncoding = 4; lastKnownFileType = sourcecode.cpp.cpp; path = zero_copy_stream.cc; sourceTree = "<group>"; };
		B322119415898C4E0054A059 /* zero_copy_stream.h */ = {isa = PBXFileReference; fileEncoding = 4; lastKnownFileType = sourcecode.c.h; path = zero_copy_stream.h; sourceTree = "<group>"; };
		B322119515898C4E0054A059 /* zero_copy_stream_impl.cc */ = {isa = PBXFileReference; fileEncoding = 4; lastKnownFileType = sourcecode.cpp.cpp; path = zero_copy_stream_impl.cc; sourceTree = "<group>"; };
		B322119615898C4E0054A059 /* zero_copy_stream_impl.h */ = {isa = PBXFileReference; fileEncoding = 4; lastKnownFileType = sourcecode.c.h; path = zero_copy_stream_impl.h; sourceTree = "<group>"; };
		B322119715898C4E0054A059 /* zero_copy_stream_impl_lite.cc */ = {isa = PBXFileReference; fileEncoding = 4; lastKnownFileType = sourcecode.cpp.cpp; path = zero_copy_stream_impl_lite.cc; sourceTree = "<group>"; };
		B322119815898C4E0054A059 /* zero_copy_stream_impl_lite.h */ = {isa = PBXFileReference; fileEncoding = 4; lastKnownFileType = sourcecode.c.h; path = zero_copy_stream_impl_lite.h; sourceTree = "<group>"; };
		B322119915898C4E0054A059 /* message.cc */ = {isa = PBXFileReference; fileEncoding = 4; lastKnownFileType = sourcecode.cpp.cpp; path = message.cc; sourceTree = "<group>"; };
		B322119A15898C4E0054A059 /* message.h */ = {isa = PBXFileReference; fileEncoding = 4; lastKnownFileType = sourcecode.c.h; path = message.h; sourceTree = "<group>"; };
		B322119B15898C4E0054A059 /* message_lite.cc */ = {isa = PBXFileReference; fileEncoding = 4; lastKnownFileType = sourcecode.cpp.cpp; path = message_lite.cc; sourceTree = "<group>"; };
		B322119C15898C4E0054A059 /* message_lite.h */ = {isa = PBXFileReference; fileEncoding = 4; lastKnownFileType = sourcecode.c.h; path = message_lite.h; sourceTree = "<group>"; };
		B322119D15898C4E0054A059 /* package_info.h */ = {isa = PBXFileReference; fileEncoding = 4; lastKnownFileType = sourcecode.c.h; path = package_info.h; sourceTree = "<group>"; };
		B322119E15898C4E0054A059 /* reflection_ops.cc */ = {isa = PBXFileReference; fileEncoding = 4; lastKnownFileType = sourcecode.cpp.cpp; path = reflection_ops.cc; sourceTree = "<group>"; };
		B322119F15898C4E0054A059 /* reflection_ops.h */ = {isa = PBXFileReference; fileEncoding = 4; lastKnownFileType = sourcecode.c.h; path = reflection_ops.h; sourceTree = "<group>"; };
		B32211A015898C4E0054A059 /* repeated_field.cc */ = {isa = PBXFileReference; fileEncoding = 4; lastKnownFileType = sourcecode.cpp.cpp; path = repeated_field.cc; sourceTree = "<group>"; };
		B32211A115898C4E0054A059 /* repeated_field.h */ = {isa = PBXFileReference; fileEncoding = 4; lastKnownFileType = sourcecode.c.h; path = repeated_field.h; sourceTree = "<group>"; };
		B32211A215898C4E0054A059 /* service.cc */ = {isa = PBXFileReference; fileEncoding = 4; lastKnownFileType = sourcecode.cpp.cpp; path = service.cc; sourceTree = "<group>"; };
		B32211A315898C4E0054A059 /* service.h */ = {isa = PBXFileReference; fileEncoding = 4; lastKnownFileType = sourcecode.c.h; path = service.h; sourceTree = "<group>"; };
		B32211A515898C4E0054A059 /* common.cc */ = {isa = PBXFileReference; fileEncoding = 4; lastKnownFileType = sourcecode.cpp.cpp; path = common.cc; sourceTree = "<group>"; };
		B32211A615898C4E0054A059 /* common.h */ = {isa = PBXFileReference; fileEncoding = 4; lastKnownFileType = sourcecode.c.h; path = common.h; sourceTree = "<group>"; };
		B32211A715898C4E0054A059 /* hash.h */ = {isa = PBXFileReference; fileEncoding = 4; lastKnownFileType = sourcecode.c.h; path = hash.h; sourceTree = "<group>"; };
		B32211A815898C4E0054A059 /* map-util.h */ = {isa = PBXFileReference; fileEncoding = 4; lastKnownFileType = sourcecode.c.h; path = "map-util.h"; sourceTree = "<group>"; };
		B32211A915898C4E0054A059 /* once.cc */ = {isa = PBXFileReference; fileEncoding = 4; lastKnownFileType = sourcecode.cpp.cpp; path = once.cc; sourceTree = "<group>"; };
		B32211AA15898C4E0054A059 /* once.h */ = {isa = PBXFileReference; fileEncoding = 4; lastKnownFileType = sourcecode.c.h; path = once.h; sourceTree = "<group>"; };
		B32211AB15898C4E0054A059 /* stl_util-inl.h */ = {isa = PBXFileReference; fileEncoding = 4; lastKnownFileType = sourcecode.c.h; path = "stl_util-inl.h"; sourceTree = "<group>"; };
		B32211AC15898C4E0054A059 /* structurally_valid.cc */ = {isa = PBXFileReference; fileEncoding = 4; lastKnownFileType = sourcecode.cpp.cpp; path = structurally_valid.cc; sourceTree = "<group>"; };
		B32211AD15898C4E0054A059 /* strutil.cc */ = {isa = PBXFileReference; fileEncoding = 4; lastKnownFileType = sourcecode.cpp.cpp; path = strutil.cc; sourceTree = "<group>"; };
		B32211AE15898C4E0054A059 /* strutil.h */ = {isa = PBXFileReference; fileEncoding = 4; lastKnownFileType = sourcecode.c.h; path = strutil.h; sourceTree = "<group>"; };
		B32211AF15898C4E0054A059 /* substitute.cc */ = {isa = PBXFileReference; fileEncoding = 4; lastKnownFileType = sourcecode.cpp.cpp; path = substitute.cc; sourceTree = "<group>"; };
		B32211B015898C4E0054A059 /* substitute.h */ = {isa = PBXFileReference; fileEncoding = 4; lastKnownFileType = sourcecode.c.h; path = substitute.h; sourceTree = "<group>"; };
		B32211B115898C4E0054A059 /* text_format.cc */ = {isa = PBXFileReference; fileEncoding = 4; lastKnownFileType = sourcecode.cpp.cpp; path = text_format.cc; sourceTree = "<group>"; };
		B32211B215898C4E0054A059 /* text_format.h */ = {isa = PBXFileReference; fileEncoding = 4; lastKnownFileType = sourcecode.c.h; path = text_format.h; sourceTree = "<group>"; };
		B32211B315898C4E0054A059 /* unknown_field_set.cc */ = {isa = PBXFileReference; fileEncoding = 4; lastKnownFileType = sourcecode.cpp.cpp; path = unknown_field_set.cc; sourceTree = "<group>"; };
		B32211B415898C4E0054A059 /* unknown_field_set.h */ = {isa = PBXFileReference; fileEncoding = 4; lastKnownFileType = sourcecode.c.h; path = unknown_field_set.h; sourceTree = "<group>"; };
		B32211B515898C4E0054A059 /* wire_format.cc */ = {isa = PBXFileReference; fileEncoding = 4; lastKnownFileType = sourcecode.cpp.cpp; path = wire_format.cc; sourceTree = "<group>"; };
		B32211B615898C4E0054A059 /* wire_format.h */ = {isa = PBXFileReference; fileEncoding = 4; lastKnownFileType = sourcecode.c.h; path = wire_format.h; sourceTree = "<group>"; };
		B32211B715898C4E0054A059 /* wire_format_lite.cc */ = {isa = PBXFileReference; fileEncoding = 4; lastKnownFileType = sourcecode.cpp.cpp; path = wire_format_lite.cc; sourceTree = "<group>"; };
		B32211B815898C4E0054A059 /* wire_format_lite.h */ = {isa = PBXFileReference; fileEncoding = 4; lastKnownFileType = sourcecode.c.h; path = wire_format_lite.h; sourceTree = "<group>"; };
		B32211B915898C4E0054A059 /* wire_format_lite_inl.h */ = {isa = PBXFileReference; fileEncoding = 4; lastKnownFileType = sourcecode.c.h; path = wire_format_lite_inl.h; sourceTree = "<group>"; };
		B32211DB15898DB00054A059 /* config.h */ = {isa = PBXFileReference; fileEncoding = 4; lastKnownFileType = sourcecode.c.h; path = config.h; sourceTree = "<group>"; };
		B32211DC15898E980054A059 /* libz.dylib */ = {isa = PBXFileReference; lastKnownFileType = "compiled.mach-o.dylib"; name = libz.dylib; path = usr/lib/libz.dylib; sourceTree = SDKROOT; };
		B3240770157CB99A0080CFF0 /* CryptoCommon.h */ = {isa = PBXFileReference; fileEncoding = 4; lastKnownFileType = sourcecode.c.h; path = CryptoCommon.h; sourceTree = "<group>"; };
		B3240771157CB99A0080CFF0 /* SecKeyWrapper.h */ = {isa = PBXFileReference; fileEncoding = 4; lastKnownFileType = sourcecode.c.h; path = SecKeyWrapper.h; sourceTree = "<group>"; };
		B3240772157CB99A0080CFF0 /* SecKeyWrapper.m */ = {isa = PBXFileReference; fileEncoding = 4; lastKnownFileType = sourcecode.c.objc; path = SecKeyWrapper.m; sourceTree = "<group>"; };
		B33DFD541579DB89005CF9EE /* ICMAnnotation.h */ = {isa = PBXFileReference; fileEncoding = 4; lastKnownFileType = sourcecode.c.h; path = ICMAnnotation.h; sourceTree = "<group>"; };
		B33DFD551579DB89005CF9EE /* ICMAnnotation.m */ = {isa = PBXFileReference; fileEncoding = 4; lastKnownFileType = sourcecode.c.objc; path = ICMAnnotation.m; sourceTree = "<group>"; };
		B345740E158C7CB000D70E6B /* ICMUpdater.h */ = {isa = PBXFileReference; fileEncoding = 4; lastKnownFileType = sourcecode.c.h; path = ICMUpdater.h; sourceTree = "<group>"; };
		B345740F158C7CB000D70E6B /* ICMUpdater.m */ = {isa = PBXFileReference; fileEncoding = 4; lastKnownFileType = sourcecode.c.objc; path = ICMUpdater.m; sourceTree = "<group>"; };
		B35C4882157F418300F5045C /* Crypto.h */ = {isa = PBXFileReference; fileEncoding = 4; lastKnownFileType = sourcecode.c.h; path = Crypto.h; sourceTree = "<group>"; };
		B35C4883157F418300F5045C /* Crypto.m */ = {isa = PBXFileReference; fileEncoding = 4; lastKnownFileType = sourcecode.c.objc; path = Crypto.m; sourceTree = "<group>"; };
		B35C4889157F421D00F5045C /* Exception.h */ = {isa = PBXFileReference; fileEncoding = 4; lastKnownFileType = sourcecode.c.h; path = Exception.h; sourceTree = "<group>"; };
		B35C488A157F421D00F5045C /* Exception.m */ = {isa = PBXFileReference; fileEncoding = 4; lastKnownFileType = sourcecode.c.objc; path = Exception.m; sourceTree = "<group>"; };
		B35C488B157F421D00F5045C /* Global.h */ = {isa = PBXFileReference; fileEncoding = 4; lastKnownFileType = sourcecode.c.h; path = Global.h; sourceTree = "<group>"; };
		B35C488C157F421D00F5045C /* Global.m */ = {isa = PBXFileReference; fileEncoding = 4; lastKnownFileType = sourcecode.c.objc; path = Global.m; sourceTree = "<group>"; };
		B35C488F157F456400F5045C /* privateKey.pem */ = {isa = PBXFileReference; fileEncoding = 4; lastKnownFileType = text; path = privateKey.pem; sourceTree = "<group>"; };
		B35C4890157F456400F5045C /* publicKey.pem */ = {isa = PBXFileReference; fileEncoding = 4; lastKnownFileType = text; path = publicKey.pem; sourceTree = "<group>"; };
		B3718EC31572424A00E6B2AE /* ICMServiceTableViewController.h */ = {isa = PBXFileReference; fileEncoding = 4; lastKnownFileType = sourcecode.c.h; path = ICMServiceTableViewController.h; sourceTree = "<group>"; };
		B3718EC41572424B00E6B2AE /* ICMServiceTableViewController.m */ = {isa = PBXFileReference; fileEncoding = 4; lastKnownFileType = sourcecode.c.objc; path = ICMServiceTableViewController.m; sourceTree = "<group>"; };
		B3718EC6157242E900E6B2AE /* ICMWebsiteTableViewController.h */ = {isa = PBXFileReference; fileEncoding = 4; lastKnownFileType = sourcecode.c.h; path = ICMWebsiteTableViewController.h; sourceTree = "<group>"; };
		B3718EC9157258E200E6B2AE /* GCDAsyncSocket.h */ = {isa = PBXFileReference; fileEncoding = 4; lastKnownFileType = sourcecode.c.h; path = GCDAsyncSocket.h; sourceTree = "<group>"; };
		B3718ECA157258E200E6B2AE /* GCDAsyncSocket.m */ = {isa = PBXFileReference; fileEncoding = 4; lastKnownFileType = sourcecode.c.objc; path = GCDAsyncSocket.m; sourceTree = "<group>"; };
		B3718ECB157258E200E6B2AE /* GCDAsyncUdpSocket.h */ = {isa = PBXFileReference; fileEncoding = 4; lastKnownFileType = sourcecode.c.h; path = GCDAsyncUdpSocket.h; sourceTree = "<group>"; };
		B3718ECC157258E200E6B2AE /* GCDAsyncUdpSocket.m */ = {isa = PBXFileReference; fileEncoding = 4; lastKnownFileType = sourcecode.c.objc; path = GCDAsyncUdpSocket.m; sourceTree = "<group>"; };
		B37BEAD115C6A98B00729133 /* WebsiteSuggestionViewController.h */ = {isa = PBXFileReference; fileEncoding = 4; lastKnownFileType = sourcecode.c.h; path = WebsiteSuggestionViewController.h; sourceTree = "<group>"; };
		B37BEAD215C6A98B00729133 /* WebsiteSuggestionViewController.m */ = {isa = PBXFileReference; fileEncoding = 4; lastKnownFileType = sourcecode.c.objc; path = WebsiteSuggestionViewController.m; sourceTree = "<group>"; };
		B37BEAD515C6AD2A00729133 /* ServiceSuggestionViewController.h */ = {isa = PBXFileReference; fileEncoding = 4; lastKnownFileType = sourcecode.c.h; path = ServiceSuggestionViewController.h; sourceTree = "<group>"; };
		B37BEAD615C6AD2A00729133 /* ServiceSuggestionViewController.m */ = {isa = PBXFileReference; fileEncoding = 4; lastKnownFileType = sourcecode.c.objc; path = ServiceSuggestionViewController.m; sourceTree = "<group>"; };
		B381E6F6157121C10034BD46 /* pinhead-green.png */ = {isa = PBXFileReference; lastKnownFileType = image.png; path = "pinhead-green.png"; sourceTree = "<group>"; };
		B381E6F7157121C10034BD46 /* pinhead-green@2x.png */ = {isa = PBXFileReference; lastKnownFileType = image.png; path = "pinhead-green@2x.png"; sourceTree = "<group>"; };
		B381E6F8157121C10034BD46 /* pinhead-red.png */ = {isa = PBXFileReference; lastKnownFileType = image.png; path = "pinhead-red.png"; sourceTree = "<group>"; };
		B381E6F9157121C10034BD46 /* pinhead-red@2x.png */ = {isa = PBXFileReference; lastKnownFileType = image.png; path = "pinhead-red@2x.png"; sourceTree = "<group>"; };
		B3902D0C15DA887400EB1D83 /* Settings.bundle */ = {isa = PBXFileReference; lastKnownFileType = "wrapper.plug-in"; path = Settings.bundle; sourceTree = "<group>"; };
		B391B2F415DA908E009D71A7 /* Icon@2x.png */ = {isa = PBXFileReference; lastKnownFileType = image.png; name = "Icon@2x.png"; path = "../Icon@2x.png"; sourceTree = "<group>"; };
		B391B2F615DA90A1009D71A7 /* Icon.png */ = {isa = PBXFileReference; lastKnownFileType = image.png; name = Icon.png; path = ../Icon.png; sourceTree = "<group>"; };
		B391B2F815DA90D8009D71A7 /* Icon-Small.png */ = {isa = PBXFileReference; lastKnownFileType = image.png; name = "Icon-Small.png"; path = "../Icon-Small.png"; sourceTree = "<group>"; };
		B391B2F915DA90D8009D71A7 /* Icon-Small@2x.png */ = {isa = PBXFileReference; lastKnownFileType = image.png; name = "Icon-Small@2x.png"; path = "../Icon-Small@2x.png"; sourceTree = "<group>"; };
		B3965A0115DFD1BD00966123 /* model.xcdatamodel */ = {isa = PBXFileReference; lastKnownFileType = wrapper.xcdatamodel; path = model.xcdatamodel; sourceTree = "<group>"; };
		B3965A0315DFD4A400966123 /* ICMService.h */ = {isa = PBXFileReference; fileEncoding = 4; lastKnownFileType = sourcecode.c.h; path = ICMService.h; sourceTree = "<group>"; };
		B3965A0415DFD4A400966123 /* ICMService.m */ = {isa = PBXFileReference; fileEncoding = 4; lastKnownFileType = sourcecode.c.objc; path = ICMService.m; sourceTree = "<group>"; };
		B3965A0615DFD4A500966123 /* ICMWebsite.h */ = {isa = PBXFileReference; fileEncoding = 4; lastKnownFileType = sourcecode.c.h; path = ICMWebsite.h; sourceTree = "<group>"; };
		B3965A0715DFD4A500966123 /* ICMWebsite.m */ = {isa = PBXFileReference; fileEncoding = 4; lastKnownFileType = sourcecode.c.objc; path = ICMWebsite.m; sourceTree = "<group>"; };
		B399882A15BD6CD200C3FF97 /* LoginFormViewController.h */ = {isa = PBXFileReference; fileEncoding = 4; lastKnownFileType = sourcecode.c.h; path = LoginFormViewController.h; sourceTree = "<group>"; };
		B399882B15BD6CD200C3FF97 /* LoginFormViewController.m */ = {isa = PBXFileReference; fileEncoding = 4; lastKnownFileType = sourcecode.c.objc; path = LoginFormViewController.m; sourceTree = "<group>"; };
		B3B0FAA7156F706B005FD285 /* CoreData.framework */ = {isa = PBXFileReference; lastKnownFileType = wrapper.framework; name = CoreData.framework; path = System/Library/Frameworks/CoreData.framework; sourceTree = SDKROOT; };
		B3B0FAA9156F848E005FD285 /* CoreDataTableViewController.h */ = {isa = PBXFileReference; fileEncoding = 4; lastKnownFileType = sourcecode.c.h; path = CoreDataTableViewController.h; sourceTree = "<group>"; };
		B3B0FAAA156F848E005FD285 /* CoreDataTableViewController.m */ = {isa = PBXFileReference; fileEncoding = 4; lastKnownFileType = sourcecode.c.objc; path = CoreDataTableViewController.m; sourceTree = "<group>"; };
		B3B0FAAC156F848F005FD285 /* ICMWebsiteTableViewController.m */ = {isa = PBXFileReference; fileEncoding = 4; lastKnownFileType = sourcecode.c.objc; path = ICMWebsiteTableViewController.m; sourceTree = "<group>"; };
		B3B0FAB2156F8921005FD285 /* NSStringHelper.h */ = {isa = PBXFileReference; fileEncoding = 4; lastKnownFileType = sourcecode.c.h; path = NSStringHelper.h; sourceTree = "<group>"; };
		B3B0FAB3156F8921005FD285 /* NSStringHelper.m */ = {isa = PBXFileReference; fileEncoding = 4; lastKnownFileType = sourcecode.c.objc; path = NSStringHelper.m; sourceTree = "<group>"; };
		B3C98A8415D4B8C800D231D9 /* messages.proto */ = {isa = PBXFileReference; fileEncoding = 4; lastKnownFileType = text; path = messages.proto; sourceTree = "<group>"; };
		B3C98A8615D4CA7A00D231D9 /* service.png */ = {isa = PBXFileReference; lastKnownFileType = image.png; path = service.png; sourceTree = "<group>"; };
		B3C98A8815D4CA7A00D231D9 /* settings.png */ = {isa = PBXFileReference; lastKnownFileType = image.png; path = settings.png; sourceTree = "<group>"; };
		B3C98A8A15D4CA7A00D231D9 /* website.png */ = {isa = PBXFileReference; lastKnownFileType = image.png; path = website.png; sourceTree = "<group>"; };
		B3C98A9215D4DA3F00D231D9 /* map.png */ = {isa = PBXFileReference; lastKnownFileType = image.png; path = map.png; sourceTree = "<group>"; };
		B3C98A9315D4DA3F00D231D9 /* map@2x.png */ = {isa = PBXFileReference; lastKnownFileType = image.png; path = "map@2x.png"; sourceTree = "<group>"; };
		B3C98A9415D4DA3F00D231D9 /* service@2x.png */ = {isa = PBXFileReference; lastKnownFileType = image.png; path = "service@2x.png"; sourceTree = "<group>"; };
		B3C98A9515D4DA3F00D231D9 /* settings@2x.png */ = {isa = PBXFileReference; lastKnownFileType = image.png; path = "settings@2x.png"; sourceTree = "<group>"; };
		B3C98A9615D4DA3F00D231D9 /* website@2x.png */ = {isa = PBXFileReference; lastKnownFileType = image.png; path = "website@2x.png"; sourceTree = "<group>"; };
		B3CF44281578FFF200B954FA /* MapKit.framework */ = {isa = PBXFileReference; lastKnownFileType = wrapper.framework; name = MapKit.framework; path = System/Library/Frameworks/MapKit.framework; sourceTree = SDKROOT; };
		B3CF442A1578FFFB00B954FA /* CoreLocation.framework */ = {isa = PBXFileReference; lastKnownFileType = wrapper.framework; name = CoreLocation.framework; path = System/Library/Frameworks/CoreLocation.framework; sourceTree = SDKROOT; };
		B3CF442F1579043200B954FA /* ICMMapViewController.h */ = {isa = PBXFileReference; fileEncoding = 4; lastKnownFileType = sourcecode.c.h; path = ICMMapViewController.h; sourceTree = "<group>"; };
		B3CF44301579043200B954FA /* ICMMapViewController.m */ = {isa = PBXFileReference; fileEncoding = 4; lastKnownFileType = sourcecode.c.objc; path = ICMMapViewController.m; sourceTree = "<group>"; };
		B3D00BE815D8F349002B205C /* NSData+CDBase64.h */ = {isa = PBXFileReference; fileEncoding = 4; lastKnownFileType = sourcecode.c.h; path = "NSData+CDBase64.h"; sourceTree = "<group>"; };
		B3D00BE915D8F349002B205C /* NSString+CDBase64.h */ = {isa = PBXFileReference; fileEncoding = 4; lastKnownFileType = sourcecode.c.h; path = "NSString+CDBase64.h"; sourceTree = "<group>"; };
		B3D00BEA15D8F349002B205C /* NSData+CDBase64.m */ = {isa = PBXFileReference; fileEncoding = 4; lastKnownFileType = sourcecode.c.objc; path = "NSData+CDBase64.m"; sourceTree = "<group>"; };
		B3D00BEB15D8F349002B205C /* NSString+CDBase64.m */ = {isa = PBXFileReference; fileEncoding = 4; lastKnownFileType = sourcecode.c.objc; path = "NSString+CDBase64.m"; sourceTree = "<group>"; };
		B3D1AD3415DF366A006A63C1 /* open_monitor_200.png */ = {isa = PBXFileReference; lastKnownFileType = image.png; path = open_monitor_200.png; sourceTree = "<group>"; };
		B3EF61381552B4A300D24661 /* icm-ios-agent.app */ = {isa = PBXFileReference; explicitFileType = wrapper.application; includeInIndex = 0; path = "icm-ios-agent.app"; sourceTree = BUILT_PRODUCTS_DIR; };
		B3EF613C1552B4A300D24661 /* UIKit.framework */ = {isa = PBXFileReference; lastKnownFileType = wrapper.framework; name = UIKit.framework; path = System/Library/Frameworks/UIKit.framework; sourceTree = SDKROOT; };
		B3EF613E1552B4A300D24661 /* Foundation.framework */ = {isa = PBXFileReference; lastKnownFileType = wrapper.framework; name = Foundation.framework; path = System/Library/Frameworks/Foundation.framework; sourceTree = SDKROOT; };
		B3EF61401552B4A300D24661 /* CoreGraphics.framework */ = {isa = PBXFileReference; lastKnownFileType = wrapper.framework; name = CoreGraphics.framework; path = System/Library/Frameworks/CoreGraphics.framework; sourceTree = SDKROOT; };
		B3EF61441552B4A300D24661 /* icm-ios-agent-Info.plist */ = {isa = PBXFileReference; lastKnownFileType = text.plist.xml; path = "icm-ios-agent-Info.plist"; sourceTree = "<group>"; };
		B3EF61461552B4A300D24661 /* en */ = {isa = PBXFileReference; lastKnownFileType = text.plist.strings; name = en; path = en.lproj/InfoPlist.strings; sourceTree = "<group>"; };
		B3EF61481552B4A300D24661 /* main.m */ = {isa = PBXFileReference; lastKnownFileType = sourcecode.c.objc; path = main.m; sourceTree = "<group>"; };
		B3EF614A1552B4A300D24661 /* icm-ios-agent-Prefix.pch */ = {isa = PBXFileReference; lastKnownFileType = sourcecode.c.h; path = "icm-ios-agent-Prefix.pch"; sourceTree = "<group>"; };
		B3EF614B1552B4A300D24661 /* ICMAppDelegate.h */ = {isa = PBXFileReference; lastKnownFileType = sourcecode.c.h; path = ICMAppDelegate.h; sourceTree = "<group>"; };
		B3EF614C1552B4A300D24661 /* ICMAppDelegate.m */ = {isa = PBXFileReference; lastKnownFileType = sourcecode.c.objc; path = ICMAppDelegate.m; sourceTree = "<group>"; };
		B3EF614F1552B4A300D24661 /* en */ = {isa = PBXFileReference; lastKnownFileType = file.storyboard; name = en; path = en.lproj/MainStoryboard_iPhone.storyboard; sourceTree = "<group>"; };
		B3EF61521552B4A300D24661 /* en */ = {isa = PBXFileReference; lastKnownFileType = file.storyboard; name = en; path = en.lproj/MainStoryboard_iPad.storyboard; sourceTree = "<group>"; };
		B3EF61541552B4A300D24661 /* ICMSettingsViewController.h */ = {isa = PBXFileReference; lastKnownFileType = sourcecode.c.h; path = ICMSettingsViewController.h; sourceTree = "<group>"; };
		B3EF61551552B4A300D24661 /* ICMSettingsViewController.m */ = {isa = PBXFileReference; lastKnownFileType = sourcecode.c.objc; path = ICMSettingsViewController.m; sourceTree = "<group>"; };
		B3EF61571552B4A300D24661 /* first.png */ = {isa = PBXFileReference; lastKnownFileType = image.png; path = first.png; sourceTree = "<group>"; };
		B3EF61591552B4A300D24661 /* first@2x.png */ = {isa = PBXFileReference; lastKnownFileType = image.png; path = "first@2x.png"; sourceTree = "<group>"; };
		B3EF615B1552B4A300D24661 /* ICMSecondViewController.h */ = {isa = PBXFileReference; lastKnownFileType = sourcecode.c.h; path = ICMSecondViewController.h; sourceTree = "<group>"; };
		B3EF615C1552B4A300D24661 /* ICMSecondViewController.m */ = {isa = PBXFileReference; lastKnownFileType = sourcecode.c.objc; path = ICMSecondViewController.m; sourceTree = "<group>"; };
		B3EF615E1552B4A300D24661 /* second.png */ = {isa = PBXFileReference; lastKnownFileType = image.png; path = second.png; sourceTree = "<group>"; };
		B3EF61601552B4A300D24661 /* second@2x.png */ = {isa = PBXFileReference; lastKnownFileType = image.png; path = "second@2x.png"; sourceTree = "<group>"; };
		B3EF61671552B4A300D24661 /* icm-ios-agentTests.octest */ = {isa = PBXFileReference; explicitFileType = wrapper.cfbundle; includeInIndex = 0; path = "icm-ios-agentTests.octest"; sourceTree = BUILT_PRODUCTS_DIR; };
		B3EF61681552B4A300D24661 /* SenTestingKit.framework */ = {isa = PBXFileReference; lastKnownFileType = wrapper.framework; name = SenTestingKit.framework; path = Library/Frameworks/SenTestingKit.framework; sourceTree = DEVELOPER_DIR; };
		B3EF61701552B4A300D24661 /* icm-ios-agentTests-Info.plist */ = {isa = PBXFileReference; lastKnownFileType = text.plist.xml; path = "icm-ios-agentTests-Info.plist"; sourceTree = "<group>"; };
		B3EF61721552B4A300D24661 /* en */ = {isa = PBXFileReference; lastKnownFileType = text.plist.strings; name = en; path = en.lproj/InfoPlist.strings; sourceTree = "<group>"; };
		B3EF61741552B4A300D24661 /* icm_ios_agentTests.h */ = {isa = PBXFileReference; lastKnownFileType = sourcecode.c.h; path = icm_ios_agentTests.h; sourceTree = "<group>"; };
		B3EF61751552B4A300D24661 /* icm_ios_agentTests.m */ = {isa = PBXFileReference; lastKnownFileType = sourcecode.c.objc; path = icm_ios_agentTests.m; sourceTree = "<group>"; };
/* End PBXFileReference section */

/* Begin PBXFrameworksBuildPhase section */
		B3EF61351552B4A300D24661 /* Frameworks */ = {
			isa = PBXFrameworksBuildPhase;
			buildActionMask = 2147483647;
			files = (
				B32211DD15898E980054A059 /* libz.dylib in Frameworks */,
				B3CF442B1578FFFC00B954FA /* CoreLocation.framework in Frameworks */,
				B3CF44291578FFF200B954FA /* MapKit.framework in Frameworks */,
				B3B0FAA8156F706B005FD285 /* CoreData.framework in Frameworks */,
				B314FA1F156E75290066DDBB /* Security.framework in Frameworks */,
				B314FA1D156E751D0066DDBB /* SystemConfiguration.framework in Frameworks */,
				B314FA1B156E750E0066DDBB /* CFNetwork.framework in Frameworks */,
				B3EF613D1552B4A300D24661 /* UIKit.framework in Frameworks */,
				B3EF613F1552B4A300D24661 /* Foundation.framework in Frameworks */,
				B3EF61411552B4A300D24661 /* CoreGraphics.framework in Frameworks */,
			);
			runOnlyForDeploymentPostprocessing = 0;
		};
		B3EF61631552B4A300D24661 /* Frameworks */ = {
			isa = PBXFrameworksBuildPhase;
			buildActionMask = 2147483647;
			files = (
				B3EF61691552B4A300D24661 /* SenTestingKit.framework in Frameworks */,
				B3EF616A1552B4A300D24661 /* UIKit.framework in Frameworks */,
				B3EF616B1552B4A300D24661 /* Foundation.framework in Frameworks */,
			);
			runOnlyForDeploymentPostprocessing = 0;
		};
/* End PBXFrameworksBuildPhase section */

/* Begin PBXGroup section */
		B314F9E4156E53DE0066DDBB /* ICMAggregatorEngine */ = {
			isa = PBXGroup;
			children = (
				B314F9E5156E54410066DDBB /* ICMAggregatorEngine.h */,
				B314F9E6156E54410066DDBB /* ICMAggregatorEngine.mm */,
			);
			name = ICMAggregatorEngine;
			sourceTree = "<group>";
		};
		B314F9E8156E5A680066DDBB /* protobuf */ = {
			isa = PBXGroup;
			children = (
				B3C98A8415D4B8C800D231D9 /* messages.proto */,
				B314F9EA156E5A680066DDBB /* messages.pb.h */,
				B314F9E9156E5A680066DDBB /* messages.pb.cc */,
			);
			path = protobuf;
			sourceTree = "<group>";
		};
		B314F9EC156E5F680066DDBB /* Crytpo */ = {
			isa = PBXGroup;
			children = (
				B35C4882157F418300F5045C /* Crypto.h */,
				B35C4883157F418300F5045C /* Crypto.m */,
				B3240770157CB99A0080CFF0 /* CryptoCommon.h */,
				B3240771157CB99A0080CFF0 /* SecKeyWrapper.h */,
				B3240772157CB99A0080CFF0 /* SecKeyWrapper.m */,
				B314F9EE156E5F680066DDBB /* Base64Transcoder.h */,
				B314F9ED156E5F680066DDBB /* Base64Transcoder.c */,
				B314F9F0156E5F680066DDBB /* hmac.h */,
				B314F9EF156E5F680066DDBB /* hmac.c */,
				B314F9F2156E5F680066DDBB /* sha1.h */,
				B314F9F1156E5F680066DDBB /* sha1.c */,
			);
			path = Crytpo;
			sourceTree = "<group>";
		};
		B314F9FB156E73770066DDBB /* MKNetworkKit */ = {
			isa = PBXGroup;
			children = (
				B314F9FC156E73770066DDBB /* Categories */,
				B314FA09156E73770066DDBB /* MKNetworkEngine.h */,
				B314FA0A156E73770066DDBB /* MKNetworkEngine.m */,
				B314FA0B156E73770066DDBB /* MKNetworkKit.h */,
				B314FA0C156E73770066DDBB /* MKNetworkOperation.h */,
				B314FA0D156E73770066DDBB /* MKNetworkOperation.m */,
				B314FA0E156E73770066DDBB /* Reachability */,
			);
			path = MKNetworkKit;
			sourceTree = "<group>";
		};
		B314F9FC156E73770066DDBB /* Categories */ = {
			isa = PBXGroup;
			children = (
				B314F9FF156E73770066DDBB /* NSData+Base64.h */,
				B314FA00156E73770066DDBB /* NSData+Base64.m */,
				B314FA01156E73770066DDBB /* NSDate+RFC1123.h */,
				B314FA02156E73770066DDBB /* NSDate+RFC1123.m */,
				B314FA03156E73770066DDBB /* NSDictionary+RequestEncoding.h */,
				B314FA04156E73770066DDBB /* NSDictionary+RequestEncoding.m */,
				B314FA05156E73770066DDBB /* NSString+MKNetworkKitAdditions.h */,
				B314FA06156E73770066DDBB /* NSString+MKNetworkKitAdditions.m */,
				B314FA07156E73770066DDBB /* UIAlertView+MKNetworkKitAdditions.h */,
				B314FA08156E73770066DDBB /* UIAlertView+MKNetworkKitAdditions.m */,
			);
			path = Categories;
			sourceTree = "<group>";
		};
		B314FA0E156E73770066DDBB /* Reachability */ = {
			isa = PBXGroup;
			children = (
				B314FA0F156E73770066DDBB /* Reachability.h */,
				B314FA10156E73770066DDBB /* Reachability.m */,
			);
			path = Reachability;
			sourceTree = "<group>";
		};
		B322117515898C4E0054A059 /* protobuf-ios */ = {
			isa = PBXGroup;
			children = (
				B32211DB15898DB00054A059 /* config.h */,
				B322117615898C4E0054A059 /* google */,
			);
			path = "protobuf-ios";
			sourceTree = "<group>";
		};
		B322117615898C4E0054A059 /* google */ = {
			isa = PBXGroup;
			children = (
				B322117715898C4E0054A059 /* protobuf */,
			);
			path = google;
			sourceTree = "<group>";
		};
		B322117715898C4E0054A059 /* protobuf */ = {
			isa = PBXGroup;
			children = (
				B322117815898C4E0054A059 /* descriptor.cc */,
				B322117915898C4E0054A059 /* descriptor.h */,
				B322117A15898C4E0054A059 /* descriptor.pb.cc */,
				B322117B15898C4E0054A059 /* descriptor.pb.h */,
				B322117C15898C4E0054A059 /* descriptor.proto */,
				B322117D15898C4E0054A059 /* descriptor_database.cc */,
				B322117E15898C4E0054A059 /* descriptor_database.h */,
				B322117F15898C4E0054A059 /* dynamic_message.cc */,
				B322118015898C4E0054A059 /* dynamic_message.h */,
				B322118115898C4E0054A059 /* extension_set.cc */,
				B322118215898C4E0054A059 /* extension_set.h */,
				B322118315898C4E0054A059 /* extension_set_heavy.cc */,
				B322118415898C4E0054A059 /* generated_message_reflection.cc */,
				B322118515898C4E0054A059 /* generated_message_reflection.h */,
				B322118615898C4E0054A059 /* generated_message_util.cc */,
				B322118715898C4E0054A059 /* generated_message_util.h */,
				B322118815898C4E0054A059 /* io */,
				B322119915898C4E0054A059 /* message.cc */,
				B322119A15898C4E0054A059 /* message.h */,
				B322119B15898C4E0054A059 /* message_lite.cc */,
				B322119C15898C4E0054A059 /* message_lite.h */,
				B322119D15898C4E0054A059 /* package_info.h */,
				B322119E15898C4E0054A059 /* reflection_ops.cc */,
				B322119F15898C4E0054A059 /* reflection_ops.h */,
				B32211A015898C4E0054A059 /* repeated_field.cc */,
				B32211A115898C4E0054A059 /* repeated_field.h */,
				B32211A215898C4E0054A059 /* service.cc */,
				B32211A315898C4E0054A059 /* service.h */,
				B32211A415898C4E0054A059 /* stubs */,
				B32211B115898C4E0054A059 /* text_format.cc */,
				B32211B215898C4E0054A059 /* text_format.h */,
				B32211B315898C4E0054A059 /* unknown_field_set.cc */,
				B32211B415898C4E0054A059 /* unknown_field_set.h */,
				B32211B515898C4E0054A059 /* wire_format.cc */,
				B32211B615898C4E0054A059 /* wire_format.h */,
				B32211B715898C4E0054A059 /* wire_format_lite.cc */,
				B32211B815898C4E0054A059 /* wire_format_lite.h */,
				B32211B915898C4E0054A059 /* wire_format_lite_inl.h */,
			);
			path = protobuf;
			sourceTree = "<group>";
		};
		B322118815898C4E0054A059 /* io */ = {
			isa = PBXGroup;
			children = (
				B322118915898C4E0054A059 /* coded_stream.cc */,
				B322118A15898C4E0054A059 /* coded_stream.h */,
				B322118B15898C4E0054A059 /* coded_stream_inl.h */,
				B322118C15898C4E0054A059 /* gzip_stream.cc */,
				B322118D15898C4E0054A059 /* gzip_stream.h */,
				B322118E15898C4E0054A059 /* package_info.h */,
				B322118F15898C4E0054A059 /* printer.cc */,
				B322119015898C4E0054A059 /* printer.h */,
				B322119115898C4E0054A059 /* tokenizer.cc */,
				B322119215898C4E0054A059 /* tokenizer.h */,
				B322119315898C4E0054A059 /* zero_copy_stream.cc */,
				B322119415898C4E0054A059 /* zero_copy_stream.h */,
				B322119515898C4E0054A059 /* zero_copy_stream_impl.cc */,
				B322119615898C4E0054A059 /* zero_copy_stream_impl.h */,
				B322119715898C4E0054A059 /* zero_copy_stream_impl_lite.cc */,
				B322119815898C4E0054A059 /* zero_copy_stream_impl_lite.h */,
			);
			path = io;
			sourceTree = "<group>";
		};
		B32211A415898C4E0054A059 /* stubs */ = {
			isa = PBXGroup;
			children = (
				B32211A515898C4E0054A059 /* common.cc */,
				B32211A615898C4E0054A059 /* common.h */,
				B32211A715898C4E0054A059 /* hash.h */,
				B32211A815898C4E0054A059 /* map-util.h */,
				B32211A915898C4E0054A059 /* once.cc */,
				B32211AA15898C4E0054A059 /* once.h */,
				B32211AB15898C4E0054A059 /* stl_util-inl.h */,
				B32211AC15898C4E0054A059 /* structurally_valid.cc */,
				B32211AD15898C4E0054A059 /* strutil.cc */,
				B32211AE15898C4E0054A059 /* strutil.h */,
				B32211AF15898C4E0054A059 /* substitute.cc */,
				B32211B015898C4E0054A059 /* substitute.h */,
			);
			path = stubs;
			sourceTree = "<group>";
		};
		B35C4888157F41D200F5045C /* Helpers */ = {
			isa = PBXGroup;
			children = (
				B3D00BE815D8F349002B205C /* NSData+CDBase64.h */,
				B3D00BEA15D8F349002B205C /* NSData+CDBase64.m */,
				B3D00BE915D8F349002B205C /* NSString+CDBase64.h */,
				B3D00BEB15D8F349002B205C /* NSString+CDBase64.m */,
				B35C4889157F421D00F5045C /* Exception.h */,
				B35C488A157F421D00F5045C /* Exception.m */,
				B35C488B157F421D00F5045C /* Global.h */,
				B35C488C157F421D00F5045C /* Global.m */,
				B3B0FAB2156F8921005FD285 /* NSStringHelper.h */,
				B3B0FAB3156F8921005FD285 /* NSStringHelper.m */,
				B3071BA5159DEC9700E70E3C /* NSData+Conversion.h */,
				B3071BA6159DEC9700E70E3C /* NSData+Conversion.m */,
			);
			name = Helpers;
			sourceTree = "<group>";
		};
		B3718EC8157258E100E6B2AE /* CocoaAsyncSocket */ = {
			isa = PBXGroup;
			children = (
				B3718EC9157258E200E6B2AE /* GCDAsyncSocket.h */,
				B3718ECA157258E200E6B2AE /* GCDAsyncSocket.m */,
				B3718ECB157258E200E6B2AE /* GCDAsyncUdpSocket.h */,
				B3718ECC157258E200E6B2AE /* GCDAsyncUdpSocket.m */,
			);
			path = CocoaAsyncSocket;
			sourceTree = "<group>";
		};
		B381E6F5157121920034BD46 /* resources */ = {
			isa = PBXGroup;
			children = (
				B3D1AD3415DF366A006A63C1 /* open_monitor_200.png */,
				B391B2F815DA90D8009D71A7 /* Icon-Small.png */,
				B391B2F915DA90D8009D71A7 /* Icon-Small@2x.png */,
				B391B2F615DA90A1009D71A7 /* Icon.png */,
				B391B2F415DA908E009D71A7 /* Icon@2x.png */,
				B3C98A9215D4DA3F00D231D9 /* map.png */,
				B3C98A9315D4DA3F00D231D9 /* map@2x.png */,
				B3C98A8615D4CA7A00D231D9 /* service.png */,
				B3C98A9415D4DA3F00D231D9 /* service@2x.png */,
				B3C98A8815D4CA7A00D231D9 /* settings.png */,
				B3C98A9515D4DA3F00D231D9 /* settings@2x.png */,
				B3C98A8A15D4CA7A00D231D9 /* website.png */,
				B3C98A9615D4DA3F00D231D9 /* website@2x.png */,
				B35C488F157F456400F5045C /* privateKey.pem */,
				B35C4890157F456400F5045C /* publicKey.pem */,
				B381E6F6157121C10034BD46 /* pinhead-green.png */,
				B381E6F7157121C10034BD46 /* pinhead-green@2x.png */,
				B381E6F8157121C10034BD46 /* pinhead-red.png */,
				B381E6F9157121C10034BD46 /* pinhead-red@2x.png */,
				B3EF61571552B4A300D24661 /* first.png */,
				B3EF61591552B4A300D24661 /* first@2x.png */,
				B3EF615E1552B4A300D24661 /* second.png */,
				B3EF61601552B4A300D24661 /* second@2x.png */,
			);
			name = resources;
			sourceTree = "<group>";
		};
		B3B0FAA6156F6FC7005FD285 /* Model */ = {
			isa = PBXGroup;
			children = (
				B3965A0015DFD1BD00966123 /* model.xcdatamodeld */,
				B3965A0615DFD4A500966123 /* ICMWebsite.h */,
				B3965A0715DFD4A500966123 /* ICMWebsite.m */,
				B3965A0315DFD4A400966123 /* ICMService.h */,
				B3965A0415DFD4A400966123 /* ICMService.m */,
			);
			name = Model;
			sourceTree = "<group>";
		};
		B3EF612D1552B4A200D24661 = {
			isa = PBXGroup;
			children = (
				B3902D0C15DA887400EB1D83 /* Settings.bundle */,
				B3EF61421552B4A300D24661 /* icm-ios-agent */,
				B3EF616E1552B4A300D24661 /* icm-ios-agentTests */,
				B3718EC8157258E100E6B2AE /* CocoaAsyncSocket */,
				B314F9FB156E73770066DDBB /* MKNetworkKit */,
				B322117515898C4E0054A059 /* protobuf-ios */,
				B3EF613B1552B4A300D24661 /* Frameworks */,
				B3EF61391552B4A300D24661 /* Products */,
			);
			sourceTree = "<group>";
		};
		B3EF61391552B4A300D24661 /* Products */ = {
			isa = PBXGroup;
			children = (
				B3EF61381552B4A300D24661 /* icm-ios-agent.app */,
				B3EF61671552B4A300D24661 /* icm-ios-agentTests.octest */,
			);
			name = Products;
			sourceTree = "<group>";
		};
		B3EF613B1552B4A300D24661 /* Frameworks */ = {
			isa = PBXGroup;
			children = (
				B32211DC15898E980054A059 /* libz.dylib */,
				B3CF442A1578FFFB00B954FA /* CoreLocation.framework */,
				B3CF44281578FFF200B954FA /* MapKit.framework */,
				B3B0FAA7156F706B005FD285 /* CoreData.framework */,
				B314FA1E156E75280066DDBB /* Security.framework */,
				B314FA1C156E751D0066DDBB /* SystemConfiguration.framework */,
				B314FA1A156E750D0066DDBB /* CFNetwork.framework */,
				B3EF613C1552B4A300D24661 /* UIKit.framework */,
				B3EF613E1552B4A300D24661 /* Foundation.framework */,
				B3EF61401552B4A300D24661 /* CoreGraphics.framework */,
				B3EF61681552B4A300D24661 /* SenTestingKit.framework */,
			);
			name = Frameworks;
			sourceTree = "<group>";
		};
		B3EF61421552B4A300D24661 /* icm-ios-agent */ = {
			isa = PBXGroup;
			children = (
				B3EF614E1552B4A300D24661 /* MainStoryboard_iPhone.storyboard */,
				B3EF61511552B4A300D24661 /* MainStoryboard_iPad.storyboard */,
				B3EF614B1552B4A300D24661 /* ICMAppDelegate.h */,
				B3EF614C1552B4A300D24661 /* ICMAppDelegate.m */,
				B319A32B15DB526700C3B927 /* ICMRootViewController.h */,
				B319A32C15DB526700C3B927 /* ICMRootViewController.m */,
				B399882A15BD6CD200C3FF97 /* LoginFormViewController.h */,
				B399882B15BD6CD200C3FF97 /* LoginFormViewController.m */,
				B3EF61541552B4A300D24661 /* ICMSettingsViewController.h */,
				B3EF61551552B4A300D24661 /* ICMSettingsViewController.m */,
				B3EF615B1552B4A300D24661 /* ICMSecondViewController.h */,
				B3EF615C1552B4A300D24661 /* ICMSecondViewController.m */,
				B3B0FAA9156F848E005FD285 /* CoreDataTableViewController.h */,
				B3B0FAAA156F848E005FD285 /* CoreDataTableViewController.m */,
				B3718EC6157242E900E6B2AE /* ICMWebsiteTableViewController.h */,
				B3B0FAAC156F848F005FD285 /* ICMWebsiteTableViewController.m */,
				B3718EC31572424A00E6B2AE /* ICMServiceTableViewController.h */,
				B3718EC41572424B00E6B2AE /* ICMServiceTableViewController.m */,
				B3CF442F1579043200B954FA /* ICMMapViewController.h */,
				B3CF44301579043200B954FA /* ICMMapViewController.m */,
				B33DFD541579DB89005CF9EE /* ICMAnnotation.h */,
				B33DFD551579DB89005CF9EE /* ICMAnnotation.m */,
				B37BEAD115C6A98B00729133 /* WebsiteSuggestionViewController.h */,
				B37BEAD215C6A98B00729133 /* WebsiteSuggestionViewController.m */,
				B37BEAD515C6AD2A00729133 /* ServiceSuggestionViewController.h */,
				B37BEAD615C6AD2A00729133 /* ServiceSuggestionViewController.m */,
				B345740E158C7CB000D70E6B /* ICMUpdater.h */,
				B345740F158C7CB000D70E6B /* ICMUpdater.m */,
				B314F9E4156E53DE0066DDBB /* ICMAggregatorEngine */,
				B35C4888157F41D200F5045C /* Helpers */,
				B3B0FAA6156F6FC7005FD285 /* Model */,
				B314F9EC156E5F680066DDBB /* Crytpo */,
				B314F9E8156E5A680066DDBB /* protobuf */,
				B381E6F5157121920034BD46 /* resources */,
				B3EF61431552B4A300D24661 /* Supporting Files */,
			);
			path = "icm-ios-agent";
			sourceTree = "<group>";
		};
		B3EF61431552B4A300D24661 /* Supporting Files */ = {
			isa = PBXGroup;
			children = (
				B3EF61441552B4A300D24661 /* icm-ios-agent-Info.plist */,
				B3EF61451552B4A300D24661 /* InfoPlist.strings */,
				B3EF61481552B4A300D24661 /* main.m */,
				B3EF614A1552B4A300D24661 /* icm-ios-agent-Prefix.pch */,
			);
			name = "Supporting Files";
			sourceTree = "<group>";
		};
		B3EF616E1552B4A300D24661 /* icm-ios-agentTests */ = {
			isa = PBXGroup;
			children = (
				B3EF61741552B4A300D24661 /* icm_ios_agentTests.h */,
				B3EF61751552B4A300D24661 /* icm_ios_agentTests.m */,
				B3EF616F1552B4A300D24661 /* Supporting Files */,
			);
			path = "icm-ios-agentTests";
			sourceTree = "<group>";
		};
		B3EF616F1552B4A300D24661 /* Supporting Files */ = {
			isa = PBXGroup;
			children = (
				B3EF61701552B4A300D24661 /* icm-ios-agentTests-Info.plist */,
				B3EF61711552B4A300D24661 /* InfoPlist.strings */,
			);
			name = "Supporting Files";
			sourceTree = "<group>";
		};
/* End PBXGroup section */

/* Begin PBXNativeTarget section */
		B3EF61371552B4A300D24661 /* icm-ios-agent */ = {
			isa = PBXNativeTarget;
			buildConfigurationList = B3EF61791552B4A300D24661 /* Build configuration list for PBXNativeTarget "icm-ios-agent" */;
			buildPhases = (
				B3EF61341552B4A300D24661 /* Sources */,
				B3EF61351552B4A300D24661 /* Frameworks */,
				B3EF61361552B4A300D24661 /* Resources */,
			);
			buildRules = (
			);
			dependencies = (
			);
			name = "icm-ios-agent";
			productName = "icm-ios-agent";
			productReference = B3EF61381552B4A300D24661 /* icm-ios-agent.app */;
			productType = "com.apple.product-type.application";
		};
		B3EF61661552B4A300D24661 /* icm-ios-agentTests */ = {
			isa = PBXNativeTarget;
			buildConfigurationList = B3EF617C1552B4A300D24661 /* Build configuration list for PBXNativeTarget "icm-ios-agentTests" */;
			buildPhases = (
				B3EF61621552B4A300D24661 /* Sources */,
				B3EF61631552B4A300D24661 /* Frameworks */,
				B3EF61641552B4A300D24661 /* Resources */,
				B3EF61651552B4A300D24661 /* ShellScript */,
			);
			buildRules = (
			);
			dependencies = (
				B3EF616D1552B4A300D24661 /* PBXTargetDependency */,
			);
			name = "icm-ios-agentTests";
			productName = "icm-ios-agentTests";
			productReference = B3EF61671552B4A300D24661 /* icm-ios-agentTests.octest */;
			productType = "com.apple.product-type.bundle";
		};
/* End PBXNativeTarget section */

/* Begin PBXProject section */
		B3EF612F1552B4A300D24661 /* Project object */ = {
			isa = PBXProject;
			attributes = {
				CLASSPREFIX = ICM;
				LastUpgradeCheck = 0430;
			};
			buildConfigurationList = B3EF61321552B4A300D24661 /* Build configuration list for PBXProject "icm-ios-agent" */;
			compatibilityVersion = "Xcode 3.2";
			developmentRegion = English;
			hasScannedForEncodings = 0;
			knownRegions = (
				en,
			);
			mainGroup = B3EF612D1552B4A200D24661;
			productRefGroup = B3EF61391552B4A300D24661 /* Products */;
			projectDirPath = "";
			projectRoot = "";
			targets = (
				B3EF61371552B4A300D24661 /* icm-ios-agent */,
				B3EF61661552B4A300D24661 /* icm-ios-agentTests */,
			);
		};
/* End PBXProject section */

/* Begin PBXResourcesBuildPhase section */
		B3EF61361552B4A300D24661 /* Resources */ = {
			isa = PBXResourcesBuildPhase;
			buildActionMask = 2147483647;
			files = (
				B3EF61471552B4A300D24661 /* InfoPlist.strings in Resources */,
				B3EF61501552B4A300D24661 /* MainStoryboard_iPhone.storyboard in Resources */,
				B3EF61531552B4A300D24661 /* MainStoryboard_iPad.storyboard in Resources */,
				B3EF61581552B4A300D24661 /* first.png in Resources */,
				B3EF615A1552B4A300D24661 /* first@2x.png in Resources */,
				B3EF615F1552B4A300D24661 /* second.png in Resources */,
				B3EF61611552B4A300D24661 /* second@2x.png in Resources */,
				B381E6FA157121C10034BD46 /* pinhead-green.png in Resources */,
				B381E6FB157121C10034BD46 /* pinhead-green@2x.png in Resources */,
				B381E6FC157121C10034BD46 /* pinhead-red.png in Resources */,
				B381E6FD157121C10034BD46 /* pinhead-red@2x.png in Resources */,
				B35C4891157F456400F5045C /* privateKey.pem in Resources */,
				B35C4892157F456400F5045C /* publicKey.pem in Resources */,
				B32211BC15898C4E0054A059 /* descriptor.proto in Resources */,
				B3C98A8515D4B8C800D231D9 /* messages.proto in Resources */,
				B3C98A8C15D4CA7A00D231D9 /* service.png in Resources */,
				B3C98A8E15D4CA7A00D231D9 /* settings.png in Resources */,
				B3C98A9015D4CA7A00D231D9 /* website.png in Resources */,
				B3C98A9715D4DA3F00D231D9 /* map.png in Resources */,
				B3C98A9815D4DA3F00D231D9 /* map@2x.png in Resources */,
				B3C98A9915D4DA3F00D231D9 /* service@2x.png in Resources */,
				B3C98A9A15D4DA3F00D231D9 /* settings@2x.png in Resources */,
				B3C98A9B15D4DA3F00D231D9 /* website@2x.png in Resources */,
				B3902D0D15DA887400EB1D83 /* Settings.bundle in Resources */,
				B391B2F515DA908E009D71A7 /* Icon@2x.png in Resources */,
				B391B2F715DA90A2009D71A7 /* Icon.png in Resources */,
				B391B2FA15DA90D8009D71A7 /* Icon-Small.png in Resources */,
				B391B2FB15DA90D8009D71A7 /* Icon-Small@2x.png in Resources */,
				B3D1AD3515DF366A006A63C1 /* open_monitor_200.png in Resources */,
			);
			runOnlyForDeploymentPostprocessing = 0;
		};
		B3EF61641552B4A300D24661 /* Resources */ = {
			isa = PBXResourcesBuildPhase;
			buildActionMask = 2147483647;
			files = (
				B3EF61731552B4A300D24661 /* InfoPlist.strings in Resources */,
			);
			runOnlyForDeploymentPostprocessing = 0;
		};
/* End PBXResourcesBuildPhase section */

/* Begin PBXShellScriptBuildPhase section */
		B3EF61651552B4A300D24661 /* ShellScript */ = {
			isa = PBXShellScriptBuildPhase;
			buildActionMask = 2147483647;
			files = (
			);
			inputPaths = (
			);
			outputPaths = (
			);
			runOnlyForDeploymentPostprocessing = 0;
			shellPath = /bin/sh;
			shellScript = "# Run the unit tests in this test bundle.\n\"${SYSTEM_DEVELOPER_DIR}/Tools/RunUnitTests\"\n";
		};
/* End PBXShellScriptBuildPhase section */

/* Begin PBXSourcesBuildPhase section */
		B3EF61341552B4A300D24661 /* Sources */ = {
			isa = PBXSourcesBuildPhase;
			buildActionMask = 2147483647;
			files = (
				B3EF61491552B4A300D24661 /* main.m in Sources */,
				B3EF614D1552B4A300D24661 /* ICMAppDelegate.m in Sources */,
				B3EF61561552B4A300D24661 /* ICMSettingsViewController.m in Sources */,
				B3EF615D1552B4A300D24661 /* ICMSecondViewController.m in Sources */,
				B314F9E7156E54410066DDBB /* ICMAggregatorEngine.mm in Sources */,
				B314F9EB156E5A680066DDBB /* messages.pb.cc in Sources */,
				B314F9F3156E5F680066DDBB /* Base64Transcoder.c in Sources */,
				B314F9F4156E5F680066DDBB /* hmac.c in Sources */,
				B314F9F5156E5F680066DDBB /* sha1.c in Sources */,
				B314FA12156E73770066DDBB /* NSData+Base64.m in Sources */,
				B314FA13156E73770066DDBB /* NSDate+RFC1123.m in Sources */,
				B314FA14156E73770066DDBB /* NSDictionary+RequestEncoding.m in Sources */,
				B314FA15156E73770066DDBB /* NSString+MKNetworkKitAdditions.m in Sources */,
				B314FA16156E73770066DDBB /* UIAlertView+MKNetworkKitAdditions.m in Sources */,
				B314FA17156E73770066DDBB /* MKNetworkEngine.m in Sources */,
				B314FA18156E73770066DDBB /* MKNetworkOperation.m in Sources */,
				B314FA19156E73770066DDBB /* Reachability.m in Sources */,
				B3B0FAAD156F848F005FD285 /* CoreDataTableViewController.m in Sources */,
				B3B0FAAE156F848F005FD285 /* ICMWebsiteTableViewController.m in Sources */,
				B3B0FAB4156F8922005FD285 /* NSStringHelper.m in Sources */,
				B3718EC51572424B00E6B2AE /* ICMServiceTableViewController.m in Sources */,
				B3718ECD157258E200E6B2AE /* GCDAsyncSocket.m in Sources */,
				B3718ECE157258E200E6B2AE /* GCDAsyncUdpSocket.m in Sources */,
				B3CF44311579043200B954FA /* ICMMapViewController.m in Sources */,
				B33DFD561579DB89005CF9EE /* ICMAnnotation.m in Sources */,
				B3240773157CB99A0080CFF0 /* SecKeyWrapper.m in Sources */,
				B35C4886157F418300F5045C /* Crypto.m in Sources */,
				B35C488D157F421D00F5045C /* Exception.m in Sources */,
				B35C488E157F421D00F5045C /* Global.m in Sources */,
				B32211BA15898C4E0054A059 /* descriptor.cc in Sources */,
				B32211BB15898C4E0054A059 /* descriptor.pb.cc in Sources */,
				B32211BD15898C4E0054A059 /* descriptor_database.cc in Sources */,
				B32211BE15898C4E0054A059 /* dynamic_message.cc in Sources */,
				B32211BF15898C4E0054A059 /* extension_set.cc in Sources */,
				B32211C015898C4E0054A059 /* extension_set_heavy.cc in Sources */,
				B32211C115898C4E0054A059 /* generated_message_reflection.cc in Sources */,
				B32211C215898C4E0054A059 /* generated_message_util.cc in Sources */,
				B32211C315898C4E0054A059 /* coded_stream.cc in Sources */,
				B32211C415898C4E0054A059 /* gzip_stream.cc in Sources */,
				B32211C515898C4E0054A059 /* printer.cc in Sources */,
				B32211C615898C4E0054A059 /* tokenizer.cc in Sources */,
				B32211C715898C4E0054A059 /* zero_copy_stream.cc in Sources */,
				B32211C815898C4E0054A059 /* zero_copy_stream_impl.cc in Sources */,
				B32211C915898C4E0054A059 /* zero_copy_stream_impl_lite.cc in Sources */,
				B32211CA15898C4E0054A059 /* message.cc in Sources */,
				B32211CB15898C4E0054A059 /* message_lite.cc in Sources */,
				B32211CC15898C4E0054A059 /* reflection_ops.cc in Sources */,
				B32211CD15898C4E0054A059 /* repeated_field.cc in Sources */,
				B32211CE15898C4E0054A059 /* service.cc in Sources */,
				B32211CF15898C4E0054A059 /* common.cc in Sources */,
				B32211D015898C4E0054A059 /* once.cc in Sources */,
				B32211D115898C4E0054A059 /* structurally_valid.cc in Sources */,
				B32211D215898C4E0054A059 /* strutil.cc in Sources */,
				B32211D315898C4E0054A059 /* substitute.cc in Sources */,
				B32211D415898C4E0054A059 /* text_format.cc in Sources */,
				B32211D515898C4E0054A059 /* unknown_field_set.cc in Sources */,
				B32211D615898C4E0054A059 /* wire_format.cc in Sources */,
				B32211D715898C4E0054A059 /* wire_format_lite.cc in Sources */,
				B3457410158C7CB000D70E6B /* ICMUpdater.m in Sources */,
				B3071BA7159DEC9700E70E3C /* NSData+Conversion.m in Sources */,
				B399882C15BD6CD200C3FF97 /* LoginFormViewController.m in Sources */,
				B37BEAD315C6A98B00729133 /* WebsiteSuggestionViewController.m in Sources */,
				B37BEAD715C6AD2A00729133 /* ServiceSuggestionViewController.m in Sources */,
				B3D00BEC15D8F349002B205C /* NSData+CDBase64.m in Sources */,
				B3D00BED15D8F349002B205C /* NSString+CDBase64.m in Sources */,
				B319A32D15DB526700C3B927 /* ICMRootViewController.m in Sources */,
				B3965A0215DFD1BD00966123 /* model.xcdatamodeld in Sources */,
				B3965A0515DFD4A400966123 /* ICMService.m in Sources */,
				B3965A0815DFD4A500966123 /* ICMWebsite.m in Sources */,
			);
			runOnlyForDeploymentPostprocessing = 0;
		};
		B3EF61621552B4A300D24661 /* Sources */ = {
			isa = PBXSourcesBuildPhase;
			buildActionMask = 2147483647;
			files = (
				B3EF61761552B4A300D24661 /* icm_ios_agentTests.m in Sources */,
			);
			runOnlyForDeploymentPostprocessing = 0;
		};
/* End PBXSourcesBuildPhase section */

/* Begin PBXTargetDependency section */
		B3EF616D1552B4A300D24661 /* PBXTargetDependency */ = {
			isa = PBXTargetDependency;
			target = B3EF61371552B4A300D24661 /* icm-ios-agent */;
			targetProxy = B3EF616C1552B4A300D24661 /* PBXContainerItemProxy */;
		};
/* End PBXTargetDependency section */

/* Begin PBXVariantGroup section */
		B3EF61451552B4A300D24661 /* InfoPlist.strings */ = {
			isa = PBXVariantGroup;
			children = (
				B3EF61461552B4A300D24661 /* en */,
			);
			name = InfoPlist.strings;
			sourceTree = "<group>";
		};
		B3EF614E1552B4A300D24661 /* MainStoryboard_iPhone.storyboard */ = {
			isa = PBXVariantGroup;
			children = (
				B3EF614F1552B4A300D24661 /* en */,
			);
			name = MainStoryboard_iPhone.storyboard;
			sourceTree = "<group>";
		};
		B3EF61511552B4A300D24661 /* MainStoryboard_iPad.storyboard */ = {
			isa = PBXVariantGroup;
			children = (
				B3EF61521552B4A300D24661 /* en */,
			);
			name = MainStoryboard_iPad.storyboard;
			sourceTree = "<group>";
		};
		B3EF61711552B4A300D24661 /* InfoPlist.strings */ = {
			isa = PBXVariantGroup;
			children = (
				B3EF61721552B4A300D24661 /* en */,
			);
			name = InfoPlist.strings;
			sourceTree = "<group>";
		};
/* End PBXVariantGroup section */

/* Begin XCBuildConfiguration section */
		B3EF61771552B4A300D24661 /* Debug */ = {
			isa = XCBuildConfiguration;
			buildSettings = {
				ALWAYS_SEARCH_USER_PATHS = NO;
				ARCHS = "$(ARCHS_STANDARD_32_BIT)";
				CLANG_ENABLE_OBJC_ARC = YES;
				"CODE_SIGN_IDENTITY[sdk=iphoneos*]" = "iPhone Developer";
				COPY_PHASE_STRIP = NO;
				FRAMEWORK_SEARCH_PATHS = "$(SRCROOT)/../boostoniphone/framework";
				GCC_C_LANGUAGE_STANDARD = gnu99;
				GCC_DYNAMIC_NO_PIC = NO;
				GCC_OPTIMIZATION_LEVEL = 0;
				GCC_PREPROCESSOR_DEFINITIONS = (
					"DEBUG=1",
					"$(inherited)",
				);
				GCC_SYMBOLS_PRIVATE_EXTERN = NO;
				GCC_VERSION = com.apple.compilers.llvm.clang.1_0;
				GCC_WARN_ABOUT_RETURN_TYPE = YES;
				GCC_WARN_UNINITIALIZED_AUTOS = YES;
				GCC_WARN_UNUSED_VARIABLE = YES;
				HEADER_SEARCH_PATHS = "$(SRCROOT)/libevent/**";
				IPHONEOS_DEPLOYMENT_TARGET = 5.1;
				LIBRARY_SEARCH_PATHS = "$(SRCROOT)/libevent/**";
				SDKROOT = iphoneos;
				TARGETED_DEVICE_FAMILY = "1,2";
			};
			name = Debug;
		};
		B3EF61781552B4A300D24661 /* Release */ = {
			isa = XCBuildConfiguration;
			buildSettings = {
				ALWAYS_SEARCH_USER_PATHS = NO;
				ARCHS = "$(ARCHS_STANDARD_32_BIT)";
				CLANG_ENABLE_OBJC_ARC = YES;
				"CODE_SIGN_IDENTITY[sdk=iphoneos*]" = "iPhone Developer";
				COPY_PHASE_STRIP = YES;
				FRAMEWORK_SEARCH_PATHS = "$(SRCROOT)/../boostoniphone/framework";
				GCC_C_LANGUAGE_STANDARD = gnu99;
				GCC_VERSION = com.apple.compilers.llvm.clang.1_0;
				GCC_WARN_ABOUT_RETURN_TYPE = YES;
				GCC_WARN_UNINITIALIZED_AUTOS = YES;
				GCC_WARN_UNUSED_VARIABLE = YES;
				HEADER_SEARCH_PATHS = "$(SRCROOT)/libevent/**";
				IPHONEOS_DEPLOYMENT_TARGET = 5.1;
				LIBRARY_SEARCH_PATHS = "$(SRCROOT)/libevent/**";
				OTHER_CFLAGS = "-DNS_BLOCK_ASSERTIONS=1";
				SDKROOT = iphoneos;
				TARGETED_DEVICE_FAMILY = "1,2";
				VALIDATE_PRODUCT = YES;
			};
			name = Release;
		};
		B3EF617A1552B4A300D24661 /* Debug */ = {
			isa = XCBuildConfiguration;
			buildSettings = {
				"CODE_SIGN_IDENTITY[sdk=iphoneos*]" = "";
				FRAMEWORK_SEARCH_PATHS = "$(SRCROOT)/boostoniphone";
				GCC_PRECOMPILE_PREFIX_HEADER = YES;
				GCC_PREFIX_HEADER = "icm-ios-agent/icm-ios-agent-Prefix.pch";
				HEADER_SEARCH_PATHS = (
					"$(SRCROOT)/lib/**",
					"$(SRCROOT)/protobuf-ios/**",
				);
				INFOPLIST_FILE = "icm-ios-agent/icm-ios-agent-Info.plist";
				LIBRARY_SEARCH_PATHS = (
					"\"$(SRCROOT)/lib/i386/lib\"",
					"\"$(SRCROOT)/lib/armv7/lib\"",
				);
				OTHER_LDFLAGS = "-v";
				PRODUCT_NAME = "$(TARGET_NAME)";
				WRAPPER_EXTENSION = app;
			};
			name = Debug;
		};
		B3EF617B1552B4A300D24661 /* Release */ = {
			isa = XCBuildConfiguration;
			buildSettings = {
				"CODE_SIGN_IDENTITY[sdk=iphoneos*]" = "";
				FRAMEWORK_SEARCH_PATHS = "$(SRCROOT)/boostoniphone";
				GCC_PRECOMPILE_PREFIX_HEADER = YES;
				GCC_PREFIX_HEADER = "icm-ios-agent/icm-ios-agent-Prefix.pch";
				HEADER_SEARCH_PATHS = (
					"$(SRCROOT)/lib/**",
					"$(SRCROOT)/protobuf-ios/**",
				);
				INFOPLIST_FILE = "icm-ios-agent/icm-ios-agent-Info.plist";
				LIBRARY_SEARCH_PATHS = (
					"\"$(SRCROOT)/lib/i386/lib\"",
					"\"$(SRCROOT)/lib/armv7/lib\"",
				);
				OTHER_LDFLAGS = "-v";
				PRODUCT_NAME = "$(TARGET_NAME)";
				WRAPPER_EXTENSION = app;
			};
			name = Release;
		};
		B3EF617D1552B4A300D24661 /* Debug */ = {
			isa = XCBuildConfiguration;
			buildSettings = {
				BUNDLE_LOADER = "$(BUILT_PRODUCTS_DIR)/icm-ios-agent.app/icm-ios-agent";
				FRAMEWORK_SEARCH_PATHS = (
					"$(SDKROOT)/Developer/Library/Frameworks",
					"$(DEVELOPER_LIBRARY_DIR)/Frameworks",
				);
				GCC_PRECOMPILE_PREFIX_HEADER = YES;
				GCC_PREFIX_HEADER = "icm-ios-agent/icm-ios-agent-Prefix.pch";
				INFOPLIST_FILE = "icm-ios-agentTests/icm-ios-agentTests-Info.plist";
				PRODUCT_NAME = "$(TARGET_NAME)";
				TEST_HOST = "$(BUNDLE_LOADER)";
				WRAPPER_EXTENSION = octest;
			};
			name = Debug;
		};
		B3EF617E1552B4A300D24661 /* Release */ = {
			isa = XCBuildConfiguration;
			buildSettings = {
				BUNDLE_LOADER = "$(BUILT_PRODUCTS_DIR)/icm-ios-agent.app/icm-ios-agent";
				FRAMEWORK_SEARCH_PATHS = (
					"$(SDKROOT)/Developer/Library/Frameworks",
					"$(DEVELOPER_LIBRARY_DIR)/Frameworks",
				);
				GCC_PRECOMPILE_PREFIX_HEADER = YES;
				GCC_PREFIX_HEADER = "icm-ios-agent/icm-ios-agent-Prefix.pch";
				INFOPLIST_FILE = "icm-ios-agentTests/icm-ios-agentTests-Info.plist";
				PRODUCT_NAME = "$(TARGET_NAME)";
				TEST_HOST = "$(BUNDLE_LOADER)";
				WRAPPER_EXTENSION = octest;
			};
			name = Release;
		};
/* End XCBuildConfiguration section */

/* Begin XCConfigurationList section */
		B3EF61321552B4A300D24661 /* Build configuration list for PBXProject "icm-ios-agent" */ = {
			isa = XCConfigurationList;
			buildConfigurations = (
				B3EF61771552B4A300D24661 /* Debug */,
				B3EF61781552B4A300D24661 /* Release */,
			);
			defaultConfigurationIsVisible = 0;
			defaultConfigurationName = Release;
		};
		B3EF61791552B4A300D24661 /* Build configuration list for PBXNativeTarget "icm-ios-agent" */ = {
			isa = XCConfigurationList;
			buildConfigurations = (
				B3EF617A1552B4A300D24661 /* Debug */,
				B3EF617B1552B4A300D24661 /* Release */,
			);
			defaultConfigurationIsVisible = 0;
			defaultConfigurationName = Release;
		};
		B3EF617C1552B4A300D24661 /* Build configuration list for PBXNativeTarget "icm-ios-agentTests" */ = {
			isa = XCConfigurationList;
			buildConfigurations = (
				B3EF617D1552B4A300D24661 /* Debug */,
				B3EF617E1552B4A300D24661 /* Release */,
			);
			defaultConfigurationIsVisible = 0;
			defaultConfigurationName = Release;
		};
/* End XCConfigurationList section */

/* Begin XCVersionGroup section */
		B3965A0015DFD1BD00966123 /* model.xcdatamodeld */ = {
			isa = XCVersionGroup;
			children = (
				B3965A0115DFD1BD00966123 /* model.xcdatamodel */,
			);
			currentVersion = B3965A0115DFD1BD00966123 /* model.xcdatamodel */;
			path = model.xcdatamodeld;
			sourceTree = "<group>";
			versionGroupType = wrapper.xcdatamodel;
		};
/* End XCVersionGroup section */
	};
	rootObject = B3EF612F1552B4A300D24661 /* Project object */;
}
