// !$*UTF8*$!
{
	archiveVersion = 1;
	classes = {
	};
	objectVersion = 46;
	objects = {

/* Begin PBXBuildFile section */
		B3EF613D1552B4A300D24661 /* UIKit.framework in Frameworks */ = {isa = PBXBuildFile; fileRef = B3EF613C1552B4A300D24661 /* UIKit.framework */; };
		B3EF613F1552B4A300D24661 /* Foundation.framework in Frameworks */ = {isa = PBXBuildFile; fileRef = B3EF613E1552B4A300D24661 /* Foundation.framework */; };
		B3EF61411552B4A300D24661 /* CoreGraphics.framework in Frameworks */ = {isa = PBXBuildFile; fileRef = B3EF61401552B4A300D24661 /* CoreGraphics.framework */; };
		B3EF61471552B4A300D24661 /* InfoPlist.strings in Resources */ = {isa = PBXBuildFile; fileRef = B3EF61451552B4A300D24661 /* InfoPlist.strings */; };
		B3EF61491552B4A300D24661 /* main.m in Sources */ = {isa = PBXBuildFile; fileRef = B3EF61481552B4A300D24661 /* main.m */; };
		B3EF614D1552B4A300D24661 /* ICMAppDelegate.m in Sources */ = {isa = PBXBuildFile; fileRef = B3EF614C1552B4A300D24661 /* ICMAppDelegate.m */; };
		B3EF61501552B4A300D24661 /* MainStoryboard_iPhone.storyboard in Resources */ = {isa = PBXBuildFile; fileRef = B3EF614E1552B4A300D24661 /* MainStoryboard_iPhone.storyboard */; };
		B3EF61531552B4A300D24661 /* MainStoryboard_iPad.storyboard in Resources */ = {isa = PBXBuildFile; fileRef = B3EF61511552B4A300D24661 /* MainStoryboard_iPad.storyboard */; };
		B3EF61561552B4A300D24661 /* ICMFirstViewController.m in Sources */ = {isa = PBXBuildFile; fileRef = B3EF61551552B4A300D24661 /* ICMFirstViewController.m */; };
		B3EF61581552B4A300D24661 /* first.png in Resources */ = {isa = PBXBuildFile; fileRef = B3EF61571552B4A300D24661 /* first.png */; };
		B3EF615A1552B4A300D24661 /* first@2x.png in Resources */ = {isa = PBXBuildFile; fileRef = B3EF61591552B4A300D24661 /* first@2x.png */; };
		B3EF615D1552B4A300D24661 /* ICMSecondViewController.m in Sources */ = {isa = PBXBuildFile; fileRef = B3EF615C1552B4A300D24661 /* ICMSecondViewController.m */; };
		B3EF615F1552B4A300D24661 /* second.png in Resources */ = {isa = PBXBuildFile; fileRef = B3EF615E1552B4A300D24661 /* second.png */; };
		B3EF61611552B4A300D24661 /* second@2x.png in Resources */ = {isa = PBXBuildFile; fileRef = B3EF61601552B4A300D24661 /* second@2x.png */; };
		B3EF61691552B4A300D24661 /* SenTestingKit.framework in Frameworks */ = {isa = PBXBuildFile; fileRef = B3EF61681552B4A300D24661 /* SenTestingKit.framework */; };
		B3EF616A1552B4A300D24661 /* UIKit.framework in Frameworks */ = {isa = PBXBuildFile; fileRef = B3EF613C1552B4A300D24661 /* UIKit.framework */; };
		B3EF616B1552B4A300D24661 /* Foundation.framework in Frameworks */ = {isa = PBXBuildFile; fileRef = B3EF613E1552B4A300D24661 /* Foundation.framework */; };
		B3EF61731552B4A300D24661 /* InfoPlist.strings in Resources */ = {isa = PBXBuildFile; fileRef = B3EF61711552B4A300D24661 /* InfoPlist.strings */; };
		B3EF61761552B4A300D24661 /* icm_ios_agentTests.m in Sources */ = {isa = PBXBuildFile; fileRef = B3EF61751552B4A300D24661 /* icm_ios_agentTests.m */; };
		B3EF62971552B53500D24661 /* gmock-generated-actions.h.pump in Resources */ = {isa = PBXBuildFile; fileRef = B3EF62101552B53500D24661 /* gmock-generated-actions.h.pump */; };
		B3EF62981552B53500D24661 /* gmock-generated-function-mockers.h.pump in Resources */ = {isa = PBXBuildFile; fileRef = B3EF62121552B53500D24661 /* gmock-generated-function-mockers.h.pump */; };
		B3EF62991552B53500D24661 /* gmock-generated-matchers.h.pump in Resources */ = {isa = PBXBuildFile; fileRef = B3EF62141552B53500D24661 /* gmock-generated-matchers.h.pump */; };
		B3EF629A1552B53500D24661 /* gmock-generated-nice-strict.h.pump in Resources */ = {isa = PBXBuildFile; fileRef = B3EF62161552B53500D24661 /* gmock-generated-nice-strict.h.pump */; };
		B3EF629B1552B53500D24661 /* gmock-generated-internal-utils.h.pump in Resources */ = {isa = PBXBuildFile; fileRef = B3EF621D1552B53500D24661 /* gmock-generated-internal-utils.h.pump */; };
		B3EF629C1552B53500D24661 /* plugin.proto in Resources */ = {isa = PBXBuildFile; fileRef = B3EF622D1552B53500D24661 /* plugin.proto */; };
		B3EF629D1552B53500D24661 /* descriptor.proto in Resources */ = {isa = PBXBuildFile; fileRef = B3EF62321552B53500D24661 /* descriptor.proto */; };
		B3EF629E1552B53500D24661 /* gtest-param-test.h.pump in Resources */ = {isa = PBXBuildFile; fileRef = B3EF62511552B53500D24661 /* gtest-param-test.h.pump */; };
		B3EF629F1552B53500D24661 /* gtest-param-util-generated.h.pump in Resources */ = {isa = PBXBuildFile; fileRef = B3EF625F1552B53500D24661 /* gtest-param-util-generated.h.pump */; };
		B3EF62A01552B53500D24661 /* gtest-tuple.h.pump in Resources */ = {isa = PBXBuildFile; fileRef = B3EF62641552B53500D24661 /* gtest-tuple.h.pump */; };
		B3EF62A11552B53500D24661 /* gtest-type-util.h.pump in Resources */ = {isa = PBXBuildFile; fileRef = B3EF62661552B53500D24661 /* gtest-type-util.h.pump */; };
		B3EF62A21552B53500D24661 /* libcryptopp.a in Frameworks */ = {isa = PBXBuildFile; fileRef = B3EF628E1552B53500D24661 /* libcryptopp.a */; };
		B3EF62A31552B53500D24661 /* libcryptopp_d.a in Frameworks */ = {isa = PBXBuildFile; fileRef = B3EF628F1552B53500D24661 /* libcryptopp_d.a */; };
		B3EF62A41552B53500D24661 /* libglog.a in Frameworks */ = {isa = PBXBuildFile; fileRef = B3EF62901552B53500D24661 /* libglog.a */; };
		B3EF62A51552B53500D24661 /* libgmock.a in Frameworks */ = {isa = PBXBuildFile; fileRef = B3EF62911552B53500D24661 /* libgmock.a */; };
		B3EF62A61552B53500D24661 /* libgtest.a in Frameworks */ = {isa = PBXBuildFile; fileRef = B3EF62921552B53500D24661 /* libgtest.a */; };
		B3EF62A71552B53500D24661 /* libmaidsafe_common-0_11_00.a in Frameworks */ = {isa = PBXBuildFile; fileRef = B3EF62931552B53500D24661 /* libmaidsafe_common-0_11_00.a */; };
		B3EF62A81552B53500D24661 /* libmaidsafe_dht-0_32_00.a in Frameworks */ = {isa = PBXBuildFile; fileRef = B3EF62941552B53500D24661 /* libmaidsafe_dht-0_32_00.a */; };
		B3EF62A91552B53500D24661 /* libmaidsafe_transport-0_02_00.a in Frameworks */ = {isa = PBXBuildFile; fileRef = B3EF62951552B53500D24661 /* libmaidsafe_transport-0_02_00.a */; };
		B3EF62AA1552B53500D24661 /* libprotobuf.a in Frameworks */ = {isa = PBXBuildFile; fileRef = B3EF62961552B53500D24661 /* libprotobuf.a */; };
		B3EF62AF1552B7A800D24661 /* commands.cc in Sources */ = {isa = PBXBuildFile; fileRef = B3EF62AC1552B7A800D24661 /* commands.cc */; };
		B3EF62B01552B7A800D24661 /* demo_main.cc in Sources */ = {isa = PBXBuildFile; fileRef = B3EF62AE1552B7A800D24661 /* demo_main.cc */; };
/* End PBXBuildFile section */

/* Begin PBXContainerItemProxy section */
		B3EF616C1552B4A300D24661 /* PBXContainerItemProxy */ = {
			isa = PBXContainerItemProxy;
			containerPortal = B3EF612F1552B4A300D24661 /* Project object */;
			proxyType = 1;
			remoteGlobalIDString = B3EF61371552B4A300D24661;
			remoteInfo = "icm-ios-agent";
		};
/* End PBXContainerItemProxy section */

/* Begin PBXFileReference section */
		B3EF61381552B4A300D24661 /* icm-ios-agent.app */ = {isa = PBXFileReference; explicitFileType = wrapper.application; includeInIndex = 0; path = "icm-ios-agent.app"; sourceTree = BUILT_PRODUCTS_DIR; };
		B3EF613C1552B4A300D24661 /* UIKit.framework */ = {isa = PBXFileReference; lastKnownFileType = wrapper.framework; name = UIKit.framework; path = System/Library/Frameworks/UIKit.framework; sourceTree = SDKROOT; };
		B3EF613E1552B4A300D24661 /* Foundation.framework */ = {isa = PBXFileReference; lastKnownFileType = wrapper.framework; name = Foundation.framework; path = System/Library/Frameworks/Foundation.framework; sourceTree = SDKROOT; };
		B3EF61401552B4A300D24661 /* CoreGraphics.framework */ = {isa = PBXFileReference; lastKnownFileType = wrapper.framework; name = CoreGraphics.framework; path = System/Library/Frameworks/CoreGraphics.framework; sourceTree = SDKROOT; };
		B3EF61441552B4A300D24661 /* icm-ios-agent-Info.plist */ = {isa = PBXFileReference; lastKnownFileType = text.plist.xml; path = "icm-ios-agent-Info.plist"; sourceTree = "<group>"; };
		B3EF61461552B4A300D24661 /* en */ = {isa = PBXFileReference; lastKnownFileType = text.plist.strings; name = en; path = en.lproj/InfoPlist.strings; sourceTree = "<group>"; };
		B3EF61481552B4A300D24661 /* main.m */ = {isa = PBXFileReference; lastKnownFileType = sourcecode.c.objc; path = main.m; sourceTree = "<group>"; };
		B3EF614A1552B4A300D24661 /* icm-ios-agent-Prefix.pch */ = {isa = PBXFileReference; lastKnownFileType = sourcecode.c.h; path = "icm-ios-agent-Prefix.pch"; sourceTree = "<group>"; };
		B3EF614B1552B4A300D24661 /* ICMAppDelegate.h */ = {isa = PBXFileReference; lastKnownFileType = sourcecode.c.h; path = ICMAppDelegate.h; sourceTree = "<group>"; };
		B3EF614C1552B4A300D24661 /* ICMAppDelegate.m */ = {isa = PBXFileReference; lastKnownFileType = sourcecode.c.objc; path = ICMAppDelegate.m; sourceTree = "<group>"; };
		B3EF614F1552B4A300D24661 /* en */ = {isa = PBXFileReference; lastKnownFileType = file.storyboard; name = en; path = en.lproj/MainStoryboard_iPhone.storyboard; sourceTree = "<group>"; };
		B3EF61521552B4A300D24661 /* en */ = {isa = PBXFileReference; lastKnownFileType = file.storyboard; name = en; path = en.lproj/MainStoryboard_iPad.storyboard; sourceTree = "<group>"; };
		B3EF61541552B4A300D24661 /* ICMFirstViewController.h */ = {isa = PBXFileReference; lastKnownFileType = sourcecode.c.h; path = ICMFirstViewController.h; sourceTree = "<group>"; };
		B3EF61551552B4A300D24661 /* ICMFirstViewController.m */ = {isa = PBXFileReference; lastKnownFileType = sourcecode.c.objc; path = ICMFirstViewController.m; sourceTree = "<group>"; };
		B3EF61571552B4A300D24661 /* first.png */ = {isa = PBXFileReference; lastKnownFileType = image.png; path = first.png; sourceTree = "<group>"; };
		B3EF61591552B4A300D24661 /* first@2x.png */ = {isa = PBXFileReference; lastKnownFileType = image.png; path = "first@2x.png"; sourceTree = "<group>"; };
		B3EF615B1552B4A300D24661 /* ICMSecondViewController.h */ = {isa = PBXFileReference; lastKnownFileType = sourcecode.c.h; path = ICMSecondViewController.h; sourceTree = "<group>"; };
		B3EF615C1552B4A300D24661 /* ICMSecondViewController.m */ = {isa = PBXFileReference; lastKnownFileType = sourcecode.c.objc; path = ICMSecondViewController.m; sourceTree = "<group>"; };
		B3EF615E1552B4A300D24661 /* second.png */ = {isa = PBXFileReference; lastKnownFileType = image.png; path = second.png; sourceTree = "<group>"; };
		B3EF61601552B4A300D24661 /* second@2x.png */ = {isa = PBXFileReference; lastKnownFileType = image.png; path = "second@2x.png"; sourceTree = "<group>"; };
		B3EF61671552B4A300D24661 /* icm-ios-agentTests.octest */ = {isa = PBXFileReference; explicitFileType = wrapper.cfbundle; includeInIndex = 0; path = "icm-ios-agentTests.octest"; sourceTree = BUILT_PRODUCTS_DIR; };
		B3EF61681552B4A300D24661 /* SenTestingKit.framework */ = {isa = PBXFileReference; lastKnownFileType = wrapper.framework; name = SenTestingKit.framework; path = Library/Frameworks/SenTestingKit.framework; sourceTree = DEVELOPER_DIR; };
		B3EF61701552B4A300D24661 /* icm-ios-agentTests-Info.plist */ = {isa = PBXFileReference; lastKnownFileType = text.plist.xml; path = "icm-ios-agentTests-Info.plist"; sourceTree = "<group>"; };
		B3EF61721552B4A300D24661 /* en */ = {isa = PBXFileReference; lastKnownFileType = text.plist.strings; name = en; path = en.lproj/InfoPlist.strings; sourceTree = "<group>"; };
		B3EF61741552B4A300D24661 /* icm_ios_agentTests.h */ = {isa = PBXFileReference; lastKnownFileType = sourcecode.c.h; path = icm_ios_agentTests.h; sourceTree = "<group>"; };
		B3EF61751552B4A300D24661 /* icm_ios_agentTests.m */ = {isa = PBXFileReference; lastKnownFileType = sourcecode.c.objc; path = icm_ios_agentTests.m; sourceTree = "<group>"; };
		B3EF61821552B53500D24661 /* 3way.h */ = {isa = PBXFileReference; fileEncoding = 4; lastKnownFileType = sourcecode.c.h; path = 3way.h; sourceTree = "<group>"; };
		B3EF61831552B53500D24661 /* adler32.h */ = {isa = PBXFileReference; fileEncoding = 4; lastKnownFileType = sourcecode.c.h; path = adler32.h; sourceTree = "<group>"; };
		B3EF61841552B53500D24661 /* aes.h */ = {isa = PBXFileReference; fileEncoding = 4; lastKnownFileType = sourcecode.c.h; path = aes.h; sourceTree = "<group>"; };
		B3EF61851552B53500D24661 /* algebra.h */ = {isa = PBXFileReference; fileEncoding = 4; lastKnownFileType = sourcecode.c.h; path = algebra.h; sourceTree = "<group>"; };
		B3EF61861552B53500D24661 /* algparam.h */ = {isa = PBXFileReference; fileEncoding = 4; lastKnownFileType = sourcecode.c.h; path = algparam.h; sourceTree = "<group>"; };
		B3EF61871552B53500D24661 /* arc4.h */ = {isa = PBXFileReference; fileEncoding = 4; lastKnownFileType = sourcecode.c.h; path = arc4.h; sourceTree = "<group>"; };
		B3EF61881552B53500D24661 /* argnames.h */ = {isa = PBXFileReference; fileEncoding = 4; lastKnownFileType = sourcecode.c.h; path = argnames.h; sourceTree = "<group>"; };
		B3EF61891552B53500D24661 /* asn.h */ = {isa = PBXFileReference; fileEncoding = 4; lastKnownFileType = sourcecode.c.h; path = asn.h; sourceTree = "<group>"; };
		B3EF618A1552B53500D24661 /* authenc.h */ = {isa = PBXFileReference; fileEncoding = 4; lastKnownFileType = sourcecode.c.h; path = authenc.h; sourceTree = "<group>"; };
		B3EF618B1552B53500D24661 /* base32.h */ = {isa = PBXFileReference; fileEncoding = 4; lastKnownFileType = sourcecode.c.h; path = base32.h; sourceTree = "<group>"; };
		B3EF618C1552B53500D24661 /* base64.h */ = {isa = PBXFileReference; fileEncoding = 4; lastKnownFileType = sourcecode.c.h; path = base64.h; sourceTree = "<group>"; };
		B3EF618D1552B53500D24661 /* basecode.h */ = {isa = PBXFileReference; fileEncoding = 4; lastKnownFileType = sourcecode.c.h; path = basecode.h; sourceTree = "<group>"; };
		B3EF618E1552B53500D24661 /* bench.h */ = {isa = PBXFileReference; fileEncoding = 4; lastKnownFileType = sourcecode.c.h; path = bench.h; sourceTree = "<group>"; };
		B3EF618F1552B53500D24661 /* blowfish.h */ = {isa = PBXFileReference; fileEncoding = 4; lastKnownFileType = sourcecode.c.h; path = blowfish.h; sourceTree = "<group>"; };
		B3EF61901552B53500D24661 /* blumshub.h */ = {isa = PBXFileReference; fileEncoding = 4; lastKnownFileType = sourcecode.c.h; path = blumshub.h; sourceTree = "<group>"; };
		B3EF61911552B53500D24661 /* camellia.h */ = {isa = PBXFileReference; fileEncoding = 4; lastKnownFileType = sourcecode.c.h; path = camellia.h; sourceTree = "<group>"; };
		B3EF61921552B53500D24661 /* cast.h */ = {isa = PBXFileReference; fileEncoding = 4; lastKnownFileType = sourcecode.c.h; path = cast.h; sourceTree = "<group>"; };
		B3EF61931552B53500D24661 /* cbcmac.h */ = {isa = PBXFileReference; fileEncoding = 4; lastKnownFileType = sourcecode.c.h; path = cbcmac.h; sourceTree = "<group>"; };
		B3EF61941552B53500D24661 /* ccm.h */ = {isa = PBXFileReference; fileEncoding = 4; lastKnownFileType = sourcecode.c.h; path = ccm.h; sourceTree = "<group>"; };
		B3EF61951552B53500D24661 /* channels.h */ = {isa = PBXFileReference; fileEncoding = 4; lastKnownFileType = sourcecode.c.h; path = channels.h; sourceTree = "<group>"; };
		B3EF61961552B53500D24661 /* cmac.h */ = {isa = PBXFileReference; fileEncoding = 4; lastKnownFileType = sourcecode.c.h; path = cmac.h; sourceTree = "<group>"; };
		B3EF61971552B53500D24661 /* config.h */ = {isa = PBXFileReference; fileEncoding = 4; lastKnownFileType = sourcecode.c.h; path = config.h; sourceTree = "<group>"; };
		B3EF61981552B53500D24661 /* cpu.h */ = {isa = PBXFileReference; fileEncoding = 4; lastKnownFileType = sourcecode.c.h; path = cpu.h; sourceTree = "<group>"; };
		B3EF61991552B53500D24661 /* crc.h */ = {isa = PBXFileReference; fileEncoding = 4; lastKnownFileType = sourcecode.c.h; path = crc.h; sourceTree = "<group>"; };
		B3EF619A1552B53500D24661 /* cryptlib.h */ = {isa = PBXFileReference; fileEncoding = 4; lastKnownFileType = sourcecode.c.h; path = cryptlib.h; sourceTree = "<group>"; };
		B3EF619B1552B53500D24661 /* default.h */ = {isa = PBXFileReference; fileEncoding = 4; lastKnownFileType = sourcecode.c.h; path = default.h; sourceTree = "<group>"; };
		B3EF619C1552B53500D24661 /* des.h */ = {isa = PBXFileReference; fileEncoding = 4; lastKnownFileType = sourcecode.c.h; path = des.h; sourceTree = "<group>"; };
		B3EF619D1552B53500D24661 /* dh.h */ = {isa = PBXFileReference; fileEncoding = 4; lastKnownFileType = sourcecode.c.h; path = dh.h; sourceTree = "<group>"; };
		B3EF619E1552B53500D24661 /* dh2.h */ = {isa = PBXFileReference; fileEncoding = 4; lastKnownFileType = sourcecode.c.h; path = dh2.h; sourceTree = "<group>"; };
		B3EF619F1552B53500D24661 /* dll.h */ = {isa = PBXFileReference; fileEncoding = 4; lastKnownFileType = sourcecode.c.h; path = dll.h; sourceTree = "<group>"; };
		B3EF61A01552B53500D24661 /* dmac.h */ = {isa = PBXFileReference; fileEncoding = 4; lastKnownFileType = sourcecode.c.h; path = dmac.h; sourceTree = "<group>"; };
		B3EF61A11552B53500D24661 /* dsa.h */ = {isa = PBXFileReference; fileEncoding = 4; lastKnownFileType = sourcecode.c.h; path = dsa.h; sourceTree = "<group>"; };
		B3EF61A21552B53500D24661 /* eax.h */ = {isa = PBXFileReference; fileEncoding = 4; lastKnownFileType = sourcecode.c.h; path = eax.h; sourceTree = "<group>"; };
		B3EF61A31552B53500D24661 /* ec2n.h */ = {isa = PBXFileReference; fileEncoding = 4; lastKnownFileType = sourcecode.c.h; path = ec2n.h; sourceTree = "<group>"; };
		B3EF61A41552B53500D24661 /* eccrypto.h */ = {isa = PBXFileReference; fileEncoding = 4; lastKnownFileType = sourcecode.c.h; path = eccrypto.h; sourceTree = "<group>"; };
		B3EF61A51552B53500D24661 /* ecp.h */ = {isa = PBXFileReference; fileEncoding = 4; lastKnownFileType = sourcecode.c.h; path = ecp.h; sourceTree = "<group>"; };
		B3EF61A61552B53500D24661 /* elgamal.h */ = {isa = PBXFileReference; fileEncoding = 4; lastKnownFileType = sourcecode.c.h; path = elgamal.h; sourceTree = "<group>"; };
		B3EF61A71552B53500D24661 /* emsa2.h */ = {isa = PBXFileReference; fileEncoding = 4; lastKnownFileType = sourcecode.c.h; path = emsa2.h; sourceTree = "<group>"; };
		B3EF61A81552B53500D24661 /* eprecomp.h */ = {isa = PBXFileReference; fileEncoding = 4; lastKnownFileType = sourcecode.c.h; path = eprecomp.h; sourceTree = "<group>"; };
		B3EF61A91552B53500D24661 /* esign.h */ = {isa = PBXFileReference; fileEncoding = 4; lastKnownFileType = sourcecode.c.h; path = esign.h; sourceTree = "<group>"; };
		B3EF61AA1552B53500D24661 /* factory.h */ = {isa = PBXFileReference; fileEncoding = 4; lastKnownFileType = sourcecode.c.h; path = factory.h; sourceTree = "<group>"; };
		B3EF61AB1552B53500D24661 /* files.h */ = {isa = PBXFileReference; fileEncoding = 4; lastKnownFileType = sourcecode.c.h; path = files.h; sourceTree = "<group>"; };
		B3EF61AC1552B53500D24661 /* filters.h */ = {isa = PBXFileReference; fileEncoding = 4; lastKnownFileType = sourcecode.c.h; path = filters.h; sourceTree = "<group>"; };
		B3EF61AD1552B53500D24661 /* fips140.h */ = {isa = PBXFileReference; fileEncoding = 4; lastKnownFileType = sourcecode.c.h; path = fips140.h; sourceTree = "<group>"; };
		B3EF61AE1552B53500D24661 /* fltrimpl.h */ = {isa = PBXFileReference; fileEncoding = 4; lastKnownFileType = sourcecode.c.h; path = fltrimpl.h; sourceTree = "<group>"; };
		B3EF61AF1552B53500D24661 /* gcm.h */ = {isa = PBXFileReference; fileEncoding = 4; lastKnownFileType = sourcecode.c.h; path = gcm.h; sourceTree = "<group>"; };
		B3EF61B01552B53500D24661 /* gf256.h */ = {isa = PBXFileReference; fileEncoding = 4; lastKnownFileType = sourcecode.c.h; path = gf256.h; sourceTree = "<group>"; };
		B3EF61B11552B53500D24661 /* gf2_32.h */ = {isa = PBXFileReference; fileEncoding = 4; lastKnownFileType = sourcecode.c.h; path = gf2_32.h; sourceTree = "<group>"; };
		B3EF61B21552B53500D24661 /* gf2n.h */ = {isa = PBXFileReference; fileEncoding = 4; lastKnownFileType = sourcecode.c.h; path = gf2n.h; sourceTree = "<group>"; };
		B3EF61B31552B53500D24661 /* gfpcrypt.h */ = {isa = PBXFileReference; fileEncoding = 4; lastKnownFileType = sourcecode.c.h; path = gfpcrypt.h; sourceTree = "<group>"; };
		B3EF61B41552B53500D24661 /* gost.h */ = {isa = PBXFileReference; fileEncoding = 4; lastKnownFileType = sourcecode.c.h; path = gost.h; sourceTree = "<group>"; };
		B3EF61B51552B53500D24661 /* gzip.h */ = {isa = PBXFileReference; fileEncoding = 4; lastKnownFileType = sourcecode.c.h; path = gzip.h; sourceTree = "<group>"; };
		B3EF61B61552B53500D24661 /* hex.h */ = {isa = PBXFileReference; fileEncoding = 4; lastKnownFileType = sourcecode.c.h; path = hex.h; sourceTree = "<group>"; };
		B3EF61B71552B53500D24661 /* hmac.h */ = {isa = PBXFileReference; fileEncoding = 4; lastKnownFileType = sourcecode.c.h; path = hmac.h; sourceTree = "<group>"; };
		B3EF61B81552B53500D24661 /* hrtimer.h */ = {isa = PBXFileReference; fileEncoding = 4; lastKnownFileType = sourcecode.c.h; path = hrtimer.h; sourceTree = "<group>"; };
		B3EF61B91552B53500D24661 /* ida.h */ = {isa = PBXFileReference; fileEncoding = 4; lastKnownFileType = sourcecode.c.h; path = ida.h; sourceTree = "<group>"; };
		B3EF61BA1552B53500D24661 /* idea.h */ = {isa = PBXFileReference; fileEncoding = 4; lastKnownFileType = sourcecode.c.h; path = idea.h; sourceTree = "<group>"; };
		B3EF61BB1552B53500D24661 /* integer.h */ = {isa = PBXFileReference; fileEncoding = 4; lastKnownFileType = sourcecode.c.h; path = integer.h; sourceTree = "<group>"; };
		B3EF61BC1552B53500D24661 /* iterhash.h */ = {isa = PBXFileReference; fileEncoding = 4; lastKnownFileType = sourcecode.c.h; path = iterhash.h; sourceTree = "<group>"; };
		B3EF61BD1552B53500D24661 /* lubyrack.h */ = {isa = PBXFileReference; fileEncoding = 4; lastKnownFileType = sourcecode.c.h; path = lubyrack.h; sourceTree = "<group>"; };
		B3EF61BE1552B53500D24661 /* luc.h */ = {isa = PBXFileReference; fileEncoding = 4; lastKnownFileType = sourcecode.c.h; path = luc.h; sourceTree = "<group>"; };
		B3EF61BF1552B53500D24661 /* mars.h */ = {isa = PBXFileReference; fileEncoding = 4; lastKnownFileType = sourcecode.c.h; path = mars.h; sourceTree = "<group>"; };
		B3EF61C01552B53500D24661 /* md2.h */ = {isa = PBXFileReference; fileEncoding = 4; lastKnownFileType = sourcecode.c.h; path = md2.h; sourceTree = "<group>"; };
		B3EF61C11552B53500D24661 /* md4.h */ = {isa = PBXFileReference; fileEncoding = 4; lastKnownFileType = sourcecode.c.h; path = md4.h; sourceTree = "<group>"; };
		B3EF61C21552B53500D24661 /* md5.h */ = {isa = PBXFileReference; fileEncoding = 4; lastKnownFileType = sourcecode.c.h; path = md5.h; sourceTree = "<group>"; };
		B3EF61C31552B53500D24661 /* mdc.h */ = {isa = PBXFileReference; fileEncoding = 4; lastKnownFileType = sourcecode.c.h; path = mdc.h; sourceTree = "<group>"; };
		B3EF61C41552B53500D24661 /* misc.h */ = {isa = PBXFileReference; fileEncoding = 4; lastKnownFileType = sourcecode.c.h; path = misc.h; sourceTree = "<group>"; };
		B3EF61C51552B53500D24661 /* modarith.h */ = {isa = PBXFileReference; fileEncoding = 4; lastKnownFileType = sourcecode.c.h; path = modarith.h; sourceTree = "<group>"; };
		B3EF61C61552B53500D24661 /* modes.h */ = {isa = PBXFileReference; fileEncoding = 4; lastKnownFileType = sourcecode.c.h; path = modes.h; sourceTree = "<group>"; };
		B3EF61C71552B53500D24661 /* modexppc.h */ = {isa = PBXFileReference; fileEncoding = 4; lastKnownFileType = sourcecode.c.h; path = modexppc.h; sourceTree = "<group>"; };
		B3EF61C81552B53500D24661 /* mqueue.h */ = {isa = PBXFileReference; fileEncoding = 4; lastKnownFileType = sourcecode.c.h; path = mqueue.h; sourceTree = "<group>"; };
		B3EF61C91552B53500D24661 /* mqv.h */ = {isa = PBXFileReference; fileEncoding = 4; lastKnownFileType = sourcecode.c.h; path = mqv.h; sourceTree = "<group>"; };
		B3EF61CA1552B53500D24661 /* nbtheory.h */ = {isa = PBXFileReference; fileEncoding = 4; lastKnownFileType = sourcecode.c.h; path = nbtheory.h; sourceTree = "<group>"; };
		B3EF61CB1552B53500D24661 /* network.h */ = {isa = PBXFileReference; fileEncoding = 4; lastKnownFileType = sourcecode.c.h; path = network.h; sourceTree = "<group>"; };
		B3EF61CC1552B53500D24661 /* nr.h */ = {isa = PBXFileReference; fileEncoding = 4; lastKnownFileType = sourcecode.c.h; path = nr.h; sourceTree = "<group>"; };
		B3EF61CD1552B53500D24661 /* oaep.h */ = {isa = PBXFileReference; fileEncoding = 4; lastKnownFileType = sourcecode.c.h; path = oaep.h; sourceTree = "<group>"; };
		B3EF61CE1552B53500D24661 /* oids.h */ = {isa = PBXFileReference; fileEncoding = 4; lastKnownFileType = sourcecode.c.h; path = oids.h; sourceTree = "<group>"; };
		B3EF61CF1552B53500D24661 /* osrng.h */ = {isa = PBXFileReference; fileEncoding = 4; lastKnownFileType = sourcecode.c.h; path = osrng.h; sourceTree = "<group>"; };
		B3EF61D01552B53500D24661 /* panama.h */ = {isa = PBXFileReference; fileEncoding = 4; lastKnownFileType = sourcecode.c.h; path = panama.h; sourceTree = "<group>"; };
		B3EF61D11552B53500D24661 /* pch.h */ = {isa = PBXFileReference; fileEncoding = 4; lastKnownFileType = sourcecode.c.h; path = pch.h; sourceTree = "<group>"; };
		B3EF61D21552B53500D24661 /* pkcspad.h */ = {isa = PBXFileReference; fileEncoding = 4; lastKnownFileType = sourcecode.c.h; path = pkcspad.h; sourceTree = "<group>"; };
		B3EF61D31552B53500D24661 /* polynomi.h */ = {isa = PBXFileReference; fileEncoding = 4; lastKnownFileType = sourcecode.c.h; path = polynomi.h; sourceTree = "<group>"; };
		B3EF61D41552B53500D24661 /* pssr.h */ = {isa = PBXFileReference; fileEncoding = 4; lastKnownFileType = sourcecode.c.h; path = pssr.h; sourceTree = "<group>"; };
		B3EF61D51552B53500D24661 /* pubkey.h */ = {isa = PBXFileReference; fileEncoding = 4; lastKnownFileType = sourcecode.c.h; path = pubkey.h; sourceTree = "<group>"; };
		B3EF61D61552B53500D24661 /* pwdbased.h */ = {isa = PBXFileReference; fileEncoding = 4; lastKnownFileType = sourcecode.c.h; path = pwdbased.h; sourceTree = "<group>"; };
		B3EF61D71552B53500D24661 /* queue.h */ = {isa = PBXFileReference; fileEncoding = 4; lastKnownFileType = sourcecode.c.h; path = queue.h; sourceTree = "<group>"; };
		B3EF61D81552B53500D24661 /* rabin.h */ = {isa = PBXFileReference; fileEncoding = 4; lastKnownFileType = sourcecode.c.h; path = rabin.h; sourceTree = "<group>"; };
		B3EF61D91552B53500D24661 /* randpool.h */ = {isa = PBXFileReference; fileEncoding = 4; lastKnownFileType = sourcecode.c.h; path = randpool.h; sourceTree = "<group>"; };
		B3EF61DA1552B53500D24661 /* rc2.h */ = {isa = PBXFileReference; fileEncoding = 4; lastKnownFileType = sourcecode.c.h; path = rc2.h; sourceTree = "<group>"; };
		B3EF61DB1552B53500D24661 /* rc5.h */ = {isa = PBXFileReference; fileEncoding = 4; lastKnownFileType = sourcecode.c.h; path = rc5.h; sourceTree = "<group>"; };
		B3EF61DC1552B53500D24661 /* rc6.h */ = {isa = PBXFileReference; fileEncoding = 4; lastKnownFileType = sourcecode.c.h; path = rc6.h; sourceTree = "<group>"; };
		B3EF61DD1552B53500D24661 /* resource.h */ = {isa = PBXFileReference; fileEncoding = 4; lastKnownFileType = sourcecode.c.h; path = resource.h; sourceTree = "<group>"; };
		B3EF61DE1552B53500D24661 /* rijndael.h */ = {isa = PBXFileReference; fileEncoding = 4; lastKnownFileType = sourcecode.c.h; path = rijndael.h; sourceTree = "<group>"; };
		B3EF61DF1552B53500D24661 /* ripemd.h */ = {isa = PBXFileReference; fileEncoding = 4; lastKnownFileType = sourcecode.c.h; path = ripemd.h; sourceTree = "<group>"; };
		B3EF61E01552B53500D24661 /* rng.h */ = {isa = PBXFileReference; fileEncoding = 4; lastKnownFileType = sourcecode.c.h; path = rng.h; sourceTree = "<group>"; };
		B3EF61E11552B53500D24661 /* rsa.h */ = {isa = PBXFileReference; fileEncoding = 4; lastKnownFileType = sourcecode.c.h; path = rsa.h; sourceTree = "<group>"; };
		B3EF61E21552B53500D24661 /* rw.h */ = {isa = PBXFileReference; fileEncoding = 4; lastKnownFileType = sourcecode.c.h; path = rw.h; sourceTree = "<group>"; };
		B3EF61E31552B53500D24661 /* safer.h */ = {isa = PBXFileReference; fileEncoding = 4; lastKnownFileType = sourcecode.c.h; path = safer.h; sourceTree = "<group>"; };
		B3EF61E41552B53500D24661 /* salsa.h */ = {isa = PBXFileReference; fileEncoding = 4; lastKnownFileType = sourcecode.c.h; path = salsa.h; sourceTree = "<group>"; };
		B3EF61E51552B53500D24661 /* seal.h */ = {isa = PBXFileReference; fileEncoding = 4; lastKnownFileType = sourcecode.c.h; path = seal.h; sourceTree = "<group>"; };
		B3EF61E61552B53500D24661 /* secblock.h */ = {isa = PBXFileReference; fileEncoding = 4; lastKnownFileType = sourcecode.c.h; path = secblock.h; sourceTree = "<group>"; };
		B3EF61E71552B53500D24661 /* seckey.h */ = {isa = PBXFileReference; fileEncoding = 4; lastKnownFileType = sourcecode.c.h; path = seckey.h; sourceTree = "<group>"; };
		B3EF61E81552B53500D24661 /* seed.h */ = {isa = PBXFileReference; fileEncoding = 4; lastKnownFileType = sourcecode.c.h; path = seed.h; sourceTree = "<group>"; };
		B3EF61E91552B53500D24661 /* serpent.h */ = {isa = PBXFileReference; fileEncoding = 4; lastKnownFileType = sourcecode.c.h; path = serpent.h; sourceTree = "<group>"; };
		B3EF61EA1552B53500D24661 /* serpentp.h */ = {isa = PBXFileReference; fileEncoding = 4; lastKnownFileType = sourcecode.c.h; path = serpentp.h; sourceTree = "<group>"; };
		B3EF61EB1552B53500D24661 /* sha.h */ = {isa = PBXFileReference; fileEncoding = 4; lastKnownFileType = sourcecode.c.h; path = sha.h; sourceTree = "<group>"; };
		B3EF61EC1552B53500D24661 /* shacal2.h */ = {isa = PBXFileReference; fileEncoding = 4; lastKnownFileType = sourcecode.c.h; path = shacal2.h; sourceTree = "<group>"; };
		B3EF61ED1552B53500D24661 /* shark.h */ = {isa = PBXFileReference; fileEncoding = 4; lastKnownFileType = sourcecode.c.h; path = shark.h; sourceTree = "<group>"; };
		B3EF61EE1552B53500D24661 /* simple.h */ = {isa = PBXFileReference; fileEncoding = 4; lastKnownFileType = sourcecode.c.h; path = simple.h; sourceTree = "<group>"; };
		B3EF61EF1552B53500D24661 /* skipjack.h */ = {isa = PBXFileReference; fileEncoding = 4; lastKnownFileType = sourcecode.c.h; path = skipjack.h; sourceTree = "<group>"; };
		B3EF61F01552B53500D24661 /* smartptr.h */ = {isa = PBXFileReference; fileEncoding = 4; lastKnownFileType = sourcecode.c.h; path = smartptr.h; sourceTree = "<group>"; };
		B3EF61F11552B53500D24661 /* socketft.h */ = {isa = PBXFileReference; fileEncoding = 4; lastKnownFileType = sourcecode.c.h; path = socketft.h; sourceTree = "<group>"; };
		B3EF61F21552B53500D24661 /* sosemanuk.h */ = {isa = PBXFileReference; fileEncoding = 4; lastKnownFileType = sourcecode.c.h; path = sosemanuk.h; sourceTree = "<group>"; };
		B3EF61F31552B53500D24661 /* square.h */ = {isa = PBXFileReference; fileEncoding = 4; lastKnownFileType = sourcecode.c.h; path = square.h; sourceTree = "<group>"; };
		B3EF61F41552B53500D24661 /* stdcpp.h */ = {isa = PBXFileReference; fileEncoding = 4; lastKnownFileType = sourcecode.c.h; path = stdcpp.h; sourceTree = "<group>"; };
		B3EF61F51552B53500D24661 /* strciphr.h */ = {isa = PBXFileReference; fileEncoding = 4; lastKnownFileType = sourcecode.c.h; path = strciphr.h; sourceTree = "<group>"; };
		B3EF61F61552B53500D24661 /* tea.h */ = {isa = PBXFileReference; fileEncoding = 4; lastKnownFileType = sourcecode.c.h; path = tea.h; sourceTree = "<group>"; };
		B3EF61F71552B53500D24661 /* tiger.h */ = {isa = PBXFileReference; fileEncoding = 4; lastKnownFileType = sourcecode.c.h; path = tiger.h; sourceTree = "<group>"; };
		B3EF61F81552B53500D24661 /* trdlocal.h */ = {isa = PBXFileReference; fileEncoding = 4; lastKnownFileType = sourcecode.c.h; path = trdlocal.h; sourceTree = "<group>"; };
		B3EF61F91552B53500D24661 /* trunhash.h */ = {isa = PBXFileReference; fileEncoding = 4; lastKnownFileType = sourcecode.c.h; path = trunhash.h; sourceTree = "<group>"; };
		B3EF61FA1552B53500D24661 /* ttmac.h */ = {isa = PBXFileReference; fileEncoding = 4; lastKnownFileType = sourcecode.c.h; path = ttmac.h; sourceTree = "<group>"; };
		B3EF61FB1552B53500D24661 /* twofish.h */ = {isa = PBXFileReference; fileEncoding = 4; lastKnownFileType = sourcecode.c.h; path = twofish.h; sourceTree = "<group>"; };
		B3EF61FC1552B53500D24661 /* validate.h */ = {isa = PBXFileReference; fileEncoding = 4; lastKnownFileType = sourcecode.c.h; path = validate.h; sourceTree = "<group>"; };
		B3EF61FD1552B53500D24661 /* vmac.h */ = {isa = PBXFileReference; fileEncoding = 4; lastKnownFileType = sourcecode.c.h; path = vmac.h; sourceTree = "<group>"; };
		B3EF61FE1552B53500D24661 /* wait.h */ = {isa = PBXFileReference; fileEncoding = 4; lastKnownFileType = sourcecode.c.h; path = wait.h; sourceTree = "<group>"; };
		B3EF61FF1552B53500D24661 /* wake.h */ = {isa = PBXFileReference; fileEncoding = 4; lastKnownFileType = sourcecode.c.h; path = wake.h; sourceTree = "<group>"; };
		B3EF62001552B53500D24661 /* whrlpool.h */ = {isa = PBXFileReference; fileEncoding = 4; lastKnownFileType = sourcecode.c.h; path = whrlpool.h; sourceTree = "<group>"; };
		B3EF62011552B53500D24661 /* winpipes.h */ = {isa = PBXFileReference; fileEncoding = 4; lastKnownFileType = sourcecode.c.h; path = winpipes.h; sourceTree = "<group>"; };
		B3EF62021552B53500D24661 /* words.h */ = {isa = PBXFileReference; fileEncoding = 4; lastKnownFileType = sourcecode.c.h; path = words.h; sourceTree = "<group>"; };
		B3EF62031552B53500D24661 /* xtr.h */ = {isa = PBXFileReference; fileEncoding = 4; lastKnownFileType = sourcecode.c.h; path = xtr.h; sourceTree = "<group>"; };
		B3EF62041552B53500D24661 /* xtrcrypt.h */ = {isa = PBXFileReference; fileEncoding = 4; lastKnownFileType = sourcecode.c.h; path = xtrcrypt.h; sourceTree = "<group>"; };
		B3EF62051552B53500D24661 /* zdeflate.h */ = {isa = PBXFileReference; fileEncoding = 4; lastKnownFileType = sourcecode.c.h; path = zdeflate.h; sourceTree = "<group>"; };
		B3EF62061552B53500D24661 /* zinflate.h */ = {isa = PBXFileReference; fileEncoding = 4; lastKnownFileType = sourcecode.c.h; path = zinflate.h; sourceTree = "<group>"; };
		B3EF62071552B53500D24661 /* zlib.h */ = {isa = PBXFileReference; fileEncoding = 4; lastKnownFileType = sourcecode.c.h; path = zlib.h; sourceTree = "<group>"; };
		B3EF62091552B53500D24661 /* log_severity.h */ = {isa = PBXFileReference; fileEncoding = 4; lastKnownFileType = sourcecode.c.h; path = log_severity.h; sourceTree = "<group>"; };
		B3EF620A1552B53500D24661 /* logging.h */ = {isa = PBXFileReference; fileEncoding = 4; lastKnownFileType = sourcecode.c.h; path = logging.h; sourceTree = "<group>"; };
		B3EF620B1552B53500D24661 /* vlog_is_on.h */ = {isa = PBXFileReference; fileEncoding = 4; lastKnownFileType = sourcecode.c.h; path = vlog_is_on.h; sourceTree = "<group>"; };
		B3EF620D1552B53500D24661 /* gmock-actions.h */ = {isa = PBXFileReference; fileEncoding = 4; lastKnownFileType = sourcecode.c.h; path = "gmock-actions.h"; sourceTree = "<group>"; };
		B3EF620E1552B53500D24661 /* gmock-cardinalities.h */ = {isa = PBXFileReference; fileEncoding = 4; lastKnownFileType = sourcecode.c.h; path = "gmock-cardinalities.h"; sourceTree = "<group>"; };
		B3EF620F1552B53500D24661 /* gmock-generated-actions.h */ = {isa = PBXFileReference; fileEncoding = 4; lastKnownFileType = sourcecode.c.h; path = "gmock-generated-actions.h"; sourceTree = "<group>"; };
		B3EF62101552B53500D24661 /* gmock-generated-actions.h.pump */ = {isa = PBXFileReference; fileEncoding = 4; lastKnownFileType = text; path = "gmock-generated-actions.h.pump"; sourceTree = "<group>"; };
		B3EF62111552B53500D24661 /* gmock-generated-function-mockers.h */ = {isa = PBXFileReference; fileEncoding = 4; lastKnownFileType = sourcecode.c.h; path = "gmock-generated-function-mockers.h"; sourceTree = "<group>"; };
		B3EF62121552B53500D24661 /* gmock-generated-function-mockers.h.pump */ = {isa = PBXFileReference; fileEncoding = 4; lastKnownFileType = text; path = "gmock-generated-function-mockers.h.pump"; sourceTree = "<group>"; };
		B3EF62131552B53500D24661 /* gmock-generated-matchers.h */ = {isa = PBXFileReference; fileEncoding = 4; lastKnownFileType = sourcecode.c.h; path = "gmock-generated-matchers.h"; sourceTree = "<group>"; };
		B3EF62141552B53500D24661 /* gmock-generated-matchers.h.pump */ = {isa = PBXFileReference; fileEncoding = 4; lastKnownFileType = text; path = "gmock-generated-matchers.h.pump"; sourceTree = "<group>"; };
		B3EF62151552B53500D24661 /* gmock-generated-nice-strict.h */ = {isa = PBXFileReference; fileEncoding = 4; lastKnownFileType = sourcecode.c.h; path = "gmock-generated-nice-strict.h"; sourceTree = "<group>"; };
		B3EF62161552B53500D24661 /* gmock-generated-nice-strict.h.pump */ = {isa = PBXFileReference; fileEncoding = 4; lastKnownFileType = text; path = "gmock-generated-nice-strict.h.pump"; sourceTree = "<group>"; };
		B3EF62171552B53500D24661 /* gmock-matchers.h */ = {isa = PBXFileReference; fileEncoding = 4; lastKnownFileType = sourcecode.c.h; path = "gmock-matchers.h"; sourceTree = "<group>"; };
		B3EF62181552B53500D24661 /* gmock-more-actions.h */ = {isa = PBXFileReference; fileEncoding = 4; lastKnownFileType = sourcecode.c.h; path = "gmock-more-actions.h"; sourceTree = "<group>"; };
		B3EF62191552B53500D24661 /* gmock-spec-builders.h */ = {isa = PBXFileReference; fileEncoding = 4; lastKnownFileType = sourcecode.c.h; path = "gmock-spec-builders.h"; sourceTree = "<group>"; };
		B3EF621A1552B53500D24661 /* gmock.h */ = {isa = PBXFileReference; fileEncoding = 4; lastKnownFileType = sourcecode.c.h; path = gmock.h; sourceTree = "<group>"; };
		B3EF621C1552B53500D24661 /* gmock-generated-internal-utils.h */ = {isa = PBXFileReference; fileEncoding = 4; lastKnownFileType = sourcecode.c.h; path = "gmock-generated-internal-utils.h"; sourceTree = "<group>"; };
		B3EF621D1552B53500D24661 /* gmock-generated-internal-utils.h.pump */ = {isa = PBXFileReference; fileEncoding = 4; lastKnownFileType = text; path = "gmock-generated-internal-utils.h.pump"; sourceTree = "<group>"; };
		B3EF621E1552B53500D24661 /* gmock-internal-utils.h */ = {isa = PBXFileReference; fileEncoding = 4; lastKnownFileType = sourcecode.c.h; path = "gmock-internal-utils.h"; sourceTree = "<group>"; };
		B3EF621F1552B53500D24661 /* gmock-port.h */ = {isa = PBXFileReference; fileEncoding = 4; lastKnownFileType = sourcecode.c.h; path = "gmock-port.h"; sourceTree = "<group>"; };
		B3EF62231552B53500D24661 /* code_generator.h */ = {isa = PBXFileReference; fileEncoding = 4; lastKnownFileType = sourcecode.c.h; path = code_generator.h; sourceTree = "<group>"; };
		B3EF62241552B53500D24661 /* command_line_interface.h */ = {isa = PBXFileReference; fileEncoding = 4; lastKnownFileType = sourcecode.c.h; path = command_line_interface.h; sourceTree = "<group>"; };
		B3EF62261552B53500D24661 /* cpp_generator.h */ = {isa = PBXFileReference; fileEncoding = 4; lastKnownFileType = sourcecode.c.h; path = cpp_generator.h; sourceTree = "<group>"; };
		B3EF62271552B53500D24661 /* importer.h */ = {isa = PBXFileReference; fileEncoding = 4; lastKnownFileType = sourcecode.c.h; path = importer.h; sourceTree = "<group>"; };
		B3EF62291552B53500D24661 /* java_generator.h */ = {isa = PBXFileReference; fileEncoding = 4; lastKnownFileType = sourcecode.c.h; path = java_generator.h; sourceTree = "<group>"; };
		B3EF622A1552B53500D24661 /* parser.h */ = {isa = PBXFileReference; fileEncoding = 4; lastKnownFileType = sourcecode.c.h; path = parser.h; sourceTree = "<group>"; };
		B3EF622B1552B53500D24661 /* plugin.h */ = {isa = PBXFileReference; fileEncoding = 4; lastKnownFileType = sourcecode.c.h; path = plugin.h; sourceTree = "<group>"; };
		B3EF622C1552B53500D24661 /* plugin.pb.h */ = {isa = PBXFileReference; fileEncoding = 4; lastKnownFileType = sourcecode.c.h; path = plugin.pb.h; sourceTree = "<group>"; };
		B3EF622D1552B53500D24661 /* plugin.proto */ = {isa = PBXFileReference; fileEncoding = 4; lastKnownFileType = text; path = plugin.proto; sourceTree = "<group>"; };
		B3EF622F1552B53500D24661 /* python_generator.h */ = {isa = PBXFileReference; fileEncoding = 4; lastKnownFileType = sourcecode.c.h; path = python_generator.h; sourceTree = "<group>"; };
		B3EF62301552B53500D24661 /* descriptor.h */ = {isa = PBXFileReference; fileEncoding = 4; lastKnownFileType = sourcecode.c.h; path = descriptor.h; sourceTree = "<group>"; };
		B3EF62311552B53500D24661 /* descriptor.pb.h */ = {isa = PBXFileReference; fileEncoding = 4; lastKnownFileType = sourcecode.c.h; path = descriptor.pb.h; sourceTree = "<group>"; };
		B3EF62321552B53500D24661 /* descriptor.proto */ = {isa = PBXFileReference; fileEncoding = 4; lastKnownFileType = text; path = descriptor.proto; sourceTree = "<group>"; };
		B3EF62331552B53500D24661 /* descriptor_database.h */ = {isa = PBXFileReference; fileEncoding = 4; lastKnownFileType = sourcecode.c.h; path = descriptor_database.h; sourceTree = "<group>"; };
		B3EF62341552B53500D24661 /* dynamic_message.h */ = {isa = PBXFileReference; fileEncoding = 4; lastKnownFileType = sourcecode.c.h; path = dynamic_message.h; sourceTree = "<group>"; };
		B3EF62351552B53500D24661 /* extension_set.h */ = {isa = PBXFileReference; fileEncoding = 4; lastKnownFileType = sourcecode.c.h; path = extension_set.h; sourceTree = "<group>"; };
		B3EF62361552B53500D24661 /* generated_message_reflection.h */ = {isa = PBXFileReference; fileEncoding = 4; lastKnownFileType = sourcecode.c.h; path = generated_message_reflection.h; sourceTree = "<group>"; };
		B3EF62371552B53500D24661 /* generated_message_util.h */ = {isa = PBXFileReference; fileEncoding = 4; lastKnownFileType = sourcecode.c.h; path = generated_message_util.h; sourceTree = "<group>"; };
		B3EF62391552B53500D24661 /* coded_stream.h */ = {isa = PBXFileReference; fileEncoding = 4; lastKnownFileType = sourcecode.c.h; path = coded_stream.h; sourceTree = "<group>"; };
		B3EF623A1552B53500D24661 /* gzip_stream.h */ = {isa = PBXFileReference; fileEncoding = 4; lastKnownFileType = sourcecode.c.h; path = gzip_stream.h; sourceTree = "<group>"; };
		B3EF623B1552B53500D24661 /* printer.h */ = {isa = PBXFileReference; fileEncoding = 4; lastKnownFileType = sourcecode.c.h; path = printer.h; sourceTree = "<group>"; };
		B3EF623C1552B53500D24661 /* tokenizer.h */ = {isa = PBXFileReference; fileEncoding = 4; lastKnownFileType = sourcecode.c.h; path = tokenizer.h; sourceTree = "<group>"; };
		B3EF623D1552B53500D24661 /* zero_copy_stream.h */ = {isa = PBXFileReference; fileEncoding = 4; lastKnownFileType = sourcecode.c.h; path = zero_copy_stream.h; sourceTree = "<group>"; };
		B3EF623E1552B53500D24661 /* zero_copy_stream_impl.h */ = {isa = PBXFileReference; fileEncoding = 4; lastKnownFileType = sourcecode.c.h; path = zero_copy_stream_impl.h; sourceTree = "<group>"; };
		B3EF623F1552B53500D24661 /* zero_copy_stream_impl_lite.h */ = {isa = PBXFileReference; fileEncoding = 4; lastKnownFileType = sourcecode.c.h; path = zero_copy_stream_impl_lite.h; sourceTree = "<group>"; };
		B3EF62401552B53500D24661 /* message.h */ = {isa = PBXFileReference; fileEncoding = 4; lastKnownFileType = sourcecode.c.h; path = message.h; sourceTree = "<group>"; };
		B3EF62411552B53500D24661 /* message_lite.h */ = {isa = PBXFileReference; fileEncoding = 4; lastKnownFileType = sourcecode.c.h; path = message_lite.h; sourceTree = "<group>"; };
		B3EF62421552B53500D24661 /* reflection_ops.h */ = {isa = PBXFileReference; fileEncoding = 4; lastKnownFileType = sourcecode.c.h; path = reflection_ops.h; sourceTree = "<group>"; };
		B3EF62431552B53500D24661 /* repeated_field.h */ = {isa = PBXFileReference; fileEncoding = 4; lastKnownFileType = sourcecode.c.h; path = repeated_field.h; sourceTree = "<group>"; };
		B3EF62441552B53500D24661 /* service.h */ = {isa = PBXFileReference; fileEncoding = 4; lastKnownFileType = sourcecode.c.h; path = service.h; sourceTree = "<group>"; };
		B3EF62461552B53500D24661 /* common.h */ = {isa = PBXFileReference; fileEncoding = 4; lastKnownFileType = sourcecode.c.h; path = common.h; sourceTree = "<group>"; };
		B3EF62471552B53500D24661 /* once.h */ = {isa = PBXFileReference; fileEncoding = 4; lastKnownFileType = sourcecode.c.h; path = once.h; sourceTree = "<group>"; };
		B3EF62481552B53500D24661 /* text_format.h */ = {isa = PBXFileReference; fileEncoding = 4; lastKnownFileType = sourcecode.c.h; path = text_format.h; sourceTree = "<group>"; };
		B3EF62491552B53500D24661 /* unknown_field_set.h */ = {isa = PBXFileReference; fileEncoding = 4; lastKnownFileType = sourcecode.c.h; path = unknown_field_set.h; sourceTree = "<group>"; };
		B3EF624A1552B53500D24661 /* wire_format.h */ = {isa = PBXFileReference; fileEncoding = 4; lastKnownFileType = sourcecode.c.h; path = wire_format.h; sourceTree = "<group>"; };
		B3EF624B1552B53500D24661 /* wire_format_lite.h */ = {isa = PBXFileReference; fileEncoding = 4; lastKnownFileType = sourcecode.c.h; path = wire_format_lite.h; sourceTree = "<group>"; };
		B3EF624C1552B53500D24661 /* wire_format_lite_inl.h */ = {isa = PBXFileReference; fileEncoding = 4; lastKnownFileType = sourcecode.c.h; path = wire_format_lite_inl.h; sourceTree = "<group>"; };
		B3EF624E1552B53500D24661 /* gtest-death-test.h */ = {isa = PBXFileReference; fileEncoding = 4; lastKnownFileType = sourcecode.c.h; path = "gtest-death-test.h"; sourceTree = "<group>"; };
		B3EF624F1552B53500D24661 /* gtest-message.h */ = {isa = PBXFileReference; fileEncoding = 4; lastKnownFileType = sourcecode.c.h; path = "gtest-message.h"; sourceTree = "<group>"; };
		B3EF62501552B53500D24661 /* gtest-param-test.h */ = {isa = PBXFileReference; fileEncoding = 4; lastKnownFileType = sourcecode.c.h; path = "gtest-param-test.h"; sourceTree = "<group>"; };
		B3EF62511552B53500D24661 /* gtest-param-test.h.pump */ = {isa = PBXFileReference; fileEncoding = 4; lastKnownFileType = text; path = "gtest-param-test.h.pump"; sourceTree = "<group>"; };
		B3EF62521552B53500D24661 /* gtest-printers.h */ = {isa = PBXFileReference; fileEncoding = 4; lastKnownFileType = sourcecode.c.h; path = "gtest-printers.h"; sourceTree = "<group>"; };
		B3EF62531552B53500D24661 /* gtest-spi.h */ = {isa = PBXFileReference; fileEncoding = 4; lastKnownFileType = sourcecode.c.h; path = "gtest-spi.h"; sourceTree = "<group>"; };
		B3EF62541552B53500D24661 /* gtest-test-part.h */ = {isa = PBXFileReference; fileEncoding = 4; lastKnownFileType = sourcecode.c.h; path = "gtest-test-part.h"; sourceTree = "<group>"; };
		B3EF62551552B53500D24661 /* gtest-typed-test.h */ = {isa = PBXFileReference; fileEncoding = 4; lastKnownFileType = sourcecode.c.h; path = "gtest-typed-test.h"; sourceTree = "<group>"; };
		B3EF62561552B53500D24661 /* gtest.h */ = {isa = PBXFileReference; fileEncoding = 4; lastKnownFileType = sourcecode.c.h; path = gtest.h; sourceTree = "<group>"; };
		B3EF62571552B53500D24661 /* gtest_pred_impl.h */ = {isa = PBXFileReference; fileEncoding = 4; lastKnownFileType = sourcecode.c.h; path = gtest_pred_impl.h; sourceTree = "<group>"; };
		B3EF62581552B53500D24661 /* gtest_prod.h */ = {isa = PBXFileReference; fileEncoding = 4; lastKnownFileType = sourcecode.c.h; path = gtest_prod.h; sourceTree = "<group>"; };
		B3EF625A1552B53500D24661 /* gtest-death-test-internal.h */ = {isa = PBXFileReference; fileEncoding = 4; lastKnownFileType = sourcecode.c.h; path = "gtest-death-test-internal.h"; sourceTree = "<group>"; };
		B3EF625B1552B53500D24661 /* gtest-filepath.h */ = {isa = PBXFileReference; fileEncoding = 4; lastKnownFileType = sourcecode.c.h; path = "gtest-filepath.h"; sourceTree = "<group>"; };
		B3EF625C1552B53500D24661 /* gtest-internal.h */ = {isa = PBXFileReference; fileEncoding = 4; lastKnownFileType = sourcecode.c.h; path = "gtest-internal.h"; sourceTree = "<group>"; };
		B3EF625D1552B53500D24661 /* gtest-linked_ptr.h */ = {isa = PBXFileReference; fileEncoding = 4; lastKnownFileType = sourcecode.c.h; path = "gtest-linked_ptr.h"; sourceTree = "<group>"; };
		B3EF625E1552B53500D24661 /* gtest-param-util-generated.h */ = {isa = PBXFileReference; fileEncoding = 4; lastKnownFileType = sourcecode.c.h; path = "gtest-param-util-generated.h"; sourceTree = "<group>"; };
		B3EF625F1552B53500D24661 /* gtest-param-util-generated.h.pump */ = {isa = PBXFileReference; fileEncoding = 4; lastKnownFileType = text; path = "gtest-param-util-generated.h.pump"; sourceTree = "<group>"; };
		B3EF62601552B53500D24661 /* gtest-param-util.h */ = {isa = PBXFileReference; fileEncoding = 4; lastKnownFileType = sourcecode.c.h; path = "gtest-param-util.h"; sourceTree = "<group>"; };
		B3EF62611552B53500D24661 /* gtest-port.h */ = {isa = PBXFileReference; fileEncoding = 4; lastKnownFileType = sourcecode.c.h; path = "gtest-port.h"; sourceTree = "<group>"; };
		B3EF62621552B53500D24661 /* gtest-string.h */ = {isa = PBXFileReference; fileEncoding = 4; lastKnownFileType = sourcecode.c.h; path = "gtest-string.h"; sourceTree = "<group>"; };
		B3EF62631552B53500D24661 /* gtest-tuple.h */ = {isa = PBXFileReference; fileEncoding = 4; lastKnownFileType = sourcecode.c.h; path = "gtest-tuple.h"; sourceTree = "<group>"; };
		B3EF62641552B53500D24661 /* gtest-tuple.h.pump */ = {isa = PBXFileReference; fileEncoding = 4; lastKnownFileType = text; path = "gtest-tuple.h.pump"; sourceTree = "<group>"; };
		B3EF62651552B53500D24661 /* gtest-type-util.h */ = {isa = PBXFileReference; fileEncoding = 4; lastKnownFileType = sourcecode.c.h; path = "gtest-type-util.h"; sourceTree = "<group>"; };
		B3EF62661552B53500D24661 /* gtest-type-util.h.pump */ = {isa = PBXFileReference; fileEncoding = 4; lastKnownFileType = text; path = "gtest-type-util.h.pump"; sourceTree = "<group>"; };
		B3EF62691552B53500D24661 /* asio_service.h */ = {isa = PBXFileReference; fileEncoding = 4; lastKnownFileType = sourcecode.c.h; path = asio_service.h; sourceTree = "<group>"; };
		B3EF626A1552B53500D24661 /* crypto.h */ = {isa = PBXFileReference; fileEncoding = 4; lastKnownFileType = sourcecode.c.h; path = crypto.h; sourceTree = "<group>"; };
		B3EF626B1552B53500D24661 /* log.h */ = {isa = PBXFileReference; fileEncoding = 4; lastKnownFileType = sourcecode.c.h; path = log.h; sourceTree = "<group>"; };
		B3EF626C1552B53500D24661 /* omp.h */ = {isa = PBXFileReference; fileEncoding = 4; lastKnownFileType = sourcecode.c.h; path = omp.h; sourceTree = "<group>"; };
		B3EF626D1552B53500D24661 /* platform_config.h */ = {isa = PBXFileReference; fileEncoding = 4; lastKnownFileType = sourcecode.c.h; path = platform_config.h; sourceTree = "<group>"; };
		B3EF626E1552B53500D24661 /* return_codes.h */ = {isa = PBXFileReference; fileEncoding = 4; lastKnownFileType = sourcecode.c.h; path = return_codes.h; sourceTree = "<group>"; };
		B3EF626F1552B53500D24661 /* rsa.h */ = {isa = PBXFileReference; fileEncoding = 4; lastKnownFileType = sourcecode.c.h; path = rsa.h; sourceTree = "<group>"; };
		B3EF62701552B53500D24661 /* test.h */ = {isa = PBXFileReference; fileEncoding = 4; lastKnownFileType = sourcecode.c.h; path = test.h; sourceTree = "<group>"; };
		B3EF62711552B53500D24661 /* utils.h */ = {isa = PBXFileReference; fileEncoding = 4; lastKnownFileType = sourcecode.c.h; path = utils.h; sourceTree = "<group>"; };
		B3EF62721552B53500D24661 /* version.h */ = {isa = PBXFileReference; fileEncoding = 4; lastKnownFileType = sourcecode.c.h; path = version.h; sourceTree = "<group>"; };
		B3EF62741552B53500D24661 /* config.h */ = {isa = PBXFileReference; fileEncoding = 4; lastKnownFileType = sourcecode.c.h; path = config.h; sourceTree = "<group>"; };
		B3EF62751552B53500D24661 /* contact.h */ = {isa = PBXFileReference; fileEncoding = 4; lastKnownFileType = sourcecode.c.h; path = contact.h; sourceTree = "<group>"; };
		B3EF62761552B53500D24661 /* maidsafe-dht.h */ = {isa = PBXFileReference; fileEncoding = 4; lastKnownFileType = sourcecode.c.h; path = "maidsafe-dht.h"; sourceTree = "<group>"; };
		B3EF62771552B53500D24661 /* message_handler.h */ = {isa = PBXFileReference; fileEncoding = 4; lastKnownFileType = sourcecode.c.h; path = message_handler.h; sourceTree = "<group>"; };
		B3EF62781552B53500D24661 /* node-api.h */ = {isa = PBXFileReference; fileEncoding = 4; lastKnownFileType = sourcecode.c.h; path = "node-api.h"; sourceTree = "<group>"; };
		B3EF62791552B53500D24661 /* node_container.h */ = {isa = PBXFileReference; fileEncoding = 4; lastKnownFileType = sourcecode.c.h; path = node_container.h; sourceTree = "<group>"; };
		B3EF627A1552B53500D24661 /* node_id.h */ = {isa = PBXFileReference; fileEncoding = 4; lastKnownFileType = sourcecode.c.h; path = node_id.h; sourceTree = "<group>"; };
		B3EF627B1552B53500D24661 /* return_codes.h */ = {isa = PBXFileReference; fileEncoding = 4; lastKnownFileType = sourcecode.c.h; path = return_codes.h; sourceTree = "<group>"; };
		B3EF627C1552B53500D24661 /* rpcs_objects.h */ = {isa = PBXFileReference; fileEncoding = 4; lastKnownFileType = sourcecode.c.h; path = rpcs_objects.h; sourceTree = "<group>"; };
		B3EF627E1552B53500D24661 /* local_network.h */ = {isa = PBXFileReference; fileEncoding = 4; lastKnownFileType = sourcecode.c.h; path = local_network.h; sourceTree = "<group>"; };
		B3EF627F1552B53500D24661 /* version.h */ = {isa = PBXFileReference; fileEncoding = 4; lastKnownFileType = sourcecode.c.h; path = version.h; sourceTree = "<group>"; };
		B3EF62811552B53500D24661 /* contact.h */ = {isa = PBXFileReference; fileEncoding = 4; lastKnownFileType = sourcecode.c.h; path = contact.h; sourceTree = "<group>"; };
		B3EF62821552B53500D24661 /* message_handler.h */ = {isa = PBXFileReference; fileEncoding = 4; lastKnownFileType = sourcecode.c.h; path = message_handler.h; sourceTree = "<group>"; };
		B3EF62831552B53500D24661 /* nat_detection.h */ = {isa = PBXFileReference; fileEncoding = 4; lastKnownFileType = sourcecode.c.h; path = nat_detection.h; sourceTree = "<group>"; };
		B3EF62841552B53500D24661 /* nat_traversal.h */ = {isa = PBXFileReference; fileEncoding = 4; lastKnownFileType = sourcecode.c.h; path = nat_traversal.h; sourceTree = "<group>"; };
		B3EF62851552B53500D24661 /* rudp_message_handler.h */ = {isa = PBXFileReference; fileEncoding = 4; lastKnownFileType = sourcecode.c.h; path = rudp_message_handler.h; sourceTree = "<group>"; };
		B3EF62861552B53500D24661 /* rudp_parameters.h */ = {isa = PBXFileReference; fileEncoding = 4; lastKnownFileType = sourcecode.c.h; path = rudp_parameters.h; sourceTree = "<group>"; };
		B3EF62871552B53500D24661 /* rudp_transport.h */ = {isa = PBXFileReference; fileEncoding = 4; lastKnownFileType = sourcecode.c.h; path = rudp_transport.h; sourceTree = "<group>"; };
		B3EF62881552B53500D24661 /* tcp_transport.h */ = {isa = PBXFileReference; fileEncoding = 4; lastKnownFileType = sourcecode.c.h; path = tcp_transport.h; sourceTree = "<group>"; };
		B3EF62891552B53500D24661 /* transport.h */ = {isa = PBXFileReference; fileEncoding = 4; lastKnownFileType = sourcecode.c.h; path = transport.h; sourceTree = "<group>"; };
		B3EF628A1552B53500D24661 /* udp_transport.h */ = {isa = PBXFileReference; fileEncoding = 4; lastKnownFileType = sourcecode.c.h; path = udp_transport.h; sourceTree = "<group>"; };
		B3EF628B1552B53500D24661 /* utils.h */ = {isa = PBXFileReference; fileEncoding = 4; lastKnownFileType = sourcecode.c.h; path = utils.h; sourceTree = "<group>"; };
		B3EF628C1552B53500D24661 /* version.h */ = {isa = PBXFileReference; fileEncoding = 4; lastKnownFileType = sourcecode.c.h; path = version.h; sourceTree = "<group>"; };
		B3EF628E1552B53500D24661 /* libcryptopp.a */ = {isa = PBXFileReference; lastKnownFileType = archive.ar; path = libcryptopp.a; sourceTree = "<group>"; };
		B3EF628F1552B53500D24661 /* libcryptopp_d.a */ = {isa = PBXFileReference; lastKnownFileType = archive.ar; path = libcryptopp_d.a; sourceTree = "<group>"; };
		B3EF62901552B53500D24661 /* libglog.a */ = {isa = PBXFileReference; lastKnownFileType = archive.ar; path = libglog.a; sourceTree = "<group>"; };
		B3EF62911552B53500D24661 /* libgmock.a */ = {isa = PBXFileReference; lastKnownFileType = archive.ar; path = libgmock.a; sourceTree = "<group>"; };
		B3EF62921552B53500D24661 /* libgtest.a */ = {isa = PBXFileReference; lastKnownFileType = archive.ar; path = libgtest.a; sourceTree = "<group>"; };
		B3EF62931552B53500D24661 /* libmaidsafe_common-0_11_00.a */ = {isa = PBXFileReference; lastKnownFileType = archive.ar; path = "libmaidsafe_common-0_11_00.a"; sourceTree = "<group>"; };
		B3EF62941552B53500D24661 /* libmaidsafe_dht-0_32_00.a */ = {isa = PBXFileReference; lastKnownFileType = archive.ar; path = "libmaidsafe_dht-0_32_00.a"; sourceTree = "<group>"; };
		B3EF62951552B53500D24661 /* libmaidsafe_transport-0_02_00.a */ = {isa = PBXFileReference; lastKnownFileType = archive.ar; path = "libmaidsafe_transport-0_02_00.a"; sourceTree = "<group>"; };
		B3EF62961552B53500D24661 /* libprotobuf.a */ = {isa = PBXFileReference; lastKnownFileType = archive.ar; path = libprotobuf.a; sourceTree = "<group>"; };
		B3EF62AC1552B7A800D24661 /* commands.cc */ = {isa = PBXFileReference; fileEncoding = 4; lastKnownFileType = sourcecode.cpp.cpp; path = commands.cc; sourceTree = "<group>"; };
		B3EF62AD1552B7A800D24661 /* commands.h */ = {isa = PBXFileReference; fileEncoding = 4; lastKnownFileType = sourcecode.c.h; path = commands.h; sourceTree = "<group>"; };
		B3EF62AE1552B7A800D24661 /* demo_main.cc */ = {isa = PBXFileReference; fileEncoding = 4; lastKnownFileType = sourcecode.cpp.cpp; path = demo_main.cc; sourceTree = "<group>"; };
/* End PBXFileReference section */

/* Begin PBXFrameworksBuildPhase section */
		B3EF61351552B4A300D24661 /* Frameworks */ = {
			isa = PBXFrameworksBuildPhase;
			buildActionMask = 2147483647;
			files = (
				B3EF613D1552B4A300D24661 /* UIKit.framework in Frameworks */,
				B3EF613F1552B4A300D24661 /* Foundation.framework in Frameworks */,
				B3EF61411552B4A300D24661 /* CoreGraphics.framework in Frameworks */,
				B3EF62A21552B53500D24661 /* libcryptopp.a in Frameworks */,
				B3EF62A31552B53500D24661 /* libcryptopp_d.a in Frameworks */,
				B3EF62A41552B53500D24661 /* libglog.a in Frameworks */,
				B3EF62A51552B53500D24661 /* libgmock.a in Frameworks */,
				B3EF62A61552B53500D24661 /* libgtest.a in Frameworks */,
				B3EF62A71552B53500D24661 /* libmaidsafe_common-0_11_00.a in Frameworks */,
				B3EF62A81552B53500D24661 /* libmaidsafe_dht-0_32_00.a in Frameworks */,
				B3EF62A91552B53500D24661 /* libmaidsafe_transport-0_02_00.a in Frameworks */,
				B3EF62AA1552B53500D24661 /* libprotobuf.a in Frameworks */,
			);
			runOnlyForDeploymentPostprocessing = 0;
		};
		B3EF61631552B4A300D24661 /* Frameworks */ = {
			isa = PBXFrameworksBuildPhase;
			buildActionMask = 2147483647;
			files = (
				B3EF61691552B4A300D24661 /* SenTestingKit.framework in Frameworks */,
				B3EF616A1552B4A300D24661 /* UIKit.framework in Frameworks */,
				B3EF616B1552B4A300D24661 /* Foundation.framework in Frameworks */,
			);
			runOnlyForDeploymentPostprocessing = 0;
		};
/* End PBXFrameworksBuildPhase section */

/* Begin PBXGroup section */
		B3EF612D1552B4A200D24661 = {
			isa = PBXGroup;
			children = (
				B3EF61421552B4A300D24661 /* icm-ios-agent */,
				B3EF616E1552B4A300D24661 /* icm-ios-agentTests */,
				B3EF617F1552B50600D24661 /* maidsafe */,
				B3EF613B1552B4A300D24661 /* Frameworks */,
				B3EF61391552B4A300D24661 /* Products */,
			);
			sourceTree = "<group>";
		};
		B3EF61391552B4A300D24661 /* Products */ = {
			isa = PBXGroup;
			children = (
				B3EF61381552B4A300D24661 /* icm-ios-agent.app */,
				B3EF61671552B4A300D24661 /* icm-ios-agentTests.octest */,
			);
			name = Products;
			sourceTree = "<group>";
		};
		B3EF613B1552B4A300D24661 /* Frameworks */ = {
			isa = PBXGroup;
			children = (
				B3EF613C1552B4A300D24661 /* UIKit.framework */,
				B3EF613E1552B4A300D24661 /* Foundation.framework */,
				B3EF61401552B4A300D24661 /* CoreGraphics.framework */,
				B3EF61681552B4A300D24661 /* SenTestingKit.framework */,
			);
			name = Frameworks;
			sourceTree = "<group>";
		};
		B3EF61421552B4A300D24661 /* icm-ios-agent */ = {
			isa = PBXGroup;
			children = (
				B3EF62AB1552B78400D24661 /* demo */,
				B3EF614B1552B4A300D24661 /* ICMAppDelegate.h */,
				B3EF614C1552B4A300D24661 /* ICMAppDelegate.m */,
				B3EF614E1552B4A300D24661 /* MainStoryboard_iPhone.storyboard */,
				B3EF61511552B4A300D24661 /* MainStoryboard_iPad.storyboard */,
				B3EF61541552B4A300D24661 /* ICMFirstViewController.h */,
				B3EF61551552B4A300D24661 /* ICMFirstViewController.m */,
				B3EF61571552B4A300D24661 /* first.png */,
				B3EF61591552B4A300D24661 /* first@2x.png */,
				B3EF615B1552B4A300D24661 /* ICMSecondViewController.h */,
				B3EF615C1552B4A300D24661 /* ICMSecondViewController.m */,
				B3EF615E1552B4A300D24661 /* second.png */,
				B3EF61601552B4A300D24661 /* second@2x.png */,
				B3EF61431552B4A300D24661 /* Supporting Files */,
			);
			path = "icm-ios-agent";
			sourceTree = "<group>";
		};
		B3EF61431552B4A300D24661 /* Supporting Files */ = {
			isa = PBXGroup;
			children = (
				B3EF61441552B4A300D24661 /* icm-ios-agent-Info.plist */,
				B3EF61451552B4A300D24661 /* InfoPlist.strings */,
				B3EF61481552B4A300D24661 /* main.m */,
				B3EF614A1552B4A300D24661 /* icm-ios-agent-Prefix.pch */,
			);
			name = "Supporting Files";
			sourceTree = "<group>";
		};
		B3EF616E1552B4A300D24661 /* icm-ios-agentTests */ = {
			isa = PBXGroup;
			children = (
				B3EF61741552B4A300D24661 /* icm_ios_agentTests.h */,
				B3EF61751552B4A300D24661 /* icm_ios_agentTests.m */,
				B3EF616F1552B4A300D24661 /* Supporting Files */,
			);
			path = "icm-ios-agentTests";
			sourceTree = "<group>";
		};
		B3EF616F1552B4A300D24661 /* Supporting Files */ = {
			isa = PBXGroup;
			children = (
				B3EF61701552B4A300D24661 /* icm-ios-agentTests-Info.plist */,
				B3EF61711552B4A300D24661 /* InfoPlist.strings */,
			);
			name = "Supporting Files";
			sourceTree = "<group>";
		};
		B3EF617F1552B50600D24661 /* maidsafe */ = {
			isa = PBXGroup;
			children = (
				B3EF61801552B53500D24661 /* include */,
				B3EF628D1552B53500D24661 /* lib */,
			);
			name = maidsafe;
			sourceTree = "<group>";
		};
		B3EF61801552B53500D24661 /* include */ = {
			isa = PBXGroup;
			children = (
				B3EF61811552B53500D24661 /* cryptopp */,
				B3EF62081552B53500D24661 /* glog */,
				B3EF620C1552B53500D24661 /* gmock */,
				B3EF62201552B53500D24661 /* google */,
				B3EF624D1552B53500D24661 /* gtest */,
				B3EF62671552B53500D24661 /* maidsafe */,
			);
			path = include;
			sourceTree = "<group>";
		};
		B3EF61811552B53500D24661 /* cryptopp */ = {
			isa = PBXGroup;
			children = (
				B3EF61821552B53500D24661 /* 3way.h */,
				B3EF61831552B53500D24661 /* adler32.h */,
				B3EF61841552B53500D24661 /* aes.h */,
				B3EF61851552B53500D24661 /* algebra.h */,
				B3EF61861552B53500D24661 /* algparam.h */,
				B3EF61871552B53500D24661 /* arc4.h */,
				B3EF61881552B53500D24661 /* argnames.h */,
				B3EF61891552B53500D24661 /* asn.h */,
				B3EF618A1552B53500D24661 /* authenc.h */,
				B3EF618B1552B53500D24661 /* base32.h */,
				B3EF618C1552B53500D24661 /* base64.h */,
				B3EF618D1552B53500D24661 /* basecode.h */,
				B3EF618E1552B53500D24661 /* bench.h */,
				B3EF618F1552B53500D24661 /* blowfish.h */,
				B3EF61901552B53500D24661 /* blumshub.h */,
				B3EF61911552B53500D24661 /* camellia.h */,
				B3EF61921552B53500D24661 /* cast.h */,
				B3EF61931552B53500D24661 /* cbcmac.h */,
				B3EF61941552B53500D24661 /* ccm.h */,
				B3EF61951552B53500D24661 /* channels.h */,
				B3EF61961552B53500D24661 /* cmac.h */,
				B3EF61971552B53500D24661 /* config.h */,
				B3EF61981552B53500D24661 /* cpu.h */,
				B3EF61991552B53500D24661 /* crc.h */,
				B3EF619A1552B53500D24661 /* cryptlib.h */,
				B3EF619B1552B53500D24661 /* default.h */,
				B3EF619C1552B53500D24661 /* des.h */,
				B3EF619D1552B53500D24661 /* dh.h */,
				B3EF619E1552B53500D24661 /* dh2.h */,
				B3EF619F1552B53500D24661 /* dll.h */,
				B3EF61A01552B53500D24661 /* dmac.h */,
				B3EF61A11552B53500D24661 /* dsa.h */,
				B3EF61A21552B53500D24661 /* eax.h */,
				B3EF61A31552B53500D24661 /* ec2n.h */,
				B3EF61A41552B53500D24661 /* eccrypto.h */,
				B3EF61A51552B53500D24661 /* ecp.h */,
				B3EF61A61552B53500D24661 /* elgamal.h */,
				B3EF61A71552B53500D24661 /* emsa2.h */,
				B3EF61A81552B53500D24661 /* eprecomp.h */,
				B3EF61A91552B53500D24661 /* esign.h */,
				B3EF61AA1552B53500D24661 /* factory.h */,
				B3EF61AB1552B53500D24661 /* files.h */,
				B3EF61AC1552B53500D24661 /* filters.h */,
				B3EF61AD1552B53500D24661 /* fips140.h */,
				B3EF61AE1552B53500D24661 /* fltrimpl.h */,
				B3EF61AF1552B53500D24661 /* gcm.h */,
				B3EF61B01552B53500D24661 /* gf256.h */,
				B3EF61B11552B53500D24661 /* gf2_32.h */,
				B3EF61B21552B53500D24661 /* gf2n.h */,
				B3EF61B31552B53500D24661 /* gfpcrypt.h */,
				B3EF61B41552B53500D24661 /* gost.h */,
				B3EF61B51552B53500D24661 /* gzip.h */,
				B3EF61B61552B53500D24661 /* hex.h */,
				B3EF61B71552B53500D24661 /* hmac.h */,
				B3EF61B81552B53500D24661 /* hrtimer.h */,
				B3EF61B91552B53500D24661 /* ida.h */,
				B3EF61BA1552B53500D24661 /* idea.h */,
				B3EF61BB1552B53500D24661 /* integer.h */,
				B3EF61BC1552B53500D24661 /* iterhash.h */,
				B3EF61BD1552B53500D24661 /* lubyrack.h */,
				B3EF61BE1552B53500D24661 /* luc.h */,
				B3EF61BF1552B53500D24661 /* mars.h */,
				B3EF61C01552B53500D24661 /* md2.h */,
				B3EF61C11552B53500D24661 /* md4.h */,
				B3EF61C21552B53500D24661 /* md5.h */,
				B3EF61C31552B53500D24661 /* mdc.h */,
				B3EF61C41552B53500D24661 /* misc.h */,
				B3EF61C51552B53500D24661 /* modarith.h */,
				B3EF61C61552B53500D24661 /* modes.h */,
				B3EF61C71552B53500D24661 /* modexppc.h */,
				B3EF61C81552B53500D24661 /* mqueue.h */,
				B3EF61C91552B53500D24661 /* mqv.h */,
				B3EF61CA1552B53500D24661 /* nbtheory.h */,
				B3EF61CB1552B53500D24661 /* network.h */,
				B3EF61CC1552B53500D24661 /* nr.h */,
				B3EF61CD1552B53500D24661 /* oaep.h */,
				B3EF61CE1552B53500D24661 /* oids.h */,
				B3EF61CF1552B53500D24661 /* osrng.h */,
				B3EF61D01552B53500D24661 /* panama.h */,
				B3EF61D11552B53500D24661 /* pch.h */,
				B3EF61D21552B53500D24661 /* pkcspad.h */,
				B3EF61D31552B53500D24661 /* polynomi.h */,
				B3EF61D41552B53500D24661 /* pssr.h */,
				B3EF61D51552B53500D24661 /* pubkey.h */,
				B3EF61D61552B53500D24661 /* pwdbased.h */,
				B3EF61D71552B53500D24661 /* queue.h */,
				B3EF61D81552B53500D24661 /* rabin.h */,
				B3EF61D91552B53500D24661 /* randpool.h */,
				B3EF61DA1552B53500D24661 /* rc2.h */,
				B3EF61DB1552B53500D24661 /* rc5.h */,
				B3EF61DC1552B53500D24661 /* rc6.h */,
				B3EF61DD1552B53500D24661 /* resource.h */,
				B3EF61DE1552B53500D24661 /* rijndael.h */,
				B3EF61DF1552B53500D24661 /* ripemd.h */,
				B3EF61E01552B53500D24661 /* rng.h */,
				B3EF61E11552B53500D24661 /* rsa.h */,
				B3EF61E21552B53500D24661 /* rw.h */,
				B3EF61E31552B53500D24661 /* safer.h */,
				B3EF61E41552B53500D24661 /* salsa.h */,
				B3EF61E51552B53500D24661 /* seal.h */,
				B3EF61E61552B53500D24661 /* secblock.h */,
				B3EF61E71552B53500D24661 /* seckey.h */,
				B3EF61E81552B53500D24661 /* seed.h */,
				B3EF61E91552B53500D24661 /* serpent.h */,
				B3EF61EA1552B53500D24661 /* serpentp.h */,
				B3EF61EB1552B53500D24661 /* sha.h */,
				B3EF61EC1552B53500D24661 /* shacal2.h */,
				B3EF61ED1552B53500D24661 /* shark.h */,
				B3EF61EE1552B53500D24661 /* simple.h */,
				B3EF61EF1552B53500D24661 /* skipjack.h */,
				B3EF61F01552B53500D24661 /* smartptr.h */,
				B3EF61F11552B53500D24661 /* socketft.h */,
				B3EF61F21552B53500D24661 /* sosemanuk.h */,
				B3EF61F31552B53500D24661 /* square.h */,
				B3EF61F41552B53500D24661 /* stdcpp.h */,
				B3EF61F51552B53500D24661 /* strciphr.h */,
				B3EF61F61552B53500D24661 /* tea.h */,
				B3EF61F71552B53500D24661 /* tiger.h */,
				B3EF61F81552B53500D24661 /* trdlocal.h */,
				B3EF61F91552B53500D24661 /* trunhash.h */,
				B3EF61FA1552B53500D24661 /* ttmac.h */,
				B3EF61FB1552B53500D24661 /* twofish.h */,
				B3EF61FC1552B53500D24661 /* validate.h */,
				B3EF61FD1552B53500D24661 /* vmac.h */,
				B3EF61FE1552B53500D24661 /* wait.h */,
				B3EF61FF1552B53500D24661 /* wake.h */,
				B3EF62001552B53500D24661 /* whrlpool.h */,
				B3EF62011552B53500D24661 /* winpipes.h */,
				B3EF62021552B53500D24661 /* words.h */,
				B3EF62031552B53500D24661 /* xtr.h */,
				B3EF62041552B53500D24661 /* xtrcrypt.h */,
				B3EF62051552B53500D24661 /* zdeflate.h */,
				B3EF62061552B53500D24661 /* zinflate.h */,
				B3EF62071552B53500D24661 /* zlib.h */,
			);
			path = cryptopp;
			sourceTree = "<group>";
		};
		B3EF62081552B53500D24661 /* glog */ = {
			isa = PBXGroup;
			children = (
				B3EF62091552B53500D24661 /* log_severity.h */,
				B3EF620A1552B53500D24661 /* logging.h */,
				B3EF620B1552B53500D24661 /* vlog_is_on.h */,
			);
			path = glog;
			sourceTree = "<group>";
		};
		B3EF620C1552B53500D24661 /* gmock */ = {
			isa = PBXGroup;
			children = (
				B3EF620D1552B53500D24661 /* gmock-actions.h */,
				B3EF620E1552B53500D24661 /* gmock-cardinalities.h */,
				B3EF620F1552B53500D24661 /* gmock-generated-actions.h */,
				B3EF62101552B53500D24661 /* gmock-generated-actions.h.pump */,
				B3EF62111552B53500D24661 /* gmock-generated-function-mockers.h */,
				B3EF62121552B53500D24661 /* gmock-generated-function-mockers.h.pump */,
				B3EF62131552B53500D24661 /* gmock-generated-matchers.h */,
				B3EF62141552B53500D24661 /* gmock-generated-matchers.h.pump */,
				B3EF62151552B53500D24661 /* gmock-generated-nice-strict.h */,
				B3EF62161552B53500D24661 /* gmock-generated-nice-strict.h.pump */,
				B3EF62171552B53500D24661 /* gmock-matchers.h */,
				B3EF62181552B53500D24661 /* gmock-more-actions.h */,
				B3EF62191552B53500D24661 /* gmock-spec-builders.h */,
				B3EF621A1552B53500D24661 /* gmock.h */,
				B3EF621B1552B53500D24661 /* internal */,
			);
			path = gmock;
			sourceTree = "<group>";
		};
		B3EF621B1552B53500D24661 /* internal */ = {
			isa = PBXGroup;
			children = (
				B3EF621C1552B53500D24661 /* gmock-generated-internal-utils.h */,
				B3EF621D1552B53500D24661 /* gmock-generated-internal-utils.h.pump */,
				B3EF621E1552B53500D24661 /* gmock-internal-utils.h */,
				B3EF621F1552B53500D24661 /* gmock-port.h */,
			);
			path = internal;
			sourceTree = "<group>";
		};
		B3EF62201552B53500D24661 /* google */ = {
			isa = PBXGroup;
			children = (
				B3EF62211552B53500D24661 /* protobuf */,
			);
			path = google;
			sourceTree = "<group>";
		};
		B3EF62211552B53500D24661 /* protobuf */ = {
			isa = PBXGroup;
			children = (
				B3EF62221552B53500D24661 /* compiler */,
				B3EF62301552B53500D24661 /* descriptor.h */,
				B3EF62311552B53500D24661 /* descriptor.pb.h */,
				B3EF62321552B53500D24661 /* descriptor.proto */,
				B3EF62331552B53500D24661 /* descriptor_database.h */,
				B3EF62341552B53500D24661 /* dynamic_message.h */,
				B3EF62351552B53500D24661 /* extension_set.h */,
				B3EF62361552B53500D24661 /* generated_message_reflection.h */,
				B3EF62371552B53500D24661 /* generated_message_util.h */,
				B3EF62381552B53500D24661 /* io */,
				B3EF62401552B53500D24661 /* message.h */,
				B3EF62411552B53500D24661 /* message_lite.h */,
				B3EF62421552B53500D24661 /* reflection_ops.h */,
				B3EF62431552B53500D24661 /* repeated_field.h */,
				B3EF62441552B53500D24661 /* service.h */,
				B3EF62451552B53500D24661 /* stubs */,
				B3EF62481552B53500D24661 /* text_format.h */,
				B3EF62491552B53500D24661 /* unknown_field_set.h */,
				B3EF624A1552B53500D24661 /* wire_format.h */,
				B3EF624B1552B53500D24661 /* wire_format_lite.h */,
				B3EF624C1552B53500D24661 /* wire_format_lite_inl.h */,
			);
			path = protobuf;
			sourceTree = "<group>";
		};
		B3EF62221552B53500D24661 /* compiler */ = {
			isa = PBXGroup;
			children = (
				B3EF62231552B53500D24661 /* code_generator.h */,
				B3EF62241552B53500D24661 /* command_line_interface.h */,
				B3EF62251552B53500D24661 /* cpp */,
				B3EF62271552B53500D24661 /* importer.h */,
				B3EF62281552B53500D24661 /* java */,
				B3EF622A1552B53500D24661 /* parser.h */,
				B3EF622B1552B53500D24661 /* plugin.h */,
				B3EF622C1552B53500D24661 /* plugin.pb.h */,
				B3EF622D1552B53500D24661 /* plugin.proto */,
				B3EF622E1552B53500D24661 /* python */,
			);
			path = compiler;
			sourceTree = "<group>";
		};
		B3EF62251552B53500D24661 /* cpp */ = {
			isa = PBXGroup;
			children = (
				B3EF62261552B53500D24661 /* cpp_generator.h */,
			);
			path = cpp;
			sourceTree = "<group>";
		};
		B3EF62281552B53500D24661 /* java */ = {
			isa = PBXGroup;
			children = (
				B3EF62291552B53500D24661 /* java_generator.h */,
			);
			path = java;
			sourceTree = "<group>";
		};
		B3EF622E1552B53500D24661 /* python */ = {
			isa = PBXGroup;
			children = (
				B3EF622F1552B53500D24661 /* python_generator.h */,
			);
			path = python;
			sourceTree = "<group>";
		};
		B3EF62381552B53500D24661 /* io */ = {
			isa = PBXGroup;
			children = (
				B3EF62391552B53500D24661 /* coded_stream.h */,
				B3EF623A1552B53500D24661 /* gzip_stream.h */,
				B3EF623B1552B53500D24661 /* printer.h */,
				B3EF623C1552B53500D24661 /* tokenizer.h */,
				B3EF623D1552B53500D24661 /* zero_copy_stream.h */,
				B3EF623E1552B53500D24661 /* zero_copy_stream_impl.h */,
				B3EF623F1552B53500D24661 /* zero_copy_stream_impl_lite.h */,
			);
			path = io;
			sourceTree = "<group>";
		};
		B3EF62451552B53500D24661 /* stubs */ = {
			isa = PBXGroup;
			children = (
				B3EF62461552B53500D24661 /* common.h */,
				B3EF62471552B53500D24661 /* once.h */,
			);
			path = stubs;
			sourceTree = "<group>";
		};
		B3EF624D1552B53500D24661 /* gtest */ = {
			isa = PBXGroup;
			children = (
				B3EF624E1552B53500D24661 /* gtest-death-test.h */,
				B3EF624F1552B53500D24661 /* gtest-message.h */,
				B3EF62501552B53500D24661 /* gtest-param-test.h */,
				B3EF62511552B53500D24661 /* gtest-param-test.h.pump */,
				B3EF62521552B53500D24661 /* gtest-printers.h */,
				B3EF62531552B53500D24661 /* gtest-spi.h */,
				B3EF62541552B53500D24661 /* gtest-test-part.h */,
				B3EF62551552B53500D24661 /* gtest-typed-test.h */,
				B3EF62561552B53500D24661 /* gtest.h */,
				B3EF62571552B53500D24661 /* gtest_pred_impl.h */,
				B3EF62581552B53500D24661 /* gtest_prod.h */,
				B3EF62591552B53500D24661 /* internal */,
			);
			path = gtest;
			sourceTree = "<group>";
		};
		B3EF62591552B53500D24661 /* internal */ = {
			isa = PBXGroup;
			children = (
				B3EF625A1552B53500D24661 /* gtest-death-test-internal.h */,
				B3EF625B1552B53500D24661 /* gtest-filepath.h */,
				B3EF625C1552B53500D24661 /* gtest-internal.h */,
				B3EF625D1552B53500D24661 /* gtest-linked_ptr.h */,
				B3EF625E1552B53500D24661 /* gtest-param-util-generated.h */,
				B3EF625F1552B53500D24661 /* gtest-param-util-generated.h.pump */,
				B3EF62601552B53500D24661 /* gtest-param-util.h */,
				B3EF62611552B53500D24661 /* gtest-port.h */,
				B3EF62621552B53500D24661 /* gtest-string.h */,
				B3EF62631552B53500D24661 /* gtest-tuple.h */,
				B3EF62641552B53500D24661 /* gtest-tuple.h.pump */,
				B3EF62651552B53500D24661 /* gtest-type-util.h */,
				B3EF62661552B53500D24661 /* gtest-type-util.h.pump */,
			);
			path = internal;
			sourceTree = "<group>";
		};
		B3EF62671552B53500D24661 /* maidsafe */ = {
			isa = PBXGroup;
			children = (
				B3EF62681552B53500D24661 /* common */,
				B3EF62731552B53500D24661 /* dht */,
				B3EF62801552B53500D24661 /* transport */,
			);
			path = maidsafe;
			sourceTree = "<group>";
		};
		B3EF62681552B53500D24661 /* common */ = {
			isa = PBXGroup;
			children = (
				B3EF62691552B53500D24661 /* asio_service.h */,
				B3EF626A1552B53500D24661 /* crypto.h */,
				B3EF626B1552B53500D24661 /* log.h */,
				B3EF626C1552B53500D24661 /* omp.h */,
				B3EF626D1552B53500D24661 /* platform_config.h */,
				B3EF626E1552B53500D24661 /* return_codes.h */,
				B3EF626F1552B53500D24661 /* rsa.h */,
				B3EF62701552B53500D24661 /* test.h */,
				B3EF62711552B53500D24661 /* utils.h */,
				B3EF62721552B53500D24661 /* version.h */,
			);
			path = common;
			sourceTree = "<group>";
		};
		B3EF62731552B53500D24661 /* dht */ = {
			isa = PBXGroup;
			children = (
				B3EF62741552B53500D24661 /* config.h */,
				B3EF62751552B53500D24661 /* contact.h */,
				B3EF62761552B53500D24661 /* maidsafe-dht.h */,
				B3EF62771552B53500D24661 /* message_handler.h */,
				B3EF62781552B53500D24661 /* node-api.h */,
				B3EF62791552B53500D24661 /* node_container.h */,
				B3EF627A1552B53500D24661 /* node_id.h */,
				B3EF627B1552B53500D24661 /* return_codes.h */,
				B3EF627C1552B53500D24661 /* rpcs_objects.h */,
				B3EF627D1552B53500D24661 /* tests */,
				B3EF627F1552B53500D24661 /* version.h */,
			);
			path = dht;
			sourceTree = "<group>";
		};
		B3EF627D1552B53500D24661 /* tests */ = {
			isa = PBXGroup;
			children = (
				B3EF627E1552B53500D24661 /* local_network.h */,
			);
			path = tests;
			sourceTree = "<group>";
		};
		B3EF62801552B53500D24661 /* transport */ = {
			isa = PBXGroup;
			children = (
				B3EF62811552B53500D24661 /* contact.h */,
				B3EF62821552B53500D24661 /* message_handler.h */,
				B3EF62831552B53500D24661 /* nat_detection.h */,
				B3EF62841552B53500D24661 /* nat_traversal.h */,
				B3EF62851552B53500D24661 /* rudp_message_handler.h */,
				B3EF62861552B53500D24661 /* rudp_parameters.h */,
				B3EF62871552B53500D24661 /* rudp_transport.h */,
				B3EF62881552B53500D24661 /* tcp_transport.h */,
				B3EF62891552B53500D24661 /* transport.h */,
				B3EF628A1552B53500D24661 /* udp_transport.h */,
				B3EF628B1552B53500D24661 /* utils.h */,
				B3EF628C1552B53500D24661 /* version.h */,
			);
			path = transport;
			sourceTree = "<group>";
		};
		B3EF628D1552B53500D24661 /* lib */ = {
			isa = PBXGroup;
			children = (
				B3EF628E1552B53500D24661 /* libcryptopp.a */,
				B3EF628F1552B53500D24661 /* libcryptopp_d.a */,
				B3EF62901552B53500D24661 /* libglog.a */,
				B3EF62911552B53500D24661 /* libgmock.a */,
				B3EF62921552B53500D24661 /* libgtest.a */,
				B3EF62931552B53500D24661 /* libmaidsafe_common-0_11_00.a */,
				B3EF62941552B53500D24661 /* libmaidsafe_dht-0_32_00.a */,
				B3EF62951552B53500D24661 /* libmaidsafe_transport-0_02_00.a */,
				B3EF62961552B53500D24661 /* libprotobuf.a */,
			);
			path = lib;
			sourceTree = "<group>";
		};
		B3EF62AB1552B78400D24661 /* demo */ = {
			isa = PBXGroup;
			children = (
				B3EF62AD1552B7A800D24661 /* commands.h */,
				B3EF62AC1552B7A800D24661 /* commands.cc */,
				B3EF62AE1552B7A800D24661 /* demo_main.cc */,
			);
			name = demo;
			sourceTree = "<group>";
		};
/* End PBXGroup section */

/* Begin PBXNativeTarget section */
		B3EF61371552B4A300D24661 /* icm-ios-agent */ = {
			isa = PBXNativeTarget;
			buildConfigurationList = B3EF61791552B4A300D24661 /* Build configuration list for PBXNativeTarget "icm-ios-agent" */;
			buildPhases = (
				B3EF61341552B4A300D24661 /* Sources */,
				B3EF61351552B4A300D24661 /* Frameworks */,
				B3EF61361552B4A300D24661 /* Resources */,
			);
			buildRules = (
			);
			dependencies = (
			);
			name = "icm-ios-agent";
			productName = "icm-ios-agent";
			productReference = B3EF61381552B4A300D24661 /* icm-ios-agent.app */;
			productType = "com.apple.product-type.application";
		};
		B3EF61661552B4A300D24661 /* icm-ios-agentTests */ = {
			isa = PBXNativeTarget;
			buildConfigurationList = B3EF617C1552B4A300D24661 /* Build configuration list for PBXNativeTarget "icm-ios-agentTests" */;
			buildPhases = (
				B3EF61621552B4A300D24661 /* Sources */,
				B3EF61631552B4A300D24661 /* Frameworks */,
				B3EF61641552B4A300D24661 /* Resources */,
				B3EF61651552B4A300D24661 /* ShellScript */,
			);
			buildRules = (
			);
			dependencies = (
				B3EF616D1552B4A300D24661 /* PBXTargetDependency */,
			);
			name = "icm-ios-agentTests";
			productName = "icm-ios-agentTests";
			productReference = B3EF61671552B4A300D24661 /* icm-ios-agentTests.octest */;
			productType = "com.apple.product-type.bundle";
		};
/* End PBXNativeTarget section */

/* Begin PBXProject section */
		B3EF612F1552B4A300D24661 /* Project object */ = {
			isa = PBXProject;
			attributes = {
				CLASSPREFIX = ICM;
				LastUpgradeCheck = 0430;
			};
			buildConfigurationList = B3EF61321552B4A300D24661 /* Build configuration list for PBXProject "icm-ios-agent" */;
			compatibilityVersion = "Xcode 3.2";
			developmentRegion = English;
			hasScannedForEncodings = 0;
			knownRegions = (
				en,
			);
			mainGroup = B3EF612D1552B4A200D24661;
			productRefGroup = B3EF61391552B4A300D24661 /* Products */;
			projectDirPath = "";
			projectRoot = "";
			targets = (
				B3EF61371552B4A300D24661 /* icm-ios-agent */,
				B3EF61661552B4A300D24661 /* icm-ios-agentTests */,
			);
		};
/* End PBXProject section */

/* Begin PBXResourcesBuildPhase section */
		B3EF61361552B4A300D24661 /* Resources */ = {
			isa = PBXResourcesBuildPhase;
			buildActionMask = 2147483647;
			files = (
				B3EF61471552B4A300D24661 /* InfoPlist.strings in Resources */,
				B3EF61501552B4A300D24661 /* MainStoryboard_iPhone.storyboard in Resources */,
				B3EF61531552B4A300D24661 /* MainStoryboard_iPad.storyboard in Resources */,
				B3EF61581552B4A300D24661 /* first.png in Resources */,
				B3EF615A1552B4A300D24661 /* first@2x.png in Resources */,
				B3EF615F1552B4A300D24661 /* second.png in Resources */,
				B3EF61611552B4A300D24661 /* second@2x.png in Resources */,
				B3EF62971552B53500D24661 /* gmock-generated-actions.h.pump in Resources */,
				B3EF62981552B53500D24661 /* gmock-generated-function-mockers.h.pump in Resources */,
				B3EF62991552B53500D24661 /* gmock-generated-matchers.h.pump in Resources */,
				B3EF629A1552B53500D24661 /* gmock-generated-nice-strict.h.pump in Resources */,
				B3EF629B1552B53500D24661 /* gmock-generated-internal-utils.h.pump in Resources */,
				B3EF629C1552B53500D24661 /* plugin.proto in Resources */,
				B3EF629D1552B53500D24661 /* descriptor.proto in Resources */,
				B3EF629E1552B53500D24661 /* gtest-param-test.h.pump in Resources */,
				B3EF629F1552B53500D24661 /* gtest-param-util-generated.h.pump in Resources */,
				B3EF62A01552B53500D24661 /* gtest-tuple.h.pump in Resources */,
				B3EF62A11552B53500D24661 /* gtest-type-util.h.pump in Resources */,
			);
			runOnlyForDeploymentPostprocessing = 0;
		};
		B3EF61641552B4A300D24661 /* Resources */ = {
			isa = PBXResourcesBuildPhase;
			buildActionMask = 2147483647;
			files = (
				B3EF61731552B4A300D24661 /* InfoPlist.strings in Resources */,
			);
			runOnlyForDeploymentPostprocessing = 0;
		};
/* End PBXResourcesBuildPhase section */

/* Begin PBXShellScriptBuildPhase section */
		B3EF61651552B4A300D24661 /* ShellScript */ = {
			isa = PBXShellScriptBuildPhase;
			buildActionMask = 2147483647;
			files = (
			);
			inputPaths = (
			);
			outputPaths = (
			);
			runOnlyForDeploymentPostprocessing = 0;
			shellPath = /bin/sh;
			shellScript = "# Run the unit tests in this test bundle.\n\"${SYSTEM_DEVELOPER_DIR}/Tools/RunUnitTests\"\n";
		};
/* End PBXShellScriptBuildPhase section */

/* Begin PBXSourcesBuildPhase section */
		B3EF61341552B4A300D24661 /* Sources */ = {
			isa = PBXSourcesBuildPhase;
			buildActionMask = 2147483647;
			files = (
				B3EF61491552B4A300D24661 /* main.m in Sources */,
				B3EF614D1552B4A300D24661 /* ICMAppDelegate.m in Sources */,
				B3EF61561552B4A300D24661 /* ICMFirstViewController.m in Sources */,
				B3EF615D1552B4A300D24661 /* ICMSecondViewController.m in Sources */,
			);
			runOnlyForDeploymentPostprocessing = 0;
		};
		B3EF61621552B4A300D24661 /* Sources */ = {
			isa = PBXSourcesBuildPhase;
			buildActionMask = 2147483647;
			files = (
				B3EF61761552B4A300D24661 /* icm_ios_agentTests.m in Sources */,
				B3EF62AF1552B7A800D24661 /* commands.cc in Sources */,
				B3EF62B01552B7A800D24661 /* demo_main.cc in Sources */,
			);
			runOnlyForDeploymentPostprocessing = 0;
		};
/* End PBXSourcesBuildPhase section */

/* Begin PBXTargetDependency section */
		B3EF616D1552B4A300D24661 /* PBXTargetDependency */ = {
			isa = PBXTargetDependency;
			target = B3EF61371552B4A300D24661 /* icm-ios-agent */;
			targetProxy = B3EF616C1552B4A300D24661 /* PBXContainerItemProxy */;
		};
/* End PBXTargetDependency section */

/* Begin PBXVariantGroup section */
		B3EF61451552B4A300D24661 /* InfoPlist.strings */ = {
			isa = PBXVariantGroup;
			children = (
				B3EF61461552B4A300D24661 /* en */,
			);
			name = InfoPlist.strings;
			sourceTree = "<group>";
		};
		B3EF614E1552B4A300D24661 /* MainStoryboard_iPhone.storyboard */ = {
			isa = PBXVariantGroup;
			children = (
				B3EF614F1552B4A300D24661 /* en */,
			);
			name = MainStoryboard_iPhone.storyboard;
			sourceTree = "<group>";
		};
		B3EF61511552B4A300D24661 /* MainStoryboard_iPad.storyboard */ = {
			isa = PBXVariantGroup;
			children = (
				B3EF61521552B4A300D24661 /* en */,
			);
			name = MainStoryboard_iPad.storyboard;
			sourceTree = "<group>";
		};
		B3EF61711552B4A300D24661 /* InfoPlist.strings */ = {
			isa = PBXVariantGroup;
			children = (
				B3EF61721552B4A300D24661 /* en */,
			);
			name = InfoPlist.strings;
			sourceTree = "<group>";
		};
/* End PBXVariantGroup section */

/* Begin XCBuildConfiguration section */
		B3EF61771552B4A300D24661 /* Debug */ = {
			isa = XCBuildConfiguration;
			buildSettings = {
				ALWAYS_SEARCH_USER_PATHS = NO;
				ARCHS = "$(ARCHS_STANDARD_32_BIT)";
				CLANG_ENABLE_OBJC_ARC = YES;
				"CODE_SIGN_IDENTITY[sdk=iphoneos*]" = "iPhone Developer";
				COPY_PHASE_STRIP = NO;
				GCC_C_LANGUAGE_STANDARD = gnu99;
				GCC_DYNAMIC_NO_PIC = NO;
				GCC_OPTIMIZATION_LEVEL = 0;
				GCC_PREPROCESSOR_DEFINITIONS = (
					"DEBUG=1",
					"$(inherited)",
				);
				GCC_SYMBOLS_PRIVATE_EXTERN = NO;
				GCC_VERSION = com.apple.compilers.llvm.clang.1_0;
				GCC_WARN_ABOUT_RETURN_TYPE = YES;
				GCC_WARN_UNINITIALIZED_AUTOS = YES;
				GCC_WARN_UNUSED_VARIABLE = YES;
				IPHONEOS_DEPLOYMENT_TARGET = 5.1;
				SDKROOT = iphoneos;
				TARGETED_DEVICE_FAMILY = "1,2";
			};
			name = Debug;
		};
		B3EF61781552B4A300D24661 /* Release */ = {
			isa = XCBuildConfiguration;
			buildSettings = {
				ALWAYS_SEARCH_USER_PATHS = NO;
				ARCHS = "$(ARCHS_STANDARD_32_BIT)";
				CLANG_ENABLE_OBJC_ARC = YES;
				"CODE_SIGN_IDENTITY[sdk=iphoneos*]" = "iPhone Developer";
				COPY_PHASE_STRIP = YES;
				GCC_C_LANGUAGE_STANDARD = gnu99;
				GCC_VERSION = com.apple.compilers.llvm.clang.1_0;
				GCC_WARN_ABOUT_RETURN_TYPE = YES;
				GCC_WARN_UNINITIALIZED_AUTOS = YES;
				GCC_WARN_UNUSED_VARIABLE = YES;
				IPHONEOS_DEPLOYMENT_TARGET = 5.1;
				OTHER_CFLAGS = "-DNS_BLOCK_ASSERTIONS=1";
				SDKROOT = iphoneos;
				TARGETED_DEVICE_FAMILY = "1,2";
				VALIDATE_PRODUCT = YES;
			};
			name = Release;
		};
		B3EF617A1552B4A300D24661 /* Debug */ = {
			isa = XCBuildConfiguration;
			buildSettings = {
				GCC_PRECOMPILE_PREFIX_HEADER = YES;
				GCC_PREFIX_HEADER = "icm-ios-agent/icm-ios-agent-Prefix.pch";
				INFOPLIST_FILE = "icm-ios-agent/icm-ios-agent-Info.plist";
				LIBRARY_SEARCH_PATHS = (
					"$(inherited)",
					"\"$(SRCROOT)/lib\"",
				);
				PRODUCT_NAME = "$(TARGET_NAME)";
				WRAPPER_EXTENSION = app;
			};
			name = Debug;
		};
		B3EF617B1552B4A300D24661 /* Release */ = {
			isa = XCBuildConfiguration;
			buildSettings = {
				GCC_PRECOMPILE_PREFIX_HEADER = YES;
				GCC_PREFIX_HEADER = "icm-ios-agent/icm-ios-agent-Prefix.pch";
				INFOPLIST_FILE = "icm-ios-agent/icm-ios-agent-Info.plist";
				LIBRARY_SEARCH_PATHS = (
					"$(inherited)",
					"\"$(SRCROOT)/lib\"",
				);
				PRODUCT_NAME = "$(TARGET_NAME)";
				WRAPPER_EXTENSION = app;
			};
			name = Release;
		};
		B3EF617D1552B4A300D24661 /* Debug */ = {
			isa = XCBuildConfiguration;
			buildSettings = {
				BUNDLE_LOADER = "$(BUILT_PRODUCTS_DIR)/icm-ios-agent.app/icm-ios-agent";
				FRAMEWORK_SEARCH_PATHS = (
					"$(SDKROOT)/Developer/Library/Frameworks",
					"$(DEVELOPER_LIBRARY_DIR)/Frameworks",
				);
				GCC_PRECOMPILE_PREFIX_HEADER = YES;
				GCC_PREFIX_HEADER = "icm-ios-agent/icm-ios-agent-Prefix.pch";
				INFOPLIST_FILE = "icm-ios-agentTests/icm-ios-agentTests-Info.plist";
				PRODUCT_NAME = "$(TARGET_NAME)";
				TEST_HOST = "$(BUNDLE_LOADER)";
				WRAPPER_EXTENSION = octest;
			};
			name = Debug;
		};
		B3EF617E1552B4A300D24661 /* Release */ = {
			isa = XCBuildConfiguration;
			buildSettings = {
				BUNDLE_LOADER = "$(BUILT_PRODUCTS_DIR)/icm-ios-agent.app/icm-ios-agent";
				FRAMEWORK_SEARCH_PATHS = (
					"$(SDKROOT)/Developer/Library/Frameworks",
					"$(DEVELOPER_LIBRARY_DIR)/Frameworks",
				);
				GCC_PRECOMPILE_PREFIX_HEADER = YES;
				GCC_PREFIX_HEADER = "icm-ios-agent/icm-ios-agent-Prefix.pch";
				INFOPLIST_FILE = "icm-ios-agentTests/icm-ios-agentTests-Info.plist";
				PRODUCT_NAME = "$(TARGET_NAME)";
				TEST_HOST = "$(BUNDLE_LOADER)";
				WRAPPER_EXTENSION = octest;
			};
			name = Release;
		};
/* End XCBuildConfiguration section */

/* Begin XCConfigurationList section */
		B3EF61321552B4A300D24661 /* Build configuration list for PBXProject "icm-ios-agent" */ = {
			isa = XCConfigurationList;
			buildConfigurations = (
				B3EF61771552B4A300D24661 /* Debug */,
				B3EF61781552B4A300D24661 /* Release */,
			);
			defaultConfigurationIsVisible = 0;
			defaultConfigurationName = Release;
		};
		B3EF61791552B4A300D24661 /* Build configuration list for PBXNativeTarget "icm-ios-agent" */ = {
			isa = XCConfigurationList;
			buildConfigurations = (
				B3EF617A1552B4A300D24661 /* Debug */,
				B3EF617B1552B4A300D24661 /* Release */,
			);
			defaultConfigurationIsVisible = 0;
		};
		B3EF617C1552B4A300D24661 /* Build configuration list for PBXNativeTarget "icm-ios-agentTests" */ = {
			isa = XCConfigurationList;
			buildConfigurations = (
				B3EF617D1552B4A300D24661 /* Debug */,
				B3EF617E1552B4A300D24661 /* Release */,
			);
			defaultConfigurationIsVisible = 0;
		};
/* End XCConfigurationList section */
	};
	rootObject = B3EF612F1552B4A300D24661 /* Project object */;
}
